// !$*UTF8*$!
{
	archiveVersion = 1;
	classes = {
	};
	objectVersion = 48;
	objects = {

/* Begin PBXBuildFile section */
		A58AFD301F406C390032D347 /* AppDelegate.swift in Sources */ = {isa = PBXBuildFile; fileRef = A58AFD2F1F406C390032D347 /* AppDelegate.swift */; };
		A58AFD321F406C390032D347 /* ViewController.swift in Sources */ = {isa = PBXBuildFile; fileRef = A58AFD311F406C390032D347 /* ViewController.swift */; };
		A58AFD351F406C390032D347 /* Main.storyboard in Resources */ = {isa = PBXBuildFile; fileRef = A58AFD331F406C390032D347 /* Main.storyboard */; };
		A58AFD371F406C390032D347 /* Assets.xcassets in Resources */ = {isa = PBXBuildFile; fileRef = A58AFD361F406C390032D347 /* Assets.xcassets */; };
		A58AFD3A1F406C390032D347 /* LaunchScreen.storyboard in Resources */ = {isa = PBXBuildFile; fileRef = A58AFD381F406C390032D347 /* LaunchScreen.storyboard */; };
/* End PBXBuildFile section */

/* Begin PBXFileReference section */
		A58AFD2C1F406C390032D347 /* 17_08_13_定位工具类的封装.app */ = {isa = PBXFileReference; explicitFileType = wrapper.application; includeInIndex = 0; path = "17_08_13_定位工具类的封装.app"; sourceTree = BUILT_PRODUCTS_DIR; };
		A58AFD2F1F406C390032D347 /* AppDelegate.swift */ = {isa = PBXFileReference; lastKnownFileType = sourcecode.swift; path = AppDelegate.swift; sourceTree = "<group>"; };
		A58AFD311F406C390032D347 /* ViewController.swift */ = {isa = PBXFileReference; lastKnownFileType = sourcecode.swift; path = ViewController.swift; sourceTree = "<group>"; };
		A58AFD341F406C390032D347 /* Base */ = {isa = PBXFileReference; lastKnownFileType = file.storyboard; name = Base; path = Base.lproj/Main.storyboard; sourceTree = "<group>"; };
		A58AFD361F406C390032D347 /* Assets.xcassets */ = {isa = PBXFileReference; lastKnownFileType = folder.assetcatalog; path = Assets.xcassets; sourceTree = "<group>"; };
		A58AFD391F406C390032D347 /* Base */ = {isa = PBXFileReference; lastKnownFileType = file.storyboard; name = Base; path = Base.lproj/LaunchScreen.storyboard; sourceTree = "<group>"; };
		A58AFD3B1F406C390032D347 /* Info.plist */ = {isa = PBXFileReference; lastKnownFileType = text.plist.xml; path = Info.plist; sourceTree = "<group>"; };
/* End PBXFileReference section */

/* Begin PBXFrameworksBuildPhase section */
		A58AFD291F406C390032D347 /* Frameworks */ = {
			isa = PBXFrameworksBuildPhase;
			buildActionMask = 2147483647;
			files = (
			);
			runOnlyForDeploymentPostprocessing = 0;
		};
/* End PBXFrameworksBuildPhase section */

/* Begin PBXGroup section */
		A58AFD231F406C390032D347 = {
			isa = PBXGroup;
			children = (
				A58AFD2E1F406C390032D347 /* 17_08_13_定位工具类的封装 */,
				A58AFD2D1F406C390032D347 /* Products */,
			);
			sourceTree = "<group>";
		};
		A58AFD2D1F406C390032D347 /* Products */ = {
			isa = PBXGroup;
			children = (
				A58AFD2C1F406C390032D347 /* 17_08_13_定位工具类的封装.app */,
			);
			name = Products;
			sourceTree = "<group>";
		};
		A58AFD2E1F406C390032D347 /* 17_08_13_定位工具类的封装 */ = {
			isa = PBXGroup;
			children = (
				A58AFD2F1F406C390032D347 /* AppDelegate.swift */,
				A58AFD311F406C390032D347 /* ViewController.swift */,
				A58AFD331F406C390032D347 /* Main.storyboard */,
				A58AFD361F406C390032D347 /* Assets.xcassets */,
				A58AFD381F406C390032D347 /* LaunchScreen.storyboard */,
				A58AFD3B1F406C390032D347 /* Info.plist */,
			);
			path = "17_08_13_定位工具类的封装";
			sourceTree = "<group>";
		};
/* End PBXGroup section */

/* Begin PBXNativeTarget section */
		A58AFD2B1F406C390032D347 /* 17_08_13_定位工具类的封装 */ = {
			isa = PBXNativeTarget;
			buildConfigurationList = A58AFD3E1F406C390032D347 /* Build configuration list for PBXNativeTarget "17_08_13_定位工具类的封装" */;
			buildPhases = (
				A58AFD281F406C390032D347 /* Sources */,
				A58AFD291F406C390032D347 /* Frameworks */,
				A58AFD2A1F406C390032D347 /* Resources */,
			);
			buildRules = (
			);
			dependencies = (
			);
			name = "17_08_13_定位工具类的封装";
			productName = "17_08_13_定位工具类的封装";
			productReference = A58AFD2C1F406C390032D347 /* 17_08_13_定位工具类的封装.app */;
			productType = "com.apple.product-type.application";
		};
/* End PBXNativeTarget section */

/* Begin PBXProject section */
		A58AFD241F406C390032D347 /* Project object */ = {
			isa = PBXProject;
			attributes = {
				LastSwiftUpdateCheck = 0900;
				LastUpgradeCheck = 0900;
				ORGANIZATIONNAME = "姚懿恒";
				TargetAttributes = {
					A58AFD2B1F406C390032D347 = {
						CreatedOnToolsVersion = 9.0;
					};
				};
			};
			buildConfigurationList = A58AFD271F406C390032D347 /* Build configuration list for PBXProject "17_08_13_定位工具类的封装" */;
			compatibilityVersion = "Xcode 8.0";
			developmentRegion = en;
			hasScannedForEncodings = 0;
			knownRegions = (
				en,
				Base,
			);
			mainGroup = A58AFD231F406C390032D347;
			productRefGroup = A58AFD2D1F406C390032D347 /* Products */;
			projectDirPath = "";
			projectRoot = "";
			targets = (
				A58AFD2B1F406C390032D347 /* 17_08_13_定位工具类的封装 */,
			);
		};
/* End PBXProject section */

/* Begin PBXResourcesBuildPhase section */
		A58AFD2A1F406C390032D347 /* Resources */ = {
			isa = PBXResourcesBuildPhase;
			buildActionMask = 2147483647;
			files = (
				A58AFD3A1F406C390032D347 /* LaunchScreen.storyboard in Resources */,
				A58AFD371F406C390032D347 /* Assets.xcassets in Resources */,
				A58AFD351F406C390032D347 /* Main.storyboard in Resources */,
			);
			runOnlyForDeploymentPostprocessing = 0;
		};
/* End PBXResourcesBuildPhase section */

/* Begin PBXSourcesBuildPhase section */
		A58AFD281F406C390032D347 /* Sources */ = {
			isa = PBXSourcesBuildPhase;
			buildActionMask = 2147483647;
			files = (
				A58AFD321F406C390032D347 /* ViewController.swift in Sources */,
				A58AFD301F406C390032D347 /* AppDelegate.swift in Sources */,
			);
			runOnlyForDeploymentPostprocessing = 0;
		};
/* End PBXSourcesBuildPhase section */

/* Begin PBXVariantGroup section */
		A58AFD331F406C390032D347 /* Main.storyboard */ = {
			isa = PBXVariantGroup;
			children = (
				A58AFD341F406C390032D347 /* Base */,
			);
			name = Main.storyboard;
			sourceTree = "<group>";
		};
		A58AFD381F406C390032D347 /* LaunchScreen.storyboard */ = {
			isa = PBXVariantGroup;
			children = (
				A58AFD391F406C390032D347 /* Base */,
			);
			name = LaunchScreen.storyboard;
			sourceTree = "<group>";
		};
/* End PBXVariantGroup section */

/* Begin XCBuildConfiguration section */
		A58AFD3C1F406C390032D347 /* Debug */ = {
			isa = XCBuildConfiguration;
			buildSettings = {
				ALWAYS_SEARCH_USER_PATHS = NO;
				CLANG_ANALYZER_NONNULL = YES;
				CLANG_ANALYZER_NUMBER_OBJECT_CONVERSION = YES_AGGRESSIVE;
				CLANG_CXX_LANGUAGE_STANDARD = "gnu++14";
				CLANG_CXX_LIBRARY = "libc++";
				CLANG_ENABLE_MODULES = YES;
				CLANG_ENABLE_OBJC_ARC = YES;
				CLANG_WARN_BLOCK_CAPTURE_AUTORELEASING = YES;
				CLANG_WARN_BOOL_CONVERSION = YES;
				CLANG_WARN_COMMA = YES;
				CLANG_WARN_CONSTANT_CONVERSION = YES;
				CLANG_WARN_DIRECT_OBJC_ISA_USAGE = YES_ERROR;
				CLANG_WARN_DOCUMENTATION_COMMENTS = YES;
				CLANG_WARN_EMPTY_BODY = YES;
				CLANG_WARN_ENUM_CONVERSION = YES;
				CLANG_WARN_INFINITE_RECURSION = YES;
				CLANG_WARN_INT_CONVERSION = YES;
				CLANG_WARN_NON_LITERAL_NULL_CONVERSION = YES;
				CLANG_WARN_OBJC_LITERAL_CONVERSION = YES;
				CLANG_WARN_OBJC_ROOT_CLASS = YES_ERROR;
				CLANG_WARN_RANGE_LOOP_ANALYSIS = YES;
				CLANG_WARN_STRICT_PROTOTYPES = YES;
				CLANG_WARN_SUSPICIOUS_MOVE = YES;
				CLANG_WARN_UNGUARDED_AVAILABILITY = YES_AGGRESSIVE;
				CLANG_WARN_UNREACHABLE_CODE = YES;
				CLANG_WARN__DUPLICATE_METHOD_MATCH = YES;
				CODE_SIGN_IDENTITY = "iPhone Developer";
				COPY_PHASE_STRIP = NO;
				DEBUG_INFORMATION_FORMAT = dwarf;
				ENABLE_STRICT_OBJC_MSGSEND = YES;
				ENABLE_TESTABILITY = YES;
				GCC_C_LANGUAGE_STANDARD = gnu11;
				GCC_DYNAMIC_NO_PIC = NO;
				GCC_NO_COMMON_BLOCKS = YES;
				GCC_OPTIMIZATION_LEVEL = 0;
				GCC_PREPROCESSOR_DEFINITIONS = (
					"DEBUG=1",
					"$(inherited)",
				);
				GCC_WARN_64_TO_32_BIT_CONVERSION = YES;
				GCC_WARN_ABOUT_RETURN_TYPE = YES_ERROR;
				GCC_WARN_UNDECLARED_SELECTOR = YES;
				GCC_WARN_UNINITIALIZED_AUTOS = YES_AGGRESSIVE;
				GCC_WARN_UNUSED_FUNCTION = YES;
				GCC_WARN_UNUSED_VARIABLE = YES;
				IPHONEOS_DEPLOYMENT_TARGET = 11.0;
				MTL_ENABLE_DEBUG_INFO = YES;
				ONLY_ACTIVE_ARCH = YES;
				SDKROOT = iphoneos;
				SWIFT_ACTIVE_COMPILATION_CONDITIONS = DEBUG;
				SWIFT_OPTIMIZATION_LEVEL = "-Onone";
			};
			name = Debug;
		};
		A58AFD3D1F406C390032D347 /* Release */ = {
			isa = XCBuildConfiguration;
			buildSettings = {
				ALWAYS_SEARCH_USER_PATHS = NO;
				CLANG_ANALYZER_NONNULL = YES;
				CLANG_ANALYZER_NUMBER_OBJECT_CONVERSION = YES_AGGRESSIVE;
				CLANG_CXX_LANGUAGE_STANDARD = "gnu++14";
				CLANG_CXX_LIBRARY = "libc++";
				CLANG_ENABLE_MODULES = YES;
				CLANG_ENABLE_OBJC_ARC = YES;
				CLANG_WARN_BLOCK_CAPTURE_AUTORELEASING = YES;
				CLANG_WARN_BOOL_CONVERSION = YES;
				CLANG_WARN_COMMA = YES;
				CLANG_WARN_CONSTANT_CONVERSION = YES;
				CLANG_WARN_DIRECT_OBJC_ISA_USAGE = YES_ERROR;
				CLANG_WARN_DOCUMENTATION_COMMENTS = YES;
				CLANG_WARN_EMPTY_BODY = YES;
				CLANG_WARN_ENUM_CONVERSION = YES;
				CLANG_WARN_INFINITE_RECURSION = YES;
				CLANG_WARN_INT_CONVERSION = YES;
				CLANG_WARN_NON_LITERAL_NULL_CONVERSION = YES;
				CLANG_WARN_OBJC_LITERAL_CONVERSION = YES;
				CLANG_WARN_OBJC_ROOT_CLASS = YES_ERROR;
				CLANG_WARN_RANGE_LOOP_ANALYSIS = YES;
				CLANG_WARN_STRICT_PROTOTYPES = YES;
				CLANG_WARN_SUSPICIOUS_MOVE = YES;
				CLANG_WARN_UNGUARDED_AVAILABILITY = YES_AGGRESSIVE;
				CLANG_WARN_UNREACHABLE_CODE = YES;
				CLANG_WARN__DUPLICATE_METHOD_MATCH = YES;
				CODE_SIGN_IDENTITY = "iPhone Developer";
				COPY_PHASE_STRIP = NO;
				DEBUG_INFORMATION_FORMAT = "dwarf-with-dsym";
				ENABLE_NS_ASSERTIONS = NO;
				ENABLE_STRICT_OBJC_MSGSEND = YES;
				GCC_C_LANGUAGE_STANDARD = gnu11;
				GCC_NO_COMMON_BLOCKS = YES;
				GCC_WARN_64_TO_32_BIT_CONVERSION = YES;
				GCC_WARN_ABOUT_RETURN_TYPE = YES_ERROR;
				GCC_WARN_UNDECLARED_SELECTOR = YES;
				GCC_WARN_UNINITIALIZED_AUTOS = YES_AGGRESSIVE;
				GCC_WARN_UNUSED_FUNCTION = YES;
				GCC_WARN_UNUSED_VARIABLE = YES;
				IPHONEOS_DEPLOYMENT_TARGET = 11.0;
				MTL_ENABLE_DEBUG_INFO = NO;
				SDKROOT = iphoneos;
				SWIFT_OPTIMIZATION_LEVEL = "-Owholemodule";
				VALIDATE_PRODUCT = YES;
			};
			name = Release;
		};
		A58AFD3F1F406C390032D347 /* Debug */ = {
			isa = XCBuildConfiguration;
			buildSettings = {
				ASSETCATALOG_COMPILER_APPICON_NAME = AppIcon;
				INFOPLIST_FILE = "17_08_13_定位工具类的封装/Info.plist";
				LD_RUNPATH_SEARCH_PATHS = "$(inherited) @executable_path/Frameworks";
				PRODUCT_BUNDLE_IDENTIFIER = "com.-7-08-13---------";
				PRODUCT_NAME = "$(TARGET_NAME)";
				SWIFT_VERSION = 4.0;
				TARGETED_DEVICE_FAMILY = "1,2";
			};
			name = Debug;
		};
		A58AFD401F406C390032D347 /* Release */ = {
			isa = XCBuildConfiguration;
			buildSettings = {
				ASSETCATALOG_COMPILER_APPICON_NAME = AppIcon;
				INFOPLIST_FILE = "17_08_13_定位工具类的封装/Info.plist";
				LD_RUNPATH_SEARCH_PATHS = "$(inherited) @executable_path/Frameworks";
				PRODUCT_BUNDLE_IDENTIFIER = "com.-7-08-13---------";
				PRODUCT_NAME = "$(TARGET_NAME)";
				SWIFT_VERSION = 4.0;
				TARGETED_DEVICE_FAMILY = "1,2";
			};
			name = Release;
		};
/* End XCBuildConfiguration section */

/* Begin XCConfigurationList section */
		A58AFD271F406C390032D347 /* Build configuration list for PBXProject "17_08_13_定位工具类的封装" */ = {
			isa = XCConfigurationList;
			buildConfigurations = (
				A58AFD3C1F406C390032D347 /* Debug */,
				A58AFD3D1F406C390032D347 /* Release */,
			);
			defaultConfigurationIsVisible = 0;
			defaultConfigurationName = Release;
		};
		A58AFD3E1F406C390032D347 /* Build configuration list for PBXNativeTarget "17_08_13_定位工具类的封装" */ = {
			isa = XCConfigurationList;
			buildConfigurations = (
				A58AFD3F1F406C390032D347 /* Debug */,
				A58AFD401F406C390032D347 /* Release */,
			);
			defaultConfigurationIsVisible = 0;
			defaultConfigurationName = Release;
		};
/* End XCConfigurationList section */
	};
	rootObject = A58AFD241F406C390032D347 /* Project object */;
}
