// !$*UTF8*$!
{
	archiveVersion = 1;
	classes = {
	};
	objectVersion = 48;
	objects = {

/* Begin PBXBuildFile section */
		A54116391F3B2207009FFFCD /* AppDelegate.swift in Sources */ = {isa = PBXBuildFile; fileRef = A54116381F3B2207009FFFCD /* AppDelegate.swift */; };
		A541163B1F3B2207009FFFCD /* ViewController.swift in Sources */ = {isa = PBXBuildFile; fileRef = A541163A1F3B2207009FFFCD /* ViewController.swift */; };
		A541163E1F3B2207009FFFCD /* Main.storyboard in Resources */ = {isa = PBXBuildFile; fileRef = A541163C1F3B2207009FFFCD /* Main.storyboard */; };
		A54116401F3B2207009FFFCD /* Assets.xcassets in Resources */ = {isa = PBXBuildFile; fileRef = A541163F1F3B2207009FFFCD /* Assets.xcassets */; };
		A54116431F3B2207009FFFCD /* LaunchScreen.storyboard in Resources */ = {isa = PBXBuildFile; fileRef = A54116411F3B2207009FFFCD /* LaunchScreen.storyboard */; };
/* End PBXBuildFile section */

/* Begin PBXFileReference section */
		A54116351F3B2207009FFFCD /* 17_08_08_获取当前城市名称.app */ = {isa = PBXFileReference; explicitFileType = wrapper.application; includeInIndex = 0; path = "17_08_08_获取当前城市名称.app"; sourceTree = BUILT_PRODUCTS_DIR; };
		A54116381F3B2207009FFFCD /* AppDelegate.swift */ = {isa = PBXFileReference; lastKnownFileType = sourcecode.swift; path = AppDelegate.swift; sourceTree = "<group>"; };
		A541163A1F3B2207009FFFCD /* ViewController.swift */ = {isa = PBXFileReference; lastKnownFileType = sourcecode.swift; path = ViewController.swift; sourceTree = "<group>"; };
		A541163D1F3B2207009FFFCD /* Base */ = {isa = PBXFileReference; lastKnownFileType = file.storyboard; name = Base; path = Base.lproj/Main.storyboard; sourceTree = "<group>"; };
		A541163F1F3B2207009FFFCD /* Assets.xcassets */ = {isa = PBXFileReference; lastKnownFileType = folder.assetcatalog; path = Assets.xcassets; sourceTree = "<group>"; };
		A54116421F3B2207009FFFCD /* Base */ = {isa = PBXFileReference; lastKnownFileType = file.storyboard; name = Base; path = Base.lproj/LaunchScreen.storyboard; sourceTree = "<group>"; };
		A54116441F3B2207009FFFCD /* Info.plist */ = {isa = PBXFileReference; lastKnownFileType = text.plist.xml; path = Info.plist; sourceTree = "<group>"; };
		A541164B1F3C77EF009FFFCD /* INTUHeadingRequest.h */ = {isa = PBXFileReference; lastKnownFileType = sourcecode.c.h; path = INTUHeadingRequest.h; sourceTree = "<group>"; };
		A541164C1F3C77EF009FFFCD /* INTULocationRequest.m */ = {isa = PBXFileReference; lastKnownFileType = sourcecode.c.objc; path = INTULocationRequest.m; sourceTree = "<group>"; };
		A541164D1F3C77EF009FFFCD /* INTURequestIDGenerator.h */ = {isa = PBXFileReference; lastKnownFileType = sourcecode.c.h; path = INTURequestIDGenerator.h; sourceTree = "<group>"; };
		A541164E1F3C77EF009FFFCD /* INTULocationManager+Internal.h */ = {isa = PBXFileReference; lastKnownFileType = sourcecode.c.h; path = "INTULocationManager+Internal.h"; sourceTree = "<group>"; };
		A541164F1F3C77EF009FFFCD /* INTULocationManager.h */ = {isa = PBXFileReference; lastKnownFileType = sourcecode.c.h; path = INTULocationManager.h; sourceTree = "<group>"; };
		A54116501F3C77EF009FFFCD /* INTULocationRequest.h */ = {isa = PBXFileReference; lastKnownFileType = sourcecode.c.h; path = INTULocationRequest.h; sourceTree = "<group>"; };
		A54116511F3C77EF009FFFCD /* INTUHeadingRequest.m */ = {isa = PBXFileReference; lastKnownFileType = sourcecode.c.objc; path = INTUHeadingRequest.m; sourceTree = "<group>"; };
		A54116521F3C77EF009FFFCD /* INTURequestIDGenerator.m */ = {isa = PBXFileReference; lastKnownFileType = sourcecode.c.objc; path = INTURequestIDGenerator.m; sourceTree = "<group>"; };
		A54116531F3C77EF009FFFCD /* INTULocationManager.m */ = {isa = PBXFileReference; lastKnownFileType = sourcecode.c.objc; path = INTULocationManager.m; sourceTree = "<group>"; };
		A54116541F3C77EF009FFFCD /* INTULocationRequestDefines.h */ = {isa = PBXFileReference; lastKnownFileType = sourcecode.c.h; path = INTULocationRequestDefines.h; sourceTree = "<group>"; };
		A54116571F3C7A05009FFFCD /* Bridge.h */ = {isa = PBXFileReference; lastKnownFileType = sourcecode.c.h; path = Bridge.h; sourceTree = "<group>"; };
/* End PBXFileReference section */

/* Begin PBXFrameworksBuildPhase section */
		A54116321F3B2207009FFFCD /* Frameworks */ = {
			isa = PBXFrameworksBuildPhase;
			buildActionMask = 2147483647;
			files = (
			);
			runOnlyForDeploymentPostprocessing = 0;
		};
/* End PBXFrameworksBuildPhase section */

/* Begin PBXGroup section */
		A541162C1F3B2207009FFFCD = {
			isa = PBXGroup;
			children = (
				A54116371F3B2207009FFFCD /* 17_08_08_获取当前城市名称 */,
				A54116361F3B2207009FFFCD /* Products */,
			);
			sourceTree = "<group>";
		};
		A54116361F3B2207009FFFCD /* Products */ = {
			isa = PBXGroup;
			children = (
				A54116351F3B2207009FFFCD /* 17_08_08_获取当前城市名称.app */,
			);
			name = Products;
			sourceTree = "<group>";
		};
		A54116371F3B2207009FFFCD /* 17_08_08_获取当前城市名称 */ = {
			isa = PBXGroup;
			children = (
				A541164A1F3C77EF009FFFCD /* INTULocationManager */,
				A54116381F3B2207009FFFCD /* AppDelegate.swift */,
				A541163A1F3B2207009FFFCD /* ViewController.swift */,
				A541163C1F3B2207009FFFCD /* Main.storyboard */,
				A541163F1F3B2207009FFFCD /* Assets.xcassets */,
				A54116411F3B2207009FFFCD /* LaunchScreen.storyboard */,
				A54116441F3B2207009FFFCD /* Info.plist */,
				A54116571F3C7A05009FFFCD /* Bridge.h */,
			);
			path = "17_08_08_获取当前城市名称";
			sourceTree = "<group>";
		};
		A541164A1F3C77EF009FFFCD /* INTULocationManager */ = {
			isa = PBXGroup;
			children = (
				A541164B1F3C77EF009FFFCD /* INTUHeadingRequest.h */,
				A541164C1F3C77EF009FFFCD /* INTULocationRequest.m */,
				A541164D1F3C77EF009FFFCD /* INTURequestIDGenerator.h */,
				A541164E1F3C77EF009FFFCD /* INTULocationManager+Internal.h */,
				A541164F1F3C77EF009FFFCD /* INTULocationManager.h */,
				A54116501F3C77EF009FFFCD /* INTULocationRequest.h */,
				A54116511F3C77EF009FFFCD /* INTUHeadingRequest.m */,
				A54116521F3C77EF009FFFCD /* INTURequestIDGenerator.m */,
				A54116531F3C77EF009FFFCD /* INTULocationManager.m */,
				A54116541F3C77EF009FFFCD /* INTULocationRequestDefines.h */,
			);
			path = INTULocationManager;
			sourceTree = "<group>";
		};
/* End PBXGroup section */

/* Begin PBXNativeTarget section */
		A54116341F3B2207009FFFCD /* 17_08_08_获取当前城市名称 */ = {
			isa = PBXNativeTarget;
			buildConfigurationList = A54116471F3B2207009FFFCD /* Build configuration list for PBXNativeTarget "17_08_08_获取当前城市名称" */;
			buildPhases = (
				A54116311F3B2207009FFFCD /* Sources */,
				A54116321F3B2207009FFFCD /* Frameworks */,
				A54116331F3B2207009FFFCD /* Resources */,
			);
			buildRules = (
			);
			dependencies = (
			);
			name = "17_08_08_获取当前城市名称";
			productName = "17_08_08_获取当前城市名称";
			productReference = A54116351F3B2207009FFFCD /* 17_08_08_获取当前城市名称.app */;
			productType = "com.apple.product-type.application";
		};
/* End PBXNativeTarget section */

/* Begin PBXProject section */
		A541162D1F3B2207009FFFCD /* Project object */ = {
			isa = PBXProject;
			attributes = {
				LastSwiftUpdateCheck = 0900;
				LastUpgradeCheck = 0900;
				ORGANIZATIONNAME = "姚懿恒";
				TargetAttributes = {
					A54116341F3B2207009FFFCD = {
						CreatedOnToolsVersion = 9.0;
					};
				};
			};
			buildConfigurationList = A54116301F3B2207009FFFCD /* Build configuration list for PBXProject "17_08_08_获取当前城市名称" */;
			compatibilityVersion = "Xcode 8.0";
			developmentRegion = en;
			hasScannedForEncodings = 0;
			knownRegions = (
				en,
				Base,
			);
			mainGroup = A541162C1F3B2207009FFFCD;
			productRefGroup = A54116361F3B2207009FFFCD /* Products */;
			projectDirPath = "";
			projectRoot = "";
			targets = (
				A54116341F3B2207009FFFCD /* 17_08_08_获取当前城市名称 */,
			);
		};
/* End PBXProject section */

/* Begin PBXResourcesBuildPhase section */
		A54116331F3B2207009FFFCD /* Resources */ = {
			isa = PBXResourcesBuildPhase;
			buildActionMask = 2147483647;
			files = (
				A54116431F3B2207009FFFCD /* LaunchScreen.storyboard in Resources */,
				A54116401F3B2207009FFFCD /* Assets.xcassets in Resources */,
				A541163E1F3B2207009FFFCD /* Main.storyboard in Resources */,
			);
			runOnlyForDeploymentPostprocessing = 0;
		};
/* End PBXResourcesBuildPhase section */

/* Begin PBXSourcesBuildPhase section */
		A54116311F3B2207009FFFCD /* Sources */ = {
			isa = PBXSourcesBuildPhase;
			buildActionMask = 2147483647;
			files = (
				A541163B1F3B2207009FFFCD /* ViewController.swift in Sources */,
				A54116391F3B2207009FFFCD /* AppDelegate.swift in Sources */,
			);
			runOnlyForDeploymentPostprocessing = 0;
		};
/* End PBXSourcesBuildPhase section */

/* Begin PBXVariantGroup section */
		A541163C1F3B2207009FFFCD /* Main.storyboard */ = {
			isa = PBXVariantGroup;
			children = (
				A541163D1F3B2207009FFFCD /* Base */,
			);
			name = Main.storyboard;
			sourceTree = "<group>";
		};
		A54116411F3B2207009FFFCD /* LaunchScreen.storyboard */ = {
			isa = PBXVariantGroup;
			children = (
				A54116421F3B2207009FFFCD /* Base */,
			);
			name = LaunchScreen.storyboard;
			sourceTree = "<group>";
		};
/* End PBXVariantGroup section */

/* Begin XCBuildConfiguration section */
		A54116451F3B2207009FFFCD /* Debug */ = {
			isa = XCBuildConfiguration;
			buildSettings = {
				ALWAYS_SEARCH_USER_PATHS = NO;
				CLANG_ANALYZER_NONNULL = YES;
				CLANG_ANALYZER_NUMBER_OBJECT_CONVERSION = YES_AGGRESSIVE;
				CLANG_CXX_LANGUAGE_STANDARD = "gnu++14";
				CLANG_CXX_LIBRARY = "libc++";
				CLANG_ENABLE_MODULES = YES;
				CLANG_ENABLE_OBJC_ARC = YES;
				CLANG_WARN_BLOCK_CAPTURE_AUTORELEASING = YES;
				CLANG_WARN_BOOL_CONVERSION = YES;
				CLANG_WARN_COMMA = YES;
				CLANG_WARN_CONSTANT_CONVERSION = YES;
				CLANG_WARN_DIRECT_OBJC_ISA_USAGE = YES_ERROR;
				CLANG_WARN_DOCUMENTATION_COMMENTS = YES;
				CLANG_WARN_EMPTY_BODY = YES;
				CLANG_WARN_ENUM_CONVERSION = YES;
				CLANG_WARN_INFINITE_RECURSION = YES;
				CLANG_WARN_INT_CONVERSION = YES;
				CLANG_WARN_NON_LITERAL_NULL_CONVERSION = YES;
				CLANG_WARN_OBJC_LITERAL_CONVERSION = YES;
				CLANG_WARN_OBJC_ROOT_CLASS = YES_ERROR;
				CLANG_WARN_RANGE_LOOP_ANALYSIS = YES;
				CLANG_WARN_STRICT_PROTOTYPES = YES;
				CLANG_WARN_SUSPICIOUS_MOVE = YES;
				CLANG_WARN_UNGUARDED_AVAILABILITY = YES_AGGRESSIVE;
				CLANG_WARN_UNREACHABLE_CODE = YES;
				CLANG_WARN__DUPLICATE_METHOD_MATCH = YES;
				CODE_SIGN_IDENTITY = "iPhone Developer";
				COPY_PHASE_STRIP = NO;
				DEBUG_INFORMATION_FORMAT = dwarf;
				ENABLE_STRICT_OBJC_MSGSEND = YES;
				ENABLE_TESTABILITY = YES;
				GCC_C_LANGUAGE_STANDARD = gnu11;
				GCC_DYNAMIC_NO_PIC = NO;
				GCC_NO_COMMON_BLOCKS = YES;
				GCC_OPTIMIZATION_LEVEL = 0;
				GCC_PREPROCESSOR_DEFINITIONS = (
					"DEBUG=1",
					"$(inherited)",
				);
				GCC_WARN_64_TO_32_BIT_CONVERSION = YES;
				GCC_WARN_ABOUT_RETURN_TYPE = YES_ERROR;
				GCC_WARN_UNDECLARED_SELECTOR = YES;
				GCC_WARN_UNINITIALIZED_AUTOS = YES_AGGRESSIVE;
				GCC_WARN_UNUSED_FUNCTION = YES;
				GCC_WARN_UNUSED_VARIABLE = YES;
				IPHONEOS_DEPLOYMENT_TARGET = 11.0;
				MTL_ENABLE_DEBUG_INFO = YES;
				ONLY_ACTIVE_ARCH = YES;
				SDKROOT = iphoneos;
				SWIFT_ACTIVE_COMPILATION_CONDITIONS = DEBUG;
				SWIFT_OPTIMIZATION_LEVEL = "-Onone";
			};
			name = Debug;
		};
		A54116461F3B2207009FFFCD /* Release */ = {
			isa = XCBuildConfiguration;
			buildSettings = {
				ALWAYS_SEARCH_USER_PATHS = NO;
				CLANG_ANALYZER_NONNULL = YES;
				CLANG_ANALYZER_NUMBER_OBJECT_CONVERSION = YES_AGGRESSIVE;
				CLANG_CXX_LANGUAGE_STANDARD = "gnu++14";
				CLANG_CXX_LIBRARY = "libc++";
				CLANG_ENABLE_MODULES = YES;
				CLANG_ENABLE_OBJC_ARC = YES;
				CLANG_WARN_BLOCK_CAPTURE_AUTORELEASING = YES;
				CLANG_WARN_BOOL_CONVERSION = YES;
				CLANG_WARN_COMMA = YES;
				CLANG_WARN_CONSTANT_CONVERSION = YES;
				CLANG_WARN_DIRECT_OBJC_ISA_USAGE = YES_ERROR;
				CLANG_WARN_DOCUMENTATION_COMMENTS = YES;
				CLANG_WARN_EMPTY_BODY = YES;
				CLANG_WARN_ENUM_CONVERSION = YES;
				CLANG_WARN_INFINITE_RECURSION = YES;
				CLANG_WARN_INT_CONVERSION = YES;
				CLANG_WARN_NON_LITERAL_NULL_CONVERSION = YES;
				CLANG_WARN_OBJC_LITERAL_CONVERSION = YES;
				CLANG_WARN_OBJC_ROOT_CLASS = YES_ERROR;
				CLANG_WARN_RANGE_LOOP_ANALYSIS = YES;
				CLANG_WARN_STRICT_PROTOTYPES = YES;
				CLANG_WARN_SUSPICIOUS_MOVE = YES;
				CLANG_WARN_UNGUARDED_AVAILABILITY = YES_AGGRESSIVE;
				CLANG_WARN_UNREACHABLE_CODE = YES;
				CLANG_WARN__DUPLICATE_METHOD_MATCH = YES;
				CODE_SIGN_IDENTITY = "iPhone Developer";
				COPY_PHASE_STRIP = NO;
				DEBUG_INFORMATION_FORMAT = "dwarf-with-dsym";
				ENABLE_NS_ASSERTIONS = NO;
				ENABLE_STRICT_OBJC_MSGSEND = YES;
				GCC_C_LANGUAGE_STANDARD = gnu11;
				GCC_NO_COMMON_BLOCKS = YES;
				GCC_WARN_64_TO_32_BIT_CONVERSION = YES;
				GCC_WARN_ABOUT_RETURN_TYPE = YES_ERROR;
				GCC_WARN_UNDECLARED_SELECTOR = YES;
				GCC_WARN_UNINITIALIZED_AUTOS = YES_AGGRESSIVE;
				GCC_WARN_UNUSED_FUNCTION = YES;
				GCC_WARN_UNUSED_VARIABLE = YES;
				IPHONEOS_DEPLOYMENT_TARGET = 11.0;
				MTL_ENABLE_DEBUG_INFO = NO;
				SDKROOT = iphoneos;
				SWIFT_OPTIMIZATION_LEVEL = "-Owholemodule";
				VALIDATE_PRODUCT = YES;
			};
			name = Release;
		};
		A54116481F3B2207009FFFCD /* Debug */ = {
			isa = XCBuildConfiguration;
			buildSettings = {
				ASSETCATALOG_COMPILER_APPICON_NAME = AppIcon;
				DEVELOPMENT_TEAM = SWWP4FHJHM;
				INFOPLIST_FILE = "17_08_08_获取当前城市名称/Info.plist";
				IPHONEOS_DEPLOYMENT_TARGET = 8.0;
				LD_RUNPATH_SEARCH_PATHS = "$(inherited) @executable_path/Frameworks";
				PRODUCT_BUNDLE_IDENTIFIER = "com.-7-08-08---------";
				PRODUCT_NAME = "$(TARGET_NAME)";
				SWIFT_OBJC_BRIDGING_HEADER = "17_08_08_获取当前城市名称/Bridge.h";
				SWIFT_VERSION = 4.0;
				TARGETED_DEVICE_FAMILY = "1,2";
			};
			name = Debug;
		};
		A54116491F3B2207009FFFCD /* Release */ = {
			isa = XCBuildConfiguration;
			buildSettings = {
				ASSETCATALOG_COMPILER_APPICON_NAME = AppIcon;
				DEVELOPMENT_TEAM = SWWP4FHJHM;
				INFOPLIST_FILE = "17_08_08_获取当前城市名称/Info.plist";
				IPHONEOS_DEPLOYMENT_TARGET = 8.0;
				LD_RUNPATH_SEARCH_PATHS = "$(inherited) @executable_path/Frameworks";
				PRODUCT_BUNDLE_IDENTIFIER = "com.-7-08-08---------";
				PRODUCT_NAME = "$(TARGET_NAME)";
				SWIFT_OBJC_BRIDGING_HEADER = "17_08_08_获取当前城市名称/Bridge.h";
				SWIFT_VERSION = 4.0;
				TARGETED_DEVICE_FAMILY = "1,2";
			};
			name = Release;
		};
/* End XCBuildConfiguration section */

/* Begin XCConfigurationList section */
		A54116301F3B2207009FFFCD /* Build configuration list for PBXProject "17_08_08_获取当前城市名称" */ = {
			isa = XCConfigurationList;
			buildConfigurations = (
				A54116451F3B2207009FFFCD /* Debug */,
				A54116461F3B2207009FFFCD /* Release */,
			);
			defaultConfigurationIsVisible = 0;
			defaultConfigurationName = Release;
		};
		A54116471F3B2207009FFFCD /* Build configuration list for PBXNativeTarget "17_08_08_获取当前城市名称" */ = {
			isa = XCConfigurationList;
			buildConfigurations = (
				A54116481F3B2207009FFFCD /* Debug */,
				A54116491F3B2207009FFFCD /* Release */,
			);
			defaultConfigurationIsVisible = 0;
			defaultConfigurationName = Release;
		};
/* End XCConfigurationList section */
	};
	rootObject = A541162D1F3B2207009FFFCD /* Project object */;
}
