// !$*UTF8*$!
{
	archiveVersion = 1;
	classes = {
	};
	objectVersion = 48;
	objects = {

/* Begin PBXBuildFile section */
		5C5977E2558402D6E4CE9FD5 /* libPods-17_08_25_第三方导航.a in Frameworks */ = {isa = PBXBuildFile; fileRef = 83D3C824818C979F4E3520E2 /* libPods-17_08_25_第三方导航.a */; };
		A511B5C31F50313C008BCED6 /* AppDelegate.swift in Sources */ = {isa = PBXBuildFile; fileRef = A511B5C21F50313C008BCED6 /* AppDelegate.swift */; };
		A511B5C51F50313C008BCED6 /* ViewController.swift in Sources */ = {isa = PBXBuildFile; fileRef = A511B5C41F50313C008BCED6 /* ViewController.swift */; };
		A511B5C81F50313C008BCED6 /* Main.storyboard in Resources */ = {isa = PBXBuildFile; fileRef = A511B5C61F50313C008BCED6 /* Main.storyboard */; };
		A511B5CA1F50313C008BCED6 /* Assets.xcassets in Resources */ = {isa = PBXBuildFile; fileRef = A511B5C91F50313C008BCED6 /* Assets.xcassets */; };
		A511B5CD1F50313C008BCED6 /* LaunchScreen.storyboard in Resources */ = {isa = PBXBuildFile; fileRef = A511B5CB1F50313C008BCED6 /* LaunchScreen.storyboard */; };
/* End PBXBuildFile section */

/* Begin PBXFileReference section */
		83D3C824818C979F4E3520E2 /* libPods-17_08_25_第三方导航.a */ = {isa = PBXFileReference; explicitFileType = archive.ar; includeInIndex = 0; path = "libPods-17_08_25_第三方导航.a"; sourceTree = BUILT_PRODUCTS_DIR; };
		83D709FCAEDB2101315B0AE9 /* Pods-17_08_25_第三方导航.release.xcconfig */ = {isa = PBXFileReference; includeInIndex = 1; lastKnownFileType = text.xcconfig; name = "Pods-17_08_25_第三方导航.release.xcconfig"; path = "Pods/Target Support Files/Pods-17_08_25_第三方导航/Pods-17_08_25_第三方导航.release.xcconfig"; sourceTree = "<group>"; };
		A4193F623377D8CCC4404F76 /* Pods-17_08_25_第三方导航.debug.xcconfig */ = {isa = PBXFileReference; includeInIndex = 1; lastKnownFileType = text.xcconfig; name = "Pods-17_08_25_第三方导航.debug.xcconfig"; path = "Pods/Target Support Files/Pods-17_08_25_第三方导航/Pods-17_08_25_第三方导航.debug.xcconfig"; sourceTree = "<group>"; };
		A511B5BF1F50313C008BCED6 /* 17_08_25_第三方导航.app */ = {isa = PBXFileReference; explicitFileType = wrapper.application; includeInIndex = 0; path = "17_08_25_第三方导航.app"; sourceTree = BUILT_PRODUCTS_DIR; };
		A511B5C21F50313C008BCED6 /* AppDelegate.swift */ = {isa = PBXFileReference; lastKnownFileType = sourcecode.swift; path = AppDelegate.swift; sourceTree = "<group>"; };
		A511B5C41F50313C008BCED6 /* ViewController.swift */ = {isa = PBXFileReference; lastKnownFileType = sourcecode.swift; path = ViewController.swift; sourceTree = "<group>"; };
		A511B5C71F50313C008BCED6 /* Base */ = {isa = PBXFileReference; lastKnownFileType = file.storyboard; name = Base; path = Base.lproj/Main.storyboard; sourceTree = "<group>"; };
		A511B5C91F50313C008BCED6 /* Assets.xcassets */ = {isa = PBXFileReference; lastKnownFileType = folder.assetcatalog; path = Assets.xcassets; sourceTree = "<group>"; };
		A511B5CC1F50313C008BCED6 /* Base */ = {isa = PBXFileReference; lastKnownFileType = file.storyboard; name = Base; path = Base.lproj/LaunchScreen.storyboard; sourceTree = "<group>"; };
		A511B5CE1F50313C008BCED6 /* Info.plist */ = {isa = PBXFileReference; lastKnownFileType = text.plist.xml; path = Info.plist; sourceTree = "<group>"; };
		A517E30E1F50CA710024408B /* 17_08_25_第三方导航-Bridging-Header.h */ = {isa = PBXFileReference; lastKnownFileType = sourcecode.c.h; path = "17_08_25_第三方导航-Bridging-Header.h"; sourceTree = "<group>"; };
/* End PBXFileReference section */

/* Begin PBXFrameworksBuildPhase section */
		A511B5BC1F50313C008BCED6 /* Frameworks */ = {
			isa = PBXFrameworksBuildPhase;
			buildActionMask = 2147483647;
			files = (
				5C5977E2558402D6E4CE9FD5 /* libPods-17_08_25_第三方导航.a in Frameworks */,
			);
			runOnlyForDeploymentPostprocessing = 0;
		};
/* End PBXFrameworksBuildPhase section */

/* Begin PBXGroup section */
		20DF8922CC34CC5BD18872FF /* Pods */ = {
			isa = PBXGroup;
			children = (
				A4193F623377D8CCC4404F76 /* Pods-17_08_25_第三方导航.debug.xcconfig */,
				83D709FCAEDB2101315B0AE9 /* Pods-17_08_25_第三方导航.release.xcconfig */,
			);
			name = Pods;
			sourceTree = "<group>";
		};
		28B364FE86A4FFF8E5B94B69 /* Frameworks */ = {
			isa = PBXGroup;
			children = (
				83D3C824818C979F4E3520E2 /* libPods-17_08_25_第三方导航.a */,
			);
			name = Frameworks;
			sourceTree = "<group>";
		};
		A511B5B61F50313C008BCED6 = {
			isa = PBXGroup;
			children = (
				A511B5C11F50313C008BCED6 /* 17_08_25_第三方导航 */,
				A511B5C01F50313C008BCED6 /* Products */,
				20DF8922CC34CC5BD18872FF /* Pods */,
				28B364FE86A4FFF8E5B94B69 /* Frameworks */,
			);
			sourceTree = "<group>";
		};
		A511B5C01F50313C008BCED6 /* Products */ = {
			isa = PBXGroup;
			children = (
				A511B5BF1F50313C008BCED6 /* 17_08_25_第三方导航.app */,
			);
			name = Products;
			sourceTree = "<group>";
		};
		A511B5C11F50313C008BCED6 /* 17_08_25_第三方导航 */ = {
			isa = PBXGroup;
			children = (
				A511B5C21F50313C008BCED6 /* AppDelegate.swift */,
				A511B5C41F50313C008BCED6 /* ViewController.swift */,
				A511B5C61F50313C008BCED6 /* Main.storyboard */,
				A511B5C91F50313C008BCED6 /* Assets.xcassets */,
				A511B5CB1F50313C008BCED6 /* LaunchScreen.storyboard */,
				A511B5CE1F50313C008BCED6 /* Info.plist */,
				A517E30E1F50CA710024408B /* 17_08_25_第三方导航-Bridging-Header.h */,
			);
			path = "17_08_25_第三方导航";
			sourceTree = "<group>";
		};
/* End PBXGroup section */

/* Begin PBXNativeTarget section */
		A511B5BE1F50313C008BCED6 /* 17_08_25_第三方导航 */ = {
			isa = PBXNativeTarget;
			buildConfigurationList = A511B5D11F50313C008BCED6 /* Build configuration list for PBXNativeTarget "17_08_25_第三方导航" */;
			buildPhases = (
				E7AD69A6787798B87780CC6D /* [CP] Check Pods Manifest.lock */,
				A511B5BB1F50313C008BCED6 /* Sources */,
				A511B5BC1F50313C008BCED6 /* Frameworks */,
				A511B5BD1F50313C008BCED6 /* Resources */,
				F1E9887D8120A856C59D7310 /* [CP] Embed Pods Frameworks */,
				19064DEAD674E6C9DC6519A5 /* [CP] Copy Pods Resources */,
			);
			buildRules = (
			);
			dependencies = (
			);
			name = "17_08_25_第三方导航";
			productName = "17_08_25_第三方导航";
			productReference = A511B5BF1F50313C008BCED6 /* 17_08_25_第三方导航.app */;
			productType = "com.apple.product-type.application";
		};
/* End PBXNativeTarget section */

/* Begin PBXProject section */
		A511B5B71F50313C008BCED6 /* Project object */ = {
			isa = PBXProject;
			attributes = {
				LastSwiftUpdateCheck = 0900;
				LastUpgradeCheck = 0900;
				ORGANIZATIONNAME = "姚懿恒";
				TargetAttributes = {
					A511B5BE1F50313C008BCED6 = {
						CreatedOnToolsVersion = 9.0;
						LastSwiftMigration = 0900;
					};
				};
			};
			buildConfigurationList = A511B5BA1F50313C008BCED6 /* Build configuration list for PBXProject "17_08_25_第三方导航" */;
			compatibilityVersion = "Xcode 8.0";
			developmentRegion = en;
			hasScannedForEncodings = 0;
			knownRegions = (
				en,
				Base,
			);
			mainGroup = A511B5B61F50313C008BCED6;
			productRefGroup = A511B5C01F50313C008BCED6 /* Products */;
			projectDirPath = "";
			projectRoot = "";
			targets = (
				A511B5BE1F50313C008BCED6 /* 17_08_25_第三方导航 */,
			);
		};
/* End PBXProject section */

/* Begin PBXResourcesBuildPhase section */
		A511B5BD1F50313C008BCED6 /* Resources */ = {
			isa = PBXResourcesBuildPhase;
			buildActionMask = 2147483647;
			files = (
				A511B5CD1F50313C008BCED6 /* LaunchScreen.storyboard in Resources */,
				A511B5CA1F50313C008BCED6 /* Assets.xcassets in Resources */,
				A511B5C81F50313C008BCED6 /* Main.storyboard in Resources */,
			);
			runOnlyForDeploymentPostprocessing = 0;
		};
/* End PBXResourcesBuildPhase section */

/* Begin PBXShellScriptBuildPhase section */
		19064DEAD674E6C9DC6519A5 /* [CP] Copy Pods Resources */ = {
			isa = PBXShellScriptBuildPhase;
			buildActionMask = 2147483647;
			files = (
			);
			inputPaths = (
				"${SRCROOT}/Pods/Target Support Files/Pods-17_08_25_第三方导航/Pods-17_08_25_第三方导航-resources.sh",
				"${PODS_ROOT}/GoogleMaps/Maps/Frameworks/GoogleMaps.framework/Resources/GoogleMaps.bundle",
				"${PODS_ROOT}/GooglePlaces/Frameworks/GooglePlaces.framework/Resources/GooglePlaces.bundle",
			);
			name = "[CP] Copy Pods Resources";
			outputPaths = (
				"${TARGET_BUILD_DIR}/${UNLOCALIZED_RESOURCES_FOLDER_PATH}",
			);
			runOnlyForDeploymentPostprocessing = 0;
			shellPath = /bin/sh;
			shellScript = "\"${SRCROOT}/Pods/Target Support Files/Pods-17_08_25_第三方导航/Pods-17_08_25_第三方导航-resources.sh\"\n";
			showEnvVarsInLog = 0;
		};
		E7AD69A6787798B87780CC6D /* [CP] Check Pods Manifest.lock */ = {
			isa = PBXShellScriptBuildPhase;
			buildActionMask = 2147483647;
			files = (
			);
			inputPaths = (
				"${PODS_PODFILE_DIR_PATH}/Podfile.lock",
				"${PODS_ROOT}/Manifest.lock",
			);
			name = "[CP] Check Pods Manifest.lock";
			outputPaths = (
				"$(DERIVED_FILE_DIR)/Pods-17_08_25_第三方导航-checkManifestLockResult.txt",
			);
			runOnlyForDeploymentPostprocessing = 0;
			shellPath = /bin/sh;
			shellScript = "diff \"${PODS_PODFILE_DIR_PATH}/Podfile.lock\" \"${PODS_ROOT}/Manifest.lock\" > /dev/null\nif [ $? != 0 ] ; then\n    # print error to STDERR\n    echo \"error: The sandbox is not in sync with the Podfile.lock. Run 'pod install' or update your CocoaPods installation.\" >&2\n    exit 1\nfi\n# This output is used by Xcode 'outputs' to avoid re-running this script phase.\necho \"SUCCESS\" > \"${SCRIPT_OUTPUT_FILE_0}\"\n";
			showEnvVarsInLog = 0;
		};
		F1E9887D8120A856C59D7310 /* [CP] Embed Pods Frameworks */ = {
			isa = PBXShellScriptBuildPhase;
			buildActionMask = 2147483647;
			files = (
			);
			inputPaths = (
			);
			name = "[CP] Embed Pods Frameworks";
			outputPaths = (
			);
			runOnlyForDeploymentPostprocessing = 0;
			shellPath = /bin/sh;
			shellScript = "\"${SRCROOT}/Pods/Target Support Files/Pods-17_08_25_第三方导航/Pods-17_08_25_第三方导航-frameworks.sh\"\n";
			showEnvVarsInLog = 0;
		};
/* End PBXShellScriptBuildPhase section */

/* Begin PBXSourcesBuildPhase section */
		A511B5BB1F50313C008BCED6 /* Sources */ = {
			isa = PBXSourcesBuildPhase;
			buildActionMask = 2147483647;
			files = (
				A511B5C51F50313C008BCED6 /* ViewController.swift in Sources */,
				A511B5C31F50313C008BCED6 /* AppDelegate.swift in Sources */,
			);
			runOnlyForDeploymentPostprocessing = 0;
		};
/* End PBXSourcesBuildPhase section */

/* Begin PBXVariantGroup section */
		A511B5C61F50313C008BCED6 /* Main.storyboard */ = {
			isa = PBXVariantGroup;
			children = (
				A511B5C71F50313C008BCED6 /* Base */,
			);
			name = Main.storyboard;
			sourceTree = "<group>";
		};
		A511B5CB1F50313C008BCED6 /* LaunchScreen.storyboard */ = {
			isa = PBXVariantGroup;
			children = (
				A511B5CC1F50313C008BCED6 /* Base */,
			);
			name = LaunchScreen.storyboard;
			sourceTree = "<group>";
		};
/* End PBXVariantGroup section */

/* Begin XCBuildConfiguration section */
		A511B5CF1F50313C008BCED6 /* Debug */ = {
			isa = XCBuildConfiguration;
			buildSettings = {
				ALWAYS_SEARCH_USER_PATHS = NO;
				CLANG_ANALYZER_NONNULL = YES;
				CLANG_ANALYZER_NUMBER_OBJECT_CONVERSION = YES_AGGRESSIVE;
				CLANG_CXX_LANGUAGE_STANDARD = "gnu++14";
				CLANG_CXX_LIBRARY = "libc++";
				CLANG_ENABLE_MODULES = YES;
				CLANG_ENABLE_OBJC_ARC = YES;
				CLANG_WARN_BLOCK_CAPTURE_AUTORELEASING = YES;
				CLANG_WARN_BOOL_CONVERSION = YES;
				CLANG_WARN_COMMA = YES;
				CLANG_WARN_CONSTANT_CONVERSION = YES;
				CLANG_WARN_DIRECT_OBJC_ISA_USAGE = YES_ERROR;
				CLANG_WARN_DOCUMENTATION_COMMENTS = YES;
				CLANG_WARN_EMPTY_BODY = YES;
				CLANG_WARN_ENUM_CONVERSION = YES;
				CLANG_WARN_INFINITE_RECURSION = YES;
				CLANG_WARN_INT_CONVERSION = YES;
				CLANG_WARN_NON_LITERAL_NULL_CONVERSION = YES;
				CLANG_WARN_OBJC_LITERAL_CONVERSION = YES;
				CLANG_WARN_OBJC_ROOT_CLASS = YES_ERROR;
				CLANG_WARN_RANGE_LOOP_ANALYSIS = YES;
				CLANG_WARN_STRICT_PROTOTYPES = YES;
				CLANG_WARN_SUSPICIOUS_MOVE = YES;
				CLANG_WARN_UNGUARDED_AVAILABILITY = YES_AGGRESSIVE;
				CLANG_WARN_UNREACHABLE_CODE = YES;
				CLANG_WARN__DUPLICATE_METHOD_MATCH = YES;
				CODE_SIGN_IDENTITY = "iPhone Developer";
				COPY_PHASE_STRIP = NO;
				DEBUG_INFORMATION_FORMAT = dwarf;
				ENABLE_STRICT_OBJC_MSGSEND = YES;
				ENABLE_TESTABILITY = YES;
				GCC_C_LANGUAGE_STANDARD = gnu11;
				GCC_DYNAMIC_NO_PIC = NO;
				GCC_NO_COMMON_BLOCKS = YES;
				GCC_OPTIMIZATION_LEVEL = 0;
				GCC_PREPROCESSOR_DEFINITIONS = (
					"DEBUG=1",
					"$(inherited)",
				);
				GCC_WARN_64_TO_32_BIT_CONVERSION = YES;
				GCC_WARN_ABOUT_RETURN_TYPE = YES_ERROR;
				GCC_WARN_UNDECLARED_SELECTOR = YES;
				GCC_WARN_UNINITIALIZED_AUTOS = YES_AGGRESSIVE;
				GCC_WARN_UNUSED_FUNCTION = YES;
				GCC_WARN_UNUSED_VARIABLE = YES;
				IPHONEOS_DEPLOYMENT_TARGET = 11.0;
				MTL_ENABLE_DEBUG_INFO = YES;
				ONLY_ACTIVE_ARCH = YES;
				SDKROOT = iphoneos;
				SWIFT_ACTIVE_COMPILATION_CONDITIONS = DEBUG;
				SWIFT_OPTIMIZATION_LEVEL = "-Onone";
			};
			name = Debug;
		};
		A511B5D01F50313C008BCED6 /* Release */ = {
			isa = XCBuildConfiguration;
			buildSettings = {
				ALWAYS_SEARCH_USER_PATHS = NO;
				CLANG_ANALYZER_NONNULL = YES;
				CLANG_ANALYZER_NUMBER_OBJECT_CONVERSION = YES_AGGRESSIVE;
				CLANG_CXX_LANGUAGE_STANDARD = "gnu++14";
				CLANG_CXX_LIBRARY = "libc++";
				CLANG_ENABLE_MODULES = YES;
				CLANG_ENABLE_OBJC_ARC = YES;
				CLANG_WARN_BLOCK_CAPTURE_AUTORELEASING = YES;
				CLANG_WARN_BOOL_CONVERSION = YES;
				CLANG_WARN_COMMA = YES;
				CLANG_WARN_CONSTANT_CONVERSION = YES;
				CLANG_WARN_DIRECT_OBJC_ISA_USAGE = YES_ERROR;
				CLANG_WARN_DOCUMENTATION_COMMENTS = YES;
				CLANG_WARN_EMPTY_BODY = YES;
				CLANG_WARN_ENUM_CONVERSION = YES;
				CLANG_WARN_INFINITE_RECURSION = YES;
				CLANG_WARN_INT_CONVERSION = YES;
				CLANG_WARN_NON_LITERAL_NULL_CONVERSION = YES;
				CLANG_WARN_OBJC_LITERAL_CONVERSION = YES;
				CLANG_WARN_OBJC_ROOT_CLASS = YES_ERROR;
				CLANG_WARN_RANGE_LOOP_ANALYSIS = YES;
				CLANG_WARN_STRICT_PROTOTYPES = YES;
				CLANG_WARN_SUSPICIOUS_MOVE = YES;
				CLANG_WARN_UNGUARDED_AVAILABILITY = YES_AGGRESSIVE;
				CLANG_WARN_UNREACHABLE_CODE = YES;
				CLANG_WARN__DUPLICATE_METHOD_MATCH = YES;
				CODE_SIGN_IDENTITY = "iPhone Developer";
				COPY_PHASE_STRIP = NO;
				DEBUG_INFORMATION_FORMAT = "dwarf-with-dsym";
				ENABLE_NS_ASSERTIONS = NO;
				ENABLE_STRICT_OBJC_MSGSEND = YES;
				GCC_C_LANGUAGE_STANDARD = gnu11;
				GCC_NO_COMMON_BLOCKS = YES;
				GCC_WARN_64_TO_32_BIT_CONVERSION = YES;
				GCC_WARN_ABOUT_RETURN_TYPE = YES_ERROR;
				GCC_WARN_UNDECLARED_SELECTOR = YES;
				GCC_WARN_UNINITIALIZED_AUTOS = YES_AGGRESSIVE;
				GCC_WARN_UNUSED_FUNCTION = YES;
				GCC_WARN_UNUSED_VARIABLE = YES;
				IPHONEOS_DEPLOYMENT_TARGET = 11.0;
				MTL_ENABLE_DEBUG_INFO = NO;
				SDKROOT = iphoneos;
				SWIFT_OPTIMIZATION_LEVEL = "-Owholemodule";
				VALIDATE_PRODUCT = YES;
			};
			name = Release;
		};
		A511B5D21F50313C008BCED6 /* Debug */ = {
			isa = XCBuildConfiguration;
			baseConfigurationReference = A4193F623377D8CCC4404F76 /* Pods-17_08_25_第三方导航.debug.xcconfig */;
			buildSettings = {
				ASSETCATALOG_COMPILER_APPICON_NAME = AppIcon;
				CLANG_ENABLE_MODULES = YES;
				DEVELOPMENT_TEAM = SWWP4FHJHM;
				INFOPLIST_FILE = "17_08_25_第三方导航/Info.plist";
				LD_RUNPATH_SEARCH_PATHS = "$(inherited) @executable_path/Frameworks";
				PRODUCT_BUNDLE_IDENTIFIER = "com.-7-08-25------";
				PRODUCT_NAME = "$(TARGET_NAME)";
				SWIFT_OBJC_BRIDGING_HEADER = "17_08_25_第三方导航/17_08_25_第三方导航-Bridging-Header.h";
				SWIFT_OPTIMIZATION_LEVEL = "-Onone";
				SWIFT_VERSION = 4.0;
				TARGETED_DEVICE_FAMILY = "1,2";
			};
			name = Debug;
		};
		A511B5D31F50313C008BCED6 /* Release */ = {
			isa = XCBuildConfiguration;
			baseConfigurationReference = 83D709FCAEDB2101315B0AE9 /* Pods-17_08_25_第三方导航.release.xcconfig */;
			buildSettings = {
				ASSETCATALOG_COMPILER_APPICON_NAME = AppIcon;
				CLANG_ENABLE_MODULES = YES;
				DEVELOPMENT_TEAM = SWWP4FHJHM;
				INFOPLIST_FILE = "17_08_25_第三方导航/Info.plist";
				LD_RUNPATH_SEARCH_PATHS = "$(inherited) @executable_path/Frameworks";
				PRODUCT_BUNDLE_IDENTIFIER = "com.-7-08-25------";
				PRODUCT_NAME = "$(TARGET_NAME)";
				SWIFT_OBJC_BRIDGING_HEADER = "17_08_25_第三方导航/17_08_25_第三方导航-Bridging-Header.h";
				SWIFT_VERSION = 4.0;
				TARGETED_DEVICE_FAMILY = "1,2";
			};
			name = Release;
		};
/* End XCBuildConfiguration section */

/* Begin XCConfigurationList section */
		A511B5BA1F50313C008BCED6 /* Build configuration list for PBXProject "17_08_25_第三方导航" */ = {
			isa = XCConfigurationList;
			buildConfigurations = (
				A511B5CF1F50313C008BCED6 /* Debug */,
				A511B5D01F50313C008BCED6 /* Release */,
			);
			defaultConfigurationIsVisible = 0;
			defaultConfigurationName = Release;
		};
		A511B5D11F50313C008BCED6 /* Build configuration list for PBXNativeTarget "17_08_25_第三方导航" */ = {
			isa = XCConfigurationList;
			buildConfigurations = (
				A511B5D21F50313C008BCED6 /* Debug */,
				A511B5D31F50313C008BCED6 /* Release */,
			);
			defaultConfigurationIsVisible = 0;
			defaultConfigurationName = Release;
		};
/* End XCConfigurationList section */
	};
	rootObject = A511B5B71F50313C008BCED6 /* Project object */;
}
