// !$*UTF8*$!
{
	archiveVersion = 1;
	classes = {
	};
	objectVersion = 48;
	objects = {

/* Begin PBXBuildFile section */
		A512931A1FED0F3700F3F2BF /* AppDelegate.swift in Sources */ = {isa = PBXBuildFile; fileRef = A51293191FED0F3700F3F2BF /* AppDelegate.swift */; };
		A512931C1FED0F3700F3F2BF /* ViewController.swift in Sources */ = {isa = PBXBuildFile; fileRef = A512931B1FED0F3700F3F2BF /* ViewController.swift */; };
		A512931F1FED0F3700F3F2BF /* Main.storyboard in Resources */ = {isa = PBXBuildFile; fileRef = A512931D1FED0F3700F3F2BF /* Main.storyboard */; };
		A51293211FED0F3700F3F2BF /* Assets.xcassets in Resources */ = {isa = PBXBuildFile; fileRef = A51293201FED0F3700F3F2BF /* Assets.xcassets */; };
		A51293241FED0F3700F3F2BF /* LaunchScreen.storyboard in Resources */ = {isa = PBXBuildFile; fileRef = A51293221FED0F3700F3F2BF /* LaunchScreen.storyboard */; };
/* End PBXBuildFile section */

/* Begin PBXFileReference section */
		A51293161FED0F3700F3F2BF /* 17_12_22_通讯录.app */ = {isa = PBXFileReference; explicitFileType = wrapper.application; includeInIndex = 0; path = "17_12_22_通讯录.app"; sourceTree = BUILT_PRODUCTS_DIR; };
		A51293191FED0F3700F3F2BF /* AppDelegate.swift */ = {isa = PBXFileReference; lastKnownFileType = sourcecode.swift; path = AppDelegate.swift; sourceTree = "<group>"; };
		A512931B1FED0F3700F3F2BF /* ViewController.swift */ = {isa = PBXFileReference; lastKnownFileType = sourcecode.swift; path = ViewController.swift; sourceTree = "<group>"; };
		A512931E1FED0F3700F3F2BF /* Base */ = {isa = PBXFileReference; lastKnownFileType = file.storyboard; name = Base; path = Base.lproj/Main.storyboard; sourceTree = "<group>"; };
		A51293201FED0F3700F3F2BF /* Assets.xcassets */ = {isa = PBXFileReference; lastKnownFileType = folder.assetcatalog; path = Assets.xcassets; sourceTree = "<group>"; };
		A51293231FED0F3700F3F2BF /* Base */ = {isa = PBXFileReference; lastKnownFileType = file.storyboard; name = Base; path = Base.lproj/LaunchScreen.storyboard; sourceTree = "<group>"; };
		A51293251FED0F3700F3F2BF /* Info.plist */ = {isa = PBXFileReference; lastKnownFileType = text.plist.xml; path = Info.plist; sourceTree = "<group>"; };
		A51293701FF4E6E300F3F2BF /* 17_12_22_通讯录-Bridging-Header.h */ = {isa = PBXFileReference; lastKnownFileType = sourcecode.c.h; path = "17_12_22_通讯录-Bridging-Header.h"; sourceTree = "<group>"; };
		A51293801FF4EE6F00F3F2BF /* MBProgressHUD.m */ = {isa = PBXFileReference; lastKnownFileType = sourcecode.c.objc; path = MBProgressHUD.m; sourceTree = "<group>"; };
		A51293811FF4EE6F00F3F2BF /* MBProgressHUD+XMG.m */ = {isa = PBXFileReference; lastKnownFileType = sourcecode.c.objc; path = "MBProgressHUD+XMG.m"; sourceTree = "<group>"; };
		A51293821FF4EE6F00F3F2BF /* MBProgressHUD.h */ = {isa = PBXFileReference; lastKnownFileType = sourcecode.c.h; path = MBProgressHUD.h; sourceTree = "<group>"; };
		A51293831FF4EE6F00F3F2BF /* MBProgressHUD+XMG.h */ = {isa = PBXFileReference; lastKnownFileType = sourcecode.c.h; path = "MBProgressHUD+XMG.h"; sourceTree = "<group>"; };
		A51293841FF4EE6F00F3F2BF /* MBProgressHUD.bundle */ = {isa = PBXFileReference; lastKnownFileType = "wrapper.plug-in"; path = MBProgressHUD.bundle; sourceTree = "<group>"; };
/* End PBXFileReference section */

/* Begin PBXFrameworksBuildPhase section */
		A51293131FED0F3700F3F2BF /* Frameworks */ = {
			isa = PBXFrameworksBuildPhase;
			buildActionMask = 2147483647;
			files = (
			);
			runOnlyForDeploymentPostprocessing = 0;
		};
/* End PBXFrameworksBuildPhase section */

/* Begin PBXGroup section */
		A512930D1FED0F3700F3F2BF = {
			isa = PBXGroup;
			children = (
				A51293181FED0F3700F3F2BF /* 17_12_22_通讯录 */,
				A51293171FED0F3700F3F2BF /* Products */,
			);
			sourceTree = "<group>";
		};
		A51293171FED0F3700F3F2BF /* Products */ = {
			isa = PBXGroup;
			children = (
				A51293161FED0F3700F3F2BF /* 17_12_22_通讯录.app */,
			);
			name = Products;
			sourceTree = "<group>";
		};
		A51293181FED0F3700F3F2BF /* 17_12_22_通讯录 */ = {
			isa = PBXGroup;
			children = (
				A51293191FED0F3700F3F2BF /* AppDelegate.swift */,
				A512931B1FED0F3700F3F2BF /* ViewController.swift */,
				A512931D1FED0F3700F3F2BF /* Main.storyboard */,
				A51293201FED0F3700F3F2BF /* Assets.xcassets */,
				A51293221FED0F3700F3F2BF /* LaunchScreen.storyboard */,
				A51293251FED0F3700F3F2BF /* Info.plist */,
				A512937F1FF4EE6F00F3F2BF /* MBProgressHUD */,
				A51293701FF4E6E300F3F2BF /* 17_12_22_通讯录-Bridging-Header.h */,
			);
			path = "17_12_22_通讯录";
			sourceTree = "<group>";
		};
		A512937F1FF4EE6F00F3F2BF /* MBProgressHUD */ = {
			isa = PBXGroup;
			children = (
				A51293801FF4EE6F00F3F2BF /* MBProgressHUD.m */,
				A51293811FF4EE6F00F3F2BF /* MBProgressHUD+XMG.m */,
				A51293821FF4EE6F00F3F2BF /* MBProgressHUD.h */,
				A51293831FF4EE6F00F3F2BF /* MBProgressHUD+XMG.h */,
				A51293841FF4EE6F00F3F2BF /* MBProgressHUD.bundle */,
			);
			path = MBProgressHUD;
			sourceTree = "<group>";
		};
/* End PBXGroup section */

/* Begin PBXNativeTarget section */
		A51293151FED0F3700F3F2BF /* 17_12_22_通讯录 */ = {
			isa = PBXNativeTarget;
			buildConfigurationList = A51293281FED0F3700F3F2BF /* Build configuration list for PBXNativeTarget "17_12_22_通讯录" */;
			buildPhases = (
				A51293121FED0F3700F3F2BF /* Sources */,
				A51293131FED0F3700F3F2BF /* Frameworks */,
				A51293141FED0F3700F3F2BF /* Resources */,
			);
			buildRules = (
			);
			dependencies = (
			);
			name = "17_12_22_通讯录";
			productName = "17_12_22_通讯录";
			productReference = A51293161FED0F3700F3F2BF /* 17_12_22_通讯录.app */;
			productType = "com.apple.product-type.application";
		};
/* End PBXNativeTarget section */

/* Begin PBXProject section */
		A512930E1FED0F3700F3F2BF /* Project object */ = {
			isa = PBXProject;
			attributes = {
				LastSwiftUpdateCheck = 0900;
				LastUpgradeCheck = 0900;
				ORGANIZATIONNAME = "姚懿恒";
				TargetAttributes = {
					A51293151FED0F3700F3F2BF = {
						CreatedOnToolsVersion = 9.0;
						LastSwiftMigration = 0900;
						ProvisioningStyle = Automatic;
					};
				};
			};
			buildConfigurationList = A51293111FED0F3700F3F2BF /* Build configuration list for PBXProject "17_12_22_通讯录" */;
			compatibilityVersion = "Xcode 8.0";
			developmentRegion = en;
			hasScannedForEncodings = 0;
			knownRegions = (
				en,
				Base,
			);
			mainGroup = A512930D1FED0F3700F3F2BF;
			productRefGroup = A51293171FED0F3700F3F2BF /* Products */;
			projectDirPath = "";
			projectRoot = "";
			targets = (
				A51293151FED0F3700F3F2BF /* 17_12_22_通讯录 */,
			);
		};
/* End PBXProject section */

/* Begin PBXResourcesBuildPhase section */
		A51293141FED0F3700F3F2BF /* Resources */ = {
			isa = PBXResourcesBuildPhase;
			buildActionMask = 2147483647;
			files = (
				A51293241FED0F3700F3F2BF /* LaunchScreen.storyboard in Resources */,
				A51293211FED0F3700F3F2BF /* Assets.xcassets in Resources */,
				A512931F1FED0F3700F3F2BF /* Main.storyboard in Resources */,
			);
			runOnlyForDeploymentPostprocessing = 0;
		};
/* End PBXResourcesBuildPhase section */

/* Begin PBXSourcesBuildPhase section */
		A51293121FED0F3700F3F2BF /* Sources */ = {
			isa = PBXSourcesBuildPhase;
			buildActionMask = 2147483647;
			files = (
				A512931C1FED0F3700F3F2BF /* ViewController.swift in Sources */,
				A512931A1FED0F3700F3F2BF /* AppDelegate.swift in Sources */,
			);
			runOnlyForDeploymentPostprocessing = 0;
		};
/* End PBXSourcesBuildPhase section */

/* Begin PBXVariantGroup section */
		A512931D1FED0F3700F3F2BF /* Main.storyboard */ = {
			isa = PBXVariantGroup;
			children = (
				A512931E1FED0F3700F3F2BF /* Base */,
			);
			name = Main.storyboard;
			sourceTree = "<group>";
		};
		A51293221FED0F3700F3F2BF /* LaunchScreen.storyboard */ = {
			isa = PBXVariantGroup;
			children = (
				A51293231FED0F3700F3F2BF /* Base */,
			);
			name = LaunchScreen.storyboard;
			sourceTree = "<group>";
		};
/* End PBXVariantGroup section */

/* Begin XCBuildConfiguration section */
		A51293261FED0F3700F3F2BF /* Debug */ = {
			isa = XCBuildConfiguration;
			buildSettings = {
				ALWAYS_SEARCH_USER_PATHS = NO;
				CLANG_ANALYZER_NONNULL = YES;
				CLANG_ANALYZER_NUMBER_OBJECT_CONVERSION = YES_AGGRESSIVE;
				CLANG_CXX_LANGUAGE_STANDARD = "gnu++14";
				CLANG_CXX_LIBRARY = "libc++";
				CLANG_ENABLE_MODULES = YES;
				CLANG_ENABLE_OBJC_ARC = YES;
				CLANG_WARN_BLOCK_CAPTURE_AUTORELEASING = YES;
				CLANG_WARN_BOOL_CONVERSION = YES;
				CLANG_WARN_COMMA = YES;
				CLANG_WARN_CONSTANT_CONVERSION = YES;
				CLANG_WARN_DIRECT_OBJC_ISA_USAGE = YES_ERROR;
				CLANG_WARN_DOCUMENTATION_COMMENTS = YES;
				CLANG_WARN_EMPTY_BODY = YES;
				CLANG_WARN_ENUM_CONVERSION = YES;
				CLANG_WARN_INFINITE_RECURSION = YES;
				CLANG_WARN_INT_CONVERSION = YES;
				CLANG_WARN_NON_LITERAL_NULL_CONVERSION = YES;
				CLANG_WARN_OBJC_LITERAL_CONVERSION = YES;
				CLANG_WARN_OBJC_ROOT_CLASS = YES_ERROR;
				CLANG_WARN_RANGE_LOOP_ANALYSIS = YES;
				CLANG_WARN_STRICT_PROTOTYPES = YES;
				CLANG_WARN_SUSPICIOUS_MOVE = YES;
				CLANG_WARN_UNGUARDED_AVAILABILITY = YES_AGGRESSIVE;
				CLANG_WARN_UNREACHABLE_CODE = YES;
				CLANG_WARN__DUPLICATE_METHOD_MATCH = YES;
				CODE_SIGN_IDENTITY = "iPhone Developer";
				COPY_PHASE_STRIP = NO;
				DEBUG_INFORMATION_FORMAT = dwarf;
				ENABLE_STRICT_OBJC_MSGSEND = YES;
				ENABLE_TESTABILITY = YES;
				GCC_C_LANGUAGE_STANDARD = gnu11;
				GCC_DYNAMIC_NO_PIC = NO;
				GCC_NO_COMMON_BLOCKS = YES;
				GCC_OPTIMIZATION_LEVEL = 0;
				GCC_PREPROCESSOR_DEFINITIONS = (
					"DEBUG=1",
					"$(inherited)",
				);
				GCC_WARN_64_TO_32_BIT_CONVERSION = YES;
				GCC_WARN_ABOUT_RETURN_TYPE = YES_ERROR;
				GCC_WARN_UNDECLARED_SELECTOR = YES;
				GCC_WARN_UNINITIALIZED_AUTOS = YES_AGGRESSIVE;
				GCC_WARN_UNUSED_FUNCTION = YES;
				GCC_WARN_UNUSED_VARIABLE = YES;
				IPHONEOS_DEPLOYMENT_TARGET = 11.0;
				MTL_ENABLE_DEBUG_INFO = YES;
				ONLY_ACTIVE_ARCH = YES;
				SDKROOT = iphoneos;
				SWIFT_ACTIVE_COMPILATION_CONDITIONS = DEBUG;
				SWIFT_OPTIMIZATION_LEVEL = "-Onone";
			};
			name = Debug;
		};
		A51293271FED0F3700F3F2BF /* Release */ = {
			isa = XCBuildConfiguration;
			buildSettings = {
				ALWAYS_SEARCH_USER_PATHS = NO;
				CLANG_ANALYZER_NONNULL = YES;
				CLANG_ANALYZER_NUMBER_OBJECT_CONVERSION = YES_AGGRESSIVE;
				CLANG_CXX_LANGUAGE_STANDARD = "gnu++14";
				CLANG_CXX_LIBRARY = "libc++";
				CLANG_ENABLE_MODULES = YES;
				CLANG_ENABLE_OBJC_ARC = YES;
				CLANG_WARN_BLOCK_CAPTURE_AUTORELEASING = YES;
				CLANG_WARN_BOOL_CONVERSION = YES;
				CLANG_WARN_COMMA = YES;
				CLANG_WARN_CONSTANT_CONVERSION = YES;
				CLANG_WARN_DIRECT_OBJC_ISA_USAGE = YES_ERROR;
				CLANG_WARN_DOCUMENTATION_COMMENTS = YES;
				CLANG_WARN_EMPTY_BODY = YES;
				CLANG_WARN_ENUM_CONVERSION = YES;
				CLANG_WARN_INFINITE_RECURSION = YES;
				CLANG_WARN_INT_CONVERSION = YES;
				CLANG_WARN_NON_LITERAL_NULL_CONVERSION = YES;
				CLANG_WARN_OBJC_LITERAL_CONVERSION = YES;
				CLANG_WARN_OBJC_ROOT_CLASS = YES_ERROR;
				CLANG_WARN_RANGE_LOOP_ANALYSIS = YES;
				CLANG_WARN_STRICT_PROTOTYPES = YES;
				CLANG_WARN_SUSPICIOUS_MOVE = YES;
				CLANG_WARN_UNGUARDED_AVAILABILITY = YES_AGGRESSIVE;
				CLANG_WARN_UNREACHABLE_CODE = YES;
				CLANG_WARN__DUPLICATE_METHOD_MATCH = YES;
				CODE_SIGN_IDENTITY = "iPhone Developer";
				COPY_PHASE_STRIP = NO;
				DEBUG_INFORMATION_FORMAT = "dwarf-with-dsym";
				ENABLE_NS_ASSERTIONS = NO;
				ENABLE_STRICT_OBJC_MSGSEND = YES;
				GCC_C_LANGUAGE_STANDARD = gnu11;
				GCC_NO_COMMON_BLOCKS = YES;
				GCC_WARN_64_TO_32_BIT_CONVERSION = YES;
				GCC_WARN_ABOUT_RETURN_TYPE = YES_ERROR;
				GCC_WARN_UNDECLARED_SELECTOR = YES;
				GCC_WARN_UNINITIALIZED_AUTOS = YES_AGGRESSIVE;
				GCC_WARN_UNUSED_FUNCTION = YES;
				GCC_WARN_UNUSED_VARIABLE = YES;
				IPHONEOS_DEPLOYMENT_TARGET = 11.0;
				MTL_ENABLE_DEBUG_INFO = NO;
				SDKROOT = iphoneos;
				SWIFT_OPTIMIZATION_LEVEL = "-Owholemodule";
				VALIDATE_PRODUCT = YES;
			};
			name = Release;
		};
		A51293291FED0F3700F3F2BF /* Debug */ = {
			isa = XCBuildConfiguration;
			buildSettings = {
				ASSETCATALOG_COMPILER_APPICON_NAME = AppIcon;
				CLANG_ENABLE_MODULES = YES;
				CODE_SIGN_STYLE = Automatic;
				INFOPLIST_FILE = "17_12_22_通讯录/Info.plist";
				LD_RUNPATH_SEARCH_PATHS = "$(inherited) @executable_path/Frameworks";
				PRODUCT_BUNDLE_IDENTIFIER = "com.-7-12-22----";
				PRODUCT_NAME = "$(TARGET_NAME)";
				SWIFT_OBJC_BRIDGING_HEADER = "17_12_22_通讯录/17_12_22_通讯录-Bridging-Header.h";
				SWIFT_OPTIMIZATION_LEVEL = "-Onone";
				SWIFT_VERSION = 4.0;
				TARGETED_DEVICE_FAMILY = "1,2";
			};
			name = Debug;
		};
		A512932A1FED0F3700F3F2BF /* Release */ = {
			isa = XCBuildConfiguration;
			buildSettings = {
				ASSETCATALOG_COMPILER_APPICON_NAME = AppIcon;
				CLANG_ENABLE_MODULES = YES;
				CODE_SIGN_STYLE = Automatic;
				INFOPLIST_FILE = "17_12_22_通讯录/Info.plist";
				LD_RUNPATH_SEARCH_PATHS = "$(inherited) @executable_path/Frameworks";
				PRODUCT_BUNDLE_IDENTIFIER = "com.-7-12-22----";
				PRODUCT_NAME = "$(TARGET_NAME)";
				SWIFT_OBJC_BRIDGING_HEADER = "17_12_22_通讯录/17_12_22_通讯录-Bridging-Header.h";
				SWIFT_VERSION = 4.0;
				TARGETED_DEVICE_FAMILY = "1,2";
			};
			name = Release;
		};
/* End XCBuildConfiguration section */

/* Begin XCConfigurationList section */
		A51293111FED0F3700F3F2BF /* Build configuration list for PBXProject "17_12_22_通讯录" */ = {
			isa = XCConfigurationList;
			buildConfigurations = (
				A51293261FED0F3700F3F2BF /* Debug */,
				A51293271FED0F3700F3F2BF /* Release */,
			);
			defaultConfigurationIsVisible = 0;
			defaultConfigurationName = Release;
		};
		A51293281FED0F3700F3F2BF /* Build configuration list for PBXNativeTarget "17_12_22_通讯录" */ = {
			isa = XCConfigurationList;
			buildConfigurations = (
				A51293291FED0F3700F3F2BF /* Debug */,
				A512932A1FED0F3700F3F2BF /* Release */,
			);
			defaultConfigurationIsVisible = 0;
			defaultConfigurationName = Release;
		};
/* End XCConfigurationList section */
	};
	rootObject = A512930E1FED0F3700F3F2BF /* Project object */;
}
