// !$*UTF8*$!
{
	archiveVersion = 1;
	classes = {
	};
	objectVersion = 48;
	objects = {

/* Begin PBXBuildFile section */
		A5D1B2CA1F86446500076AF4 /* AppDelegate.swift in Sources */ = {isa = PBXBuildFile; fileRef = A5D1B2C91F86446500076AF4 /* AppDelegate.swift */; };
		A5D1B2CC1F86446500076AF4 /* ViewController.swift in Sources */ = {isa = PBXBuildFile; fileRef = A5D1B2CB1F86446500076AF4 /* ViewController.swift */; };
		A5D1B2CF1F86446500076AF4 /* Main.storyboard in Resources */ = {isa = PBXBuildFile; fileRef = A5D1B2CD1F86446500076AF4 /* Main.storyboard */; };
		A5D1B2D11F86446500076AF4 /* Assets.xcassets in Resources */ = {isa = PBXBuildFile; fileRef = A5D1B2D01F86446500076AF4 /* Assets.xcassets */; };
		A5D1B2D41F86446500076AF4 /* LaunchScreen.storyboard in Resources */ = {isa = PBXBuildFile; fileRef = A5D1B2D21F86446500076AF4 /* LaunchScreen.storyboard */; };
		A5D1B2DD1F8644FF00076AF4 /* Company.xcdatamodeld in Sources */ = {isa = PBXBuildFile; fileRef = A5D1B2DB1F8644FF00076AF4 /* Company.xcdatamodeld */; };
		A5D1B2E01F86468300076AF4 /* Employee+CoreDataClass.swift in Sources */ = {isa = PBXBuildFile; fileRef = A5D1B2DE1F86468300076AF4 /* Employee+CoreDataClass.swift */; };
		A5D1B2E11F86468300076AF4 /* Employee+CoreDataProperties.swift in Sources */ = {isa = PBXBuildFile; fileRef = A5D1B2DF1F86468300076AF4 /* Employee+CoreDataProperties.swift */; };
/* End PBXBuildFile section */

/* Begin PBXFileReference section */
		A5D1B2C61F86446500076AF4 /* 17_10_05_CoreData.app */ = {isa = PBXFileReference; explicitFileType = wrapper.application; includeInIndex = 0; path = 17_10_05_CoreData.app; sourceTree = BUILT_PRODUCTS_DIR; };
		A5D1B2C91F86446500076AF4 /* AppDelegate.swift */ = {isa = PBXFileReference; lastKnownFileType = sourcecode.swift; path = AppDelegate.swift; sourceTree = "<group>"; };
		A5D1B2CB1F86446500076AF4 /* ViewController.swift */ = {isa = PBXFileReference; lastKnownFileType = sourcecode.swift; path = ViewController.swift; sourceTree = "<group>"; };
		A5D1B2CE1F86446500076AF4 /* Base */ = {isa = PBXFileReference; lastKnownFileType = file.storyboard; name = Base; path = Base.lproj/Main.storyboard; sourceTree = "<group>"; };
		A5D1B2D01F86446500076AF4 /* Assets.xcassets */ = {isa = PBXFileReference; lastKnownFileType = folder.assetcatalog; path = Assets.xcassets; sourceTree = "<group>"; };
		A5D1B2D31F86446500076AF4 /* Base */ = {isa = PBXFileReference; lastKnownFileType = file.storyboard; name = Base; path = Base.lproj/LaunchScreen.storyboard; sourceTree = "<group>"; };
		A5D1B2D51F86446500076AF4 /* Info.plist */ = {isa = PBXFileReference; lastKnownFileType = text.plist.xml; path = Info.plist; sourceTree = "<group>"; };
		A5D1B2DC1F8644FF00076AF4 /* Company.xcdatamodel */ = {isa = PBXFileReference; lastKnownFileType = wrapper.xcdatamodel; path = Company.xcdatamodel; sourceTree = "<group>"; };
		A5D1B2DE1F86468300076AF4 /* Employee+CoreDataClass.swift */ = {isa = PBXFileReference; lastKnownFileType = sourcecode.swift; name = "Employee+CoreDataClass.swift"; path = "17_10_05_CoreData/Employee+CoreDataClass.swift"; sourceTree = "<group>"; };
		A5D1B2DF1F86468300076AF4 /* Employee+CoreDataProperties.swift */ = {isa = PBXFileReference; lastKnownFileType = sourcecode.swift; name = "Employee+CoreDataProperties.swift"; path = "17_10_05_CoreData/Employee+CoreDataProperties.swift"; sourceTree = "<group>"; };
/* End PBXFileReference section */

/* Begin PBXFrameworksBuildPhase section */
		A5D1B2C31F86446500076AF4 /* Frameworks */ = {
			isa = PBXFrameworksBuildPhase;
			buildActionMask = 2147483647;
			files = (
			);
			runOnlyForDeploymentPostprocessing = 0;
		};
/* End PBXFrameworksBuildPhase section */

/* Begin PBXGroup section */
		A5D1B2BD1F86446500076AF4 = {
			isa = PBXGroup;
			children = (
				A5D1B2DE1F86468300076AF4 /* Employee+CoreDataClass.swift */,
				A5D1B2DF1F86468300076AF4 /* Employee+CoreDataProperties.swift */,
				A5D1B2DB1F8644FF00076AF4 /* Company.xcdatamodeld */,
				A5D1B2C81F86446500076AF4 /* 17_10_05_CoreData */,
				A5D1B2C71F86446500076AF4 /* Products */,
			);
			sourceTree = "<group>";
		};
		A5D1B2C71F86446500076AF4 /* Products */ = {
			isa = PBXGroup;
			children = (
				A5D1B2C61F86446500076AF4 /* 17_10_05_CoreData.app */,
			);
			name = Products;
			sourceTree = "<group>";
		};
		A5D1B2C81F86446500076AF4 /* 17_10_05_CoreData */ = {
			isa = PBXGroup;
			children = (
				A5D1B2C91F86446500076AF4 /* AppDelegate.swift */,
				A5D1B2CB1F86446500076AF4 /* ViewController.swift */,
				A5D1B2CD1F86446500076AF4 /* Main.storyboard */,
				A5D1B2D01F86446500076AF4 /* Assets.xcassets */,
				A5D1B2D21F86446500076AF4 /* LaunchScreen.storyboard */,
				A5D1B2D51F86446500076AF4 /* Info.plist */,
			);
			path = 17_10_05_CoreData;
			sourceTree = "<group>";
		};
/* End PBXGroup section */

/* Begin PBXNativeTarget section */
		A5D1B2C51F86446500076AF4 /* 17_10_05_CoreData */ = {
			isa = PBXNativeTarget;
			buildConfigurationList = A5D1B2D81F86446500076AF4 /* Build configuration list for PBXNativeTarget "17_10_05_CoreData" */;
			buildPhases = (
				A5D1B2C21F86446500076AF4 /* Sources */,
				A5D1B2C31F86446500076AF4 /* Frameworks */,
				A5D1B2C41F86446500076AF4 /* Resources */,
			);
			buildRules = (
			);
			dependencies = (
			);
			name = 17_10_05_CoreData;
			productName = 17_10_05_CoreData;
			productReference = A5D1B2C61F86446500076AF4 /* 17_10_05_CoreData.app */;
			productType = "com.apple.product-type.application";
		};
/* End PBXNativeTarget section */

/* Begin PBXProject section */
		A5D1B2BE1F86446500076AF4 /* Project object */ = {
			isa = PBXProject;
			attributes = {
				LastSwiftUpdateCheck = 0900;
				LastUpgradeCheck = 0900;
				ORGANIZATIONNAME = "姚懿恒";
				TargetAttributes = {
					A5D1B2C51F86446500076AF4 = {
						CreatedOnToolsVersion = 9.0;
						ProvisioningStyle = Automatic;
					};
				};
			};
			buildConfigurationList = A5D1B2C11F86446500076AF4 /* Build configuration list for PBXProject "17_10_05_CoreData" */;
			compatibilityVersion = "Xcode 8.0";
			developmentRegion = en;
			hasScannedForEncodings = 0;
			knownRegions = (
				en,
				Base,
			);
			mainGroup = A5D1B2BD1F86446500076AF4;
			productRefGroup = A5D1B2C71F86446500076AF4 /* Products */;
			projectDirPath = "";
			projectRoot = "";
			targets = (
				A5D1B2C51F86446500076AF4 /* 17_10_05_CoreData */,
			);
		};
/* End PBXProject section */

/* Begin PBXResourcesBuildPhase section */
		A5D1B2C41F86446500076AF4 /* Resources */ = {
			isa = PBXResourcesBuildPhase;
			buildActionMask = 2147483647;
			files = (
				A5D1B2D41F86446500076AF4 /* LaunchScreen.storyboard in Resources */,
				A5D1B2D11F86446500076AF4 /* Assets.xcassets in Resources */,
				A5D1B2CF1F86446500076AF4 /* Main.storyboard in Resources */,
			);
			runOnlyForDeploymentPostprocessing = 0;
		};
/* End PBXResourcesBuildPhase section */

/* Begin PBXSourcesBuildPhase section */
		A5D1B2C21F86446500076AF4 /* Sources */ = {
			isa = PBXSourcesBuildPhase;
			buildActionMask = 2147483647;
			files = (
				A5D1B2CC1F86446500076AF4 /* ViewController.swift in Sources */,
				A5D1B2DD1F8644FF00076AF4 /* Company.xcdatamodeld in Sources */,
				A5D1B2CA1F86446500076AF4 /* AppDelegate.swift in Sources */,
				A5D1B2E01F86468300076AF4 /* Employee+CoreDataClass.swift in Sources */,
				A5D1B2E11F86468300076AF4 /* Employee+CoreDataProperties.swift in Sources */,
			);
			runOnlyForDeploymentPostprocessing = 0;
		};
/* End PBXSourcesBuildPhase section */

/* Begin PBXVariantGroup section */
		A5D1B2CD1F86446500076AF4 /* Main.storyboard */ = {
			isa = PBXVariantGroup;
			children = (
				A5D1B2CE1F86446500076AF4 /* Base */,
			);
			name = Main.storyboard;
			sourceTree = "<group>";
		};
		A5D1B2D21F86446500076AF4 /* LaunchScreen.storyboard */ = {
			isa = PBXVariantGroup;
			children = (
				A5D1B2D31F86446500076AF4 /* Base */,
			);
			name = LaunchScreen.storyboard;
			sourceTree = "<group>";
		};
/* End PBXVariantGroup section */

/* Begin XCBuildConfiguration section */
		A5D1B2D61F86446500076AF4 /* Debug */ = {
			isa = XCBuildConfiguration;
			buildSettings = {
				ALWAYS_SEARCH_USER_PATHS = NO;
				CLANG_ANALYZER_NONNULL = YES;
				CLANG_ANALYZER_NUMBER_OBJECT_CONVERSION = YES_AGGRESSIVE;
				CLANG_CXX_LANGUAGE_STANDARD = "gnu++14";
				CLANG_CXX_LIBRARY = "libc++";
				CLANG_ENABLE_MODULES = YES;
				CLANG_ENABLE_OBJC_ARC = YES;
				CLANG_WARN_BLOCK_CAPTURE_AUTORELEASING = YES;
				CLANG_WARN_BOOL_CONVERSION = YES;
				CLANG_WARN_COMMA = YES;
				CLANG_WARN_CONSTANT_CONVERSION = YES;
				CLANG_WARN_DIRECT_OBJC_ISA_USAGE = YES_ERROR;
				CLANG_WARN_DOCUMENTATION_COMMENTS = YES;
				CLANG_WARN_EMPTY_BODY = YES;
				CLANG_WARN_ENUM_CONVERSION = YES;
				CLANG_WARN_INFINITE_RECURSION = YES;
				CLANG_WARN_INT_CONVERSION = YES;
				CLANG_WARN_NON_LITERAL_NULL_CONVERSION = YES;
				CLANG_WARN_OBJC_LITERAL_CONVERSION = YES;
				CLANG_WARN_OBJC_ROOT_CLASS = YES_ERROR;
				CLANG_WARN_RANGE_LOOP_ANALYSIS = YES;
				CLANG_WARN_STRICT_PROTOTYPES = YES;
				CLANG_WARN_SUSPICIOUS_MOVE = YES;
				CLANG_WARN_UNGUARDED_AVAILABILITY = YES_AGGRESSIVE;
				CLANG_WARN_UNREACHABLE_CODE = YES;
				CLANG_WARN__DUPLICATE_METHOD_MATCH = YES;
				CODE_SIGN_IDENTITY = "iPhone Developer";
				COPY_PHASE_STRIP = NO;
				DEBUG_INFORMATION_FORMAT = dwarf;
				ENABLE_STRICT_OBJC_MSGSEND = YES;
				ENABLE_TESTABILITY = YES;
				GCC_C_LANGUAGE_STANDARD = gnu11;
				GCC_DYNAMIC_NO_PIC = NO;
				GCC_NO_COMMON_BLOCKS = YES;
				GCC_OPTIMIZATION_LEVEL = 0;
				GCC_PREPROCESSOR_DEFINITIONS = (
					"DEBUG=1",
					"$(inherited)",
				);
				GCC_WARN_64_TO_32_BIT_CONVERSION = YES;
				GCC_WARN_ABOUT_RETURN_TYPE = YES_ERROR;
				GCC_WARN_UNDECLARED_SELECTOR = YES;
				GCC_WARN_UNINITIALIZED_AUTOS = YES_AGGRESSIVE;
				GCC_WARN_UNUSED_FUNCTION = YES;
				GCC_WARN_UNUSED_VARIABLE = YES;
				IPHONEOS_DEPLOYMENT_TARGET = 11.0;
				MTL_ENABLE_DEBUG_INFO = YES;
				ONLY_ACTIVE_ARCH = YES;
				SDKROOT = iphoneos;
				SWIFT_ACTIVE_COMPILATION_CONDITIONS = DEBUG;
				SWIFT_OPTIMIZATION_LEVEL = "-Onone";
			};
			name = Debug;
		};
		A5D1B2D71F86446500076AF4 /* Release */ = {
			isa = XCBuildConfiguration;
			buildSettings = {
				ALWAYS_SEARCH_USER_PATHS = NO;
				CLANG_ANALYZER_NONNULL = YES;
				CLANG_ANALYZER_NUMBER_OBJECT_CONVERSION = YES_AGGRESSIVE;
				CLANG_CXX_LANGUAGE_STANDARD = "gnu++14";
				CLANG_CXX_LIBRARY = "libc++";
				CLANG_ENABLE_MODULES = YES;
				CLANG_ENABLE_OBJC_ARC = YES;
				CLANG_WARN_BLOCK_CAPTURE_AUTORELEASING = YES;
				CLANG_WARN_BOOL_CONVERSION = YES;
				CLANG_WARN_COMMA = YES;
				CLANG_WARN_CONSTANT_CONVERSION = YES;
				CLANG_WARN_DIRECT_OBJC_ISA_USAGE = YES_ERROR;
				CLANG_WARN_DOCUMENTATION_COMMENTS = YES;
				CLANG_WARN_EMPTY_BODY = YES;
				CLANG_WARN_ENUM_CONVERSION = YES;
				CLANG_WARN_INFINITE_RECURSION = YES;
				CLANG_WARN_INT_CONVERSION = YES;
				CLANG_WARN_NON_LITERAL_NULL_CONVERSION = YES;
				CLANG_WARN_OBJC_LITERAL_CONVERSION = YES;
				CLANG_WARN_OBJC_ROOT_CLASS = YES_ERROR;
				CLANG_WARN_RANGE_LOOP_ANALYSIS = YES;
				CLANG_WARN_STRICT_PROTOTYPES = YES;
				CLANG_WARN_SUSPICIOUS_MOVE = YES;
				CLANG_WARN_UNGUARDED_AVAILABILITY = YES_AGGRESSIVE;
				CLANG_WARN_UNREACHABLE_CODE = YES;
				CLANG_WARN__DUPLICATE_METHOD_MATCH = YES;
				CODE_SIGN_IDENTITY = "iPhone Developer";
				COPY_PHASE_STRIP = NO;
				DEBUG_INFORMATION_FORMAT = "dwarf-with-dsym";
				ENABLE_NS_ASSERTIONS = NO;
				ENABLE_STRICT_OBJC_MSGSEND = YES;
				GCC_C_LANGUAGE_STANDARD = gnu11;
				GCC_NO_COMMON_BLOCKS = YES;
				GCC_WARN_64_TO_32_BIT_CONVERSION = YES;
				GCC_WARN_ABOUT_RETURN_TYPE = YES_ERROR;
				GCC_WARN_UNDECLARED_SELECTOR = YES;
				GCC_WARN_UNINITIALIZED_AUTOS = YES_AGGRESSIVE;
				GCC_WARN_UNUSED_FUNCTION = YES;
				GCC_WARN_UNUSED_VARIABLE = YES;
				IPHONEOS_DEPLOYMENT_TARGET = 11.0;
				MTL_ENABLE_DEBUG_INFO = NO;
				SDKROOT = iphoneos;
				SWIFT_OPTIMIZATION_LEVEL = "-Owholemodule";
				VALIDATE_PRODUCT = YES;
			};
			name = Release;
		};
		A5D1B2D91F86446500076AF4 /* Debug */ = {
			isa = XCBuildConfiguration;
			buildSettings = {
				ASSETCATALOG_COMPILER_APPICON_NAME = AppIcon;
				CODE_SIGN_STYLE = Automatic;
				INFOPLIST_FILE = 17_10_05_CoreData/Info.plist;
				LD_RUNPATH_SEARCH_PATHS = "$(inherited) @executable_path/Frameworks";
				PRODUCT_BUNDLE_IDENTIFIER = "com.-7-10-05-CoreData";
				PRODUCT_NAME = "$(TARGET_NAME)";
				SWIFT_VERSION = 4.0;
				TARGETED_DEVICE_FAMILY = "1,2";
			};
			name = Debug;
		};
		A5D1B2DA1F86446500076AF4 /* Release */ = {
			isa = XCBuildConfiguration;
			buildSettings = {
				ASSETCATALOG_COMPILER_APPICON_NAME = AppIcon;
				CODE_SIGN_STYLE = Automatic;
				INFOPLIST_FILE = 17_10_05_CoreData/Info.plist;
				LD_RUNPATH_SEARCH_PATHS = "$(inherited) @executable_path/Frameworks";
				PRODUCT_BUNDLE_IDENTIFIER = "com.-7-10-05-CoreData";
				PRODUCT_NAME = "$(TARGET_NAME)";
				SWIFT_VERSION = 4.0;
				TARGETED_DEVICE_FAMILY = "1,2";
			};
			name = Release;
		};
/* End XCBuildConfiguration section */

/* Begin XCConfigurationList section */
		A5D1B2C11F86446500076AF4 /* Build configuration list for PBXProject "17_10_05_CoreData" */ = {
			isa = XCConfigurationList;
			buildConfigurations = (
				A5D1B2D61F86446500076AF4 /* Debug */,
				A5D1B2D71F86446500076AF4 /* Release */,
			);
			defaultConfigurationIsVisible = 0;
			defaultConfigurationName = Release;
		};
		A5D1B2D81F86446500076AF4 /* Build configuration list for PBXNativeTarget "17_10_05_CoreData" */ = {
			isa = XCConfigurationList;
			buildConfigurations = (
				A5D1B2D91F86446500076AF4 /* Debug */,
				A5D1B2DA1F86446500076AF4 /* Release */,
			);
			defaultConfigurationIsVisible = 0;
			defaultConfigurationName = Release;
		};
/* End XCConfigurationList section */

/* Begin XCVersionGroup section */
		A5D1B2DB1F8644FF00076AF4 /* Company.xcdatamodeld */ = {
			isa = XCVersionGroup;
			children = (
				A5D1B2DC1F8644FF00076AF4 /* Company.xcdatamodel */,
			);
			currentVersion = A5D1B2DC1F8644FF00076AF4 /* Company.xcdatamodel */;
			path = Company.xcdatamodeld;
			sourceTree = "<group>";
			versionGroupType = wrapper.xcdatamodel;
		};
/* End XCVersionGroup section */
	};
	rootObject = A5D1B2BE1F86446500076AF4 /* Project object */;
}
