// !$*UTF8*$!
{
	archiveVersion = 1;
	classes = {
	};
	objectVersion = 48;
	objects = {

/* Begin PBXBuildFile section */
		A574F1561F75280C00573669 /* AppDelegate.swift in Sources */ = {isa = PBXBuildFile; fileRef = A574F1551F75280C00573669 /* AppDelegate.swift */; };
		A574F1581F75280C00573669 /* ViewController.swift in Sources */ = {isa = PBXBuildFile; fileRef = A574F1571F75280C00573669 /* ViewController.swift */; };
		A574F15B1F75280C00573669 /* Main.storyboard in Resources */ = {isa = PBXBuildFile; fileRef = A574F1591F75280C00573669 /* Main.storyboard */; };
		A574F15D1F75280C00573669 /* Assets.xcassets in Resources */ = {isa = PBXBuildFile; fileRef = A574F15C1F75280C00573669 /* Assets.xcassets */; };
		A574F1601F75280C00573669 /* LaunchScreen.storyboard in Resources */ = {isa = PBXBuildFile; fileRef = A574F15E1F75280C00573669 /* LaunchScreen.storyboard */; };
/* End PBXBuildFile section */

/* Begin PBXFileReference section */
		A574F1521F75280B00573669 /* 17_09_22_不同应用间的跳转.app */ = {isa = PBXFileReference; explicitFileType = wrapper.application; includeInIndex = 0; path = "17_09_22_不同应用间的跳转.app"; sourceTree = BUILT_PRODUCTS_DIR; };
		A574F1551F75280C00573669 /* AppDelegate.swift */ = {isa = PBXFileReference; lastKnownFileType = sourcecode.swift; path = AppDelegate.swift; sourceTree = "<group>"; };
		A574F1571F75280C00573669 /* ViewController.swift */ = {isa = PBXFileReference; lastKnownFileType = sourcecode.swift; path = ViewController.swift; sourceTree = "<group>"; };
		A574F15A1F75280C00573669 /* Base */ = {isa = PBXFileReference; lastKnownFileType = file.storyboard; name = Base; path = Base.lproj/Main.storyboard; sourceTree = "<group>"; };
		A574F15C1F75280C00573669 /* Assets.xcassets */ = {isa = PBXFileReference; lastKnownFileType = folder.assetcatalog; path = Assets.xcassets; sourceTree = "<group>"; };
		A574F15F1F75280C00573669 /* Base */ = {isa = PBXFileReference; lastKnownFileType = file.storyboard; name = Base; path = Base.lproj/LaunchScreen.storyboard; sourceTree = "<group>"; };
		A574F1611F75280C00573669 /* Info.plist */ = {isa = PBXFileReference; lastKnownFileType = text.plist.xml; path = Info.plist; sourceTree = "<group>"; };
/* End PBXFileReference section */

/* Begin PBXFrameworksBuildPhase section */
		A574F14F1F75280B00573669 /* Frameworks */ = {
			isa = PBXFrameworksBuildPhase;
			buildActionMask = 2147483647;
			files = (
			);
			runOnlyForDeploymentPostprocessing = 0;
		};
/* End PBXFrameworksBuildPhase section */

/* Begin PBXGroup section */
		A574F1491F75280B00573669 = {
			isa = PBXGroup;
			children = (
				A574F1541F75280B00573669 /* 17_09_22_不同应用间的跳转 */,
				A574F1531F75280B00573669 /* Products */,
			);
			sourceTree = "<group>";
		};
		A574F1531F75280B00573669 /* Products */ = {
			isa = PBXGroup;
			children = (
				A574F1521F75280B00573669 /* 17_09_22_不同应用间的跳转.app */,
			);
			name = Products;
			sourceTree = "<group>";
		};
		A574F1541F75280B00573669 /* 17_09_22_不同应用间的跳转 */ = {
			isa = PBXGroup;
			children = (
				A574F1551F75280C00573669 /* AppDelegate.swift */,
				A574F1571F75280C00573669 /* ViewController.swift */,
				A574F1591F75280C00573669 /* Main.storyboard */,
				A574F15C1F75280C00573669 /* Assets.xcassets */,
				A574F15E1F75280C00573669 /* LaunchScreen.storyboard */,
				A574F1611F75280C00573669 /* Info.plist */,
			);
			path = "17_09_22_不同应用间的跳转";
			sourceTree = "<group>";
		};
/* End PBXGroup section */

/* Begin PBXNativeTarget section */
		A574F1511F75280B00573669 /* 17_09_22_不同应用间的跳转 */ = {
			isa = PBXNativeTarget;
			buildConfigurationList = A574F1641F75280C00573669 /* Build configuration list for PBXNativeTarget "17_09_22_不同应用间的跳转" */;
			buildPhases = (
				A574F14E1F75280B00573669 /* Sources */,
				A574F14F1F75280B00573669 /* Frameworks */,
				A574F1501F75280B00573669 /* Resources */,
			);
			buildRules = (
			);
			dependencies = (
			);
			name = "17_09_22_不同应用间的跳转";
			productName = "17_09_22_不同应用间的跳转";
			productReference = A574F1521F75280B00573669 /* 17_09_22_不同应用间的跳转.app */;
			productType = "com.apple.product-type.application";
		};
/* End PBXNativeTarget section */

/* Begin PBXProject section */
		A574F14A1F75280B00573669 /* Project object */ = {
			isa = PBXProject;
			attributes = {
				LastSwiftUpdateCheck = 0900;
				LastUpgradeCheck = 0900;
				ORGANIZATIONNAME = "姚懿恒";
				TargetAttributes = {
					A574F1511F75280B00573669 = {
						CreatedOnToolsVersion = 9.0;
						ProvisioningStyle = Automatic;
					};
				};
			};
			buildConfigurationList = A574F14D1F75280B00573669 /* Build configuration list for PBXProject "17_09_22_不同应用间的跳转" */;
			compatibilityVersion = "Xcode 8.0";
			developmentRegion = en;
			hasScannedForEncodings = 0;
			knownRegions = (
				en,
				Base,
			);
			mainGroup = A574F1491F75280B00573669;
			productRefGroup = A574F1531F75280B00573669 /* Products */;
			projectDirPath = "";
			projectRoot = "";
			targets = (
				A574F1511F75280B00573669 /* 17_09_22_不同应用间的跳转 */,
			);
		};
/* End PBXProject section */

/* Begin PBXResourcesBuildPhase section */
		A574F1501F75280B00573669 /* Resources */ = {
			isa = PBXResourcesBuildPhase;
			buildActionMask = 2147483647;
			files = (
				A574F1601F75280C00573669 /* LaunchScreen.storyboard in Resources */,
				A574F15D1F75280C00573669 /* Assets.xcassets in Resources */,
				A574F15B1F75280C00573669 /* Main.storyboard in Resources */,
			);
			runOnlyForDeploymentPostprocessing = 0;
		};
/* End PBXResourcesBuildPhase section */

/* Begin PBXSourcesBuildPhase section */
		A574F14E1F75280B00573669 /* Sources */ = {
			isa = PBXSourcesBuildPhase;
			buildActionMask = 2147483647;
			files = (
				A574F1581F75280C00573669 /* ViewController.swift in Sources */,
				A574F1561F75280C00573669 /* AppDelegate.swift in Sources */,
			);
			runOnlyForDeploymentPostprocessing = 0;
		};
/* End PBXSourcesBuildPhase section */

/* Begin PBXVariantGroup section */
		A574F1591F75280C00573669 /* Main.storyboard */ = {
			isa = PBXVariantGroup;
			children = (
				A574F15A1F75280C00573669 /* Base */,
			);
			name = Main.storyboard;
			sourceTree = "<group>";
		};
		A574F15E1F75280C00573669 /* LaunchScreen.storyboard */ = {
			isa = PBXVariantGroup;
			children = (
				A574F15F1F75280C00573669 /* Base */,
			);
			name = LaunchScreen.storyboard;
			sourceTree = "<group>";
		};
/* End PBXVariantGroup section */

/* Begin XCBuildConfiguration section */
		A574F1621F75280C00573669 /* Debug */ = {
			isa = XCBuildConfiguration;
			buildSettings = {
				ALWAYS_SEARCH_USER_PATHS = NO;
				CLANG_ANALYZER_NONNULL = YES;
				CLANG_ANALYZER_NUMBER_OBJECT_CONVERSION = YES_AGGRESSIVE;
				CLANG_CXX_LANGUAGE_STANDARD = "gnu++14";
				CLANG_CXX_LIBRARY = "libc++";
				CLANG_ENABLE_MODULES = YES;
				CLANG_ENABLE_OBJC_ARC = YES;
				CLANG_WARN_BLOCK_CAPTURE_AUTORELEASING = YES;
				CLANG_WARN_BOOL_CONVERSION = YES;
				CLANG_WARN_COMMA = YES;
				CLANG_WARN_CONSTANT_CONVERSION = YES;
				CLANG_WARN_DIRECT_OBJC_ISA_USAGE = YES_ERROR;
				CLANG_WARN_DOCUMENTATION_COMMENTS = YES;
				CLANG_WARN_EMPTY_BODY = YES;
				CLANG_WARN_ENUM_CONVERSION = YES;
				CLANG_WARN_INFINITE_RECURSION = YES;
				CLANG_WARN_INT_CONVERSION = YES;
				CLANG_WARN_NON_LITERAL_NULL_CONVERSION = YES;
				CLANG_WARN_OBJC_LITERAL_CONVERSION = YES;
				CLANG_WARN_OBJC_ROOT_CLASS = YES_ERROR;
				CLANG_WARN_RANGE_LOOP_ANALYSIS = YES;
				CLANG_WARN_STRICT_PROTOTYPES = YES;
				CLANG_WARN_SUSPICIOUS_MOVE = YES;
				CLANG_WARN_UNGUARDED_AVAILABILITY = YES_AGGRESSIVE;
				CLANG_WARN_UNREACHABLE_CODE = YES;
				CLANG_WARN__DUPLICATE_METHOD_MATCH = YES;
				CODE_SIGN_IDENTITY = "iPhone Developer";
				COPY_PHASE_STRIP = NO;
				DEBUG_INFORMATION_FORMAT = dwarf;
				ENABLE_STRICT_OBJC_MSGSEND = YES;
				ENABLE_TESTABILITY = YES;
				GCC_C_LANGUAGE_STANDARD = gnu11;
				GCC_DYNAMIC_NO_PIC = NO;
				GCC_NO_COMMON_BLOCKS = YES;
				GCC_OPTIMIZATION_LEVEL = 0;
				GCC_PREPROCESSOR_DEFINITIONS = (
					"DEBUG=1",
					"$(inherited)",
				);
				GCC_WARN_64_TO_32_BIT_CONVERSION = YES;
				GCC_WARN_ABOUT_RETURN_TYPE = YES_ERROR;
				GCC_WARN_UNDECLARED_SELECTOR = YES;
				GCC_WARN_UNINITIALIZED_AUTOS = YES_AGGRESSIVE;
				GCC_WARN_UNUSED_FUNCTION = YES;
				GCC_WARN_UNUSED_VARIABLE = YES;
				IPHONEOS_DEPLOYMENT_TARGET = 11.0;
				MTL_ENABLE_DEBUG_INFO = YES;
				ONLY_ACTIVE_ARCH = YES;
				SDKROOT = iphoneos;
				SWIFT_ACTIVE_COMPILATION_CONDITIONS = DEBUG;
				SWIFT_OPTIMIZATION_LEVEL = "-Onone";
			};
			name = Debug;
		};
		A574F1631F75280C00573669 /* Release */ = {
			isa = XCBuildConfiguration;
			buildSettings = {
				ALWAYS_SEARCH_USER_PATHS = NO;
				CLANG_ANALYZER_NONNULL = YES;
				CLANG_ANALYZER_NUMBER_OBJECT_CONVERSION = YES_AGGRESSIVE;
				CLANG_CXX_LANGUAGE_STANDARD = "gnu++14";
				CLANG_CXX_LIBRARY = "libc++";
				CLANG_ENABLE_MODULES = YES;
				CLANG_ENABLE_OBJC_ARC = YES;
				CLANG_WARN_BLOCK_CAPTURE_AUTORELEASING = YES;
				CLANG_WARN_BOOL_CONVERSION = YES;
				CLANG_WARN_COMMA = YES;
				CLANG_WARN_CONSTANT_CONVERSION = YES;
				CLANG_WARN_DIRECT_OBJC_ISA_USAGE = YES_ERROR;
				CLANG_WARN_DOCUMENTATION_COMMENTS = YES;
				CLANG_WARN_EMPTY_BODY = YES;
				CLANG_WARN_ENUM_CONVERSION = YES;
				CLANG_WARN_INFINITE_RECURSION = YES;
				CLANG_WARN_INT_CONVERSION = YES;
				CLANG_WARN_NON_LITERAL_NULL_CONVERSION = YES;
				CLANG_WARN_OBJC_LITERAL_CONVERSION = YES;
				CLANG_WARN_OBJC_ROOT_CLASS = YES_ERROR;
				CLANG_WARN_RANGE_LOOP_ANALYSIS = YES;
				CLANG_WARN_STRICT_PROTOTYPES = YES;
				CLANG_WARN_SUSPICIOUS_MOVE = YES;
				CLANG_WARN_UNGUARDED_AVAILABILITY = YES_AGGRESSIVE;
				CLANG_WARN_UNREACHABLE_CODE = YES;
				CLANG_WARN__DUPLICATE_METHOD_MATCH = YES;
				CODE_SIGN_IDENTITY = "iPhone Developer";
				COPY_PHASE_STRIP = NO;
				DEBUG_INFORMATION_FORMAT = "dwarf-with-dsym";
				ENABLE_NS_ASSERTIONS = NO;
				ENABLE_STRICT_OBJC_MSGSEND = YES;
				GCC_C_LANGUAGE_STANDARD = gnu11;
				GCC_NO_COMMON_BLOCKS = YES;
				GCC_WARN_64_TO_32_BIT_CONVERSION = YES;
				GCC_WARN_ABOUT_RETURN_TYPE = YES_ERROR;
				GCC_WARN_UNDECLARED_SELECTOR = YES;
				GCC_WARN_UNINITIALIZED_AUTOS = YES_AGGRESSIVE;
				GCC_WARN_UNUSED_FUNCTION = YES;
				GCC_WARN_UNUSED_VARIABLE = YES;
				IPHONEOS_DEPLOYMENT_TARGET = 11.0;
				MTL_ENABLE_DEBUG_INFO = NO;
				SDKROOT = iphoneos;
				SWIFT_OPTIMIZATION_LEVEL = "-Owholemodule";
				VALIDATE_PRODUCT = YES;
			};
			name = Release;
		};
		A574F1651F75280C00573669 /* Debug */ = {
			isa = XCBuildConfiguration;
			buildSettings = {
				ASSETCATALOG_COMPILER_APPICON_NAME = AppIcon;
				CODE_SIGN_STYLE = Automatic;
				DEVELOPMENT_TEAM = GA7XQJP4M7;
				INFOPLIST_FILE = "17_09_22_不同应用间的跳转/Info.plist";
				IPHONEOS_DEPLOYMENT_TARGET = 11.0;
				LD_RUNPATH_SEARCH_PATHS = "$(inherited) @executable_path/Frameworks";
				PRODUCT_BUNDLE_IDENTIFIER = "com.-7-09-22---------";
				PRODUCT_NAME = "$(TARGET_NAME)";
				SWIFT_VERSION = 4.0;
				TARGETED_DEVICE_FAMILY = "1,2";
			};
			name = Debug;
		};
		A574F1661F75280C00573669 /* Release */ = {
			isa = XCBuildConfiguration;
			buildSettings = {
				ASSETCATALOG_COMPILER_APPICON_NAME = AppIcon;
				CODE_SIGN_STYLE = Automatic;
				DEVELOPMENT_TEAM = GA7XQJP4M7;
				INFOPLIST_FILE = "17_09_22_不同应用间的跳转/Info.plist";
				IPHONEOS_DEPLOYMENT_TARGET = 11.0;
				LD_RUNPATH_SEARCH_PATHS = "$(inherited) @executable_path/Frameworks";
				PRODUCT_BUNDLE_IDENTIFIER = "com.-7-09-22---------";
				PRODUCT_NAME = "$(TARGET_NAME)";
				SWIFT_VERSION = 4.0;
				TARGETED_DEVICE_FAMILY = "1,2";
			};
			name = Release;
		};
/* End XCBuildConfiguration section */

/* Begin XCConfigurationList section */
		A574F14D1F75280B00573669 /* Build configuration list for PBXProject "17_09_22_不同应用间的跳转" */ = {
			isa = XCConfigurationList;
			buildConfigurations = (
				A574F1621F75280C00573669 /* Debug */,
				A574F1631F75280C00573669 /* Release */,
			);
			defaultConfigurationIsVisible = 0;
			defaultConfigurationName = Release;
		};
		A574F1641F75280C00573669 /* Build configuration list for PBXNativeTarget "17_09_22_不同应用间的跳转" */ = {
			isa = XCConfigurationList;
			buildConfigurations = (
				A574F1651F75280C00573669 /* Debug */,
				A574F1661F75280C00573669 /* Release */,
			);
			defaultConfigurationIsVisible = 0;
			defaultConfigurationName = Release;
		};
/* End XCConfigurationList section */
	};
	rootObject = A574F14A1F75280B00573669 /* Project object */;
}
