// !$*UTF8*$!
{
	archiveVersion = 1;
	classes = {
	};
	objectVersion = 46;
	objects = {

/* Begin PBXBuildFile section */
		A52FF44E1EE5B03500CBFD17 /* AppDelegate.swift in Sources */ = {isa = PBXBuildFile; fileRef = A52FF44D1EE5B03500CBFD17 /* AppDelegate.swift */; };
		A52FF4501EE5B03500CBFD17 /* ViewController.swift in Sources */ = {isa = PBXBuildFile; fileRef = A52FF44F1EE5B03500CBFD17 /* ViewController.swift */; };
		A52FF4531EE5B03500CBFD17 /* Main.storyboard in Resources */ = {isa = PBXBuildFile; fileRef = A52FF4511EE5B03500CBFD17 /* Main.storyboard */; };
		A52FF4551EE5B03500CBFD17 /* Assets.xcassets in Resources */ = {isa = PBXBuildFile; fileRef = A52FF4541EE5B03500CBFD17 /* Assets.xcassets */; };
		A52FF4581EE5B03500CBFD17 /* LaunchScreen.storyboard in Resources */ = {isa = PBXBuildFile; fileRef = A52FF4561EE5B03500CBFD17 /* LaunchScreen.storyboard */; };
		A52FF4601EE5B51900CBFD17 /* UITextField+extention.swift in Sources */ = {isa = PBXBuildFile; fileRef = A52FF45F1EE5B51900CBFD17 /* UITextField+extention.swift */; };
		A52FF4621EE5B99000CBFD17 /* UIButton+extention.swift in Sources */ = {isa = PBXBuildFile; fileRef = A52FF4611EE5B99000CBFD17 /* UIButton+extention.swift */; };
/* End PBXBuildFile section */

/* Begin PBXFileReference section */
		A52FF44A1EE5B03500CBFD17 /* 17_06_05_便利构造函数.app */ = {isa = PBXFileReference; explicitFileType = wrapper.application; includeInIndex = 0; path = "17_06_05_便利构造函数.app"; sourceTree = BUILT_PRODUCTS_DIR; };
		A52FF44D1EE5B03500CBFD17 /* AppDelegate.swift */ = {isa = PBXFileReference; lastKnownFileType = sourcecode.swift; path = AppDelegate.swift; sourceTree = "<group>"; };
		A52FF44F1EE5B03500CBFD17 /* ViewController.swift */ = {isa = PBXFileReference; lastKnownFileType = sourcecode.swift; path = ViewController.swift; sourceTree = "<group>"; };
		A52FF4521EE5B03500CBFD17 /* Base */ = {isa = PBXFileReference; lastKnownFileType = file.storyboard; name = Base; path = Base.lproj/Main.storyboard; sourceTree = "<group>"; };
		A52FF4541EE5B03500CBFD17 /* Assets.xcassets */ = {isa = PBXFileReference; lastKnownFileType = folder.assetcatalog; path = Assets.xcassets; sourceTree = "<group>"; };
		A52FF4571EE5B03500CBFD17 /* Base */ = {isa = PBXFileReference; lastKnownFileType = file.storyboard; name = Base; path = Base.lproj/LaunchScreen.storyboard; sourceTree = "<group>"; };
		A52FF4591EE5B03500CBFD17 /* Info.plist */ = {isa = PBXFileReference; lastKnownFileType = text.plist.xml; path = Info.plist; sourceTree = "<group>"; };
		A52FF45F1EE5B51900CBFD17 /* UITextField+extention.swift */ = {isa = PBXFileReference; fileEncoding = 4; lastKnownFileType = sourcecode.swift; path = "UITextField+extention.swift"; sourceTree = "<group>"; };
		A52FF4611EE5B99000CBFD17 /* UIButton+extention.swift */ = {isa = PBXFileReference; fileEncoding = 4; lastKnownFileType = sourcecode.swift; path = "UIButton+extention.swift"; sourceTree = "<group>"; };
/* End PBXFileReference section */

/* Begin PBXFrameworksBuildPhase section */
		A52FF4471EE5B03500CBFD17 /* Frameworks */ = {
			isa = PBXFrameworksBuildPhase;
			buildActionMask = 2147483647;
			files = (
			);
			runOnlyForDeploymentPostprocessing = 0;
		};
/* End PBXFrameworksBuildPhase section */

/* Begin PBXGroup section */
		A52FF4411EE5B03500CBFD17 = {
			isa = PBXGroup;
			children = (
				A52FF44C1EE5B03500CBFD17 /* 17_06_05_便利构造函数 */,
				A52FF44B1EE5B03500CBFD17 /* Products */,
			);
			sourceTree = "<group>";
		};
		A52FF44B1EE5B03500CBFD17 /* Products */ = {
			isa = PBXGroup;
			children = (
				A52FF44A1EE5B03500CBFD17 /* 17_06_05_便利构造函数.app */,
			);
			name = Products;
			sourceTree = "<group>";
		};
		A52FF44C1EE5B03500CBFD17 /* 17_06_05_便利构造函数 */ = {
			isa = PBXGroup;
			children = (
				A52FF44D1EE5B03500CBFD17 /* AppDelegate.swift */,
				A52FF44F1EE5B03500CBFD17 /* ViewController.swift */,
				A52FF45F1EE5B51900CBFD17 /* UITextField+extention.swift */,
				A52FF4611EE5B99000CBFD17 /* UIButton+extention.swift */,
				A52FF4511EE5B03500CBFD17 /* Main.storyboard */,
				A52FF4541EE5B03500CBFD17 /* Assets.xcassets */,
				A52FF4561EE5B03500CBFD17 /* LaunchScreen.storyboard */,
				A52FF4591EE5B03500CBFD17 /* Info.plist */,
			);
			path = "17_06_05_便利构造函数";
			sourceTree = "<group>";
		};
/* End PBXGroup section */

/* Begin PBXNativeTarget section */
		A52FF4491EE5B03500CBFD17 /* 17_06_05_便利构造函数 */ = {
			isa = PBXNativeTarget;
			buildConfigurationList = A52FF45C1EE5B03500CBFD17 /* Build configuration list for PBXNativeTarget "17_06_05_便利构造函数" */;
			buildPhases = (
				A52FF4461EE5B03500CBFD17 /* Sources */,
				A52FF4471EE5B03500CBFD17 /* Frameworks */,
				A52FF4481EE5B03500CBFD17 /* Resources */,
			);
			buildRules = (
			);
			dependencies = (
			);
			name = "17_06_05_便利构造函数";
			productName = "17_06_05_便利构造函数";
			productReference = A52FF44A1EE5B03500CBFD17 /* 17_06_05_便利构造函数.app */;
			productType = "com.apple.product-type.application";
		};
/* End PBXNativeTarget section */

/* Begin PBXProject section */
		A52FF4421EE5B03500CBFD17 /* Project object */ = {
			isa = PBXProject;
			attributes = {
				LastSwiftUpdateCheck = 0820;
				LastUpgradeCheck = 0820;
				ORGANIZATIONNAME = "姚懿恒";
				TargetAttributes = {
					A52FF4491EE5B03500CBFD17 = {
						CreatedOnToolsVersion = 8.2.1;
						ProvisioningStyle = Automatic;
					};
				};
			};
			buildConfigurationList = A52FF4451EE5B03500CBFD17 /* Build configuration list for PBXProject "17_06_05_便利构造函数" */;
			compatibilityVersion = "Xcode 3.2";
			developmentRegion = English;
			hasScannedForEncodings = 0;
			knownRegions = (
				en,
				Base,
			);
			mainGroup = A52FF4411EE5B03500CBFD17;
			productRefGroup = A52FF44B1EE5B03500CBFD17 /* Products */;
			projectDirPath = "";
			projectRoot = "";
			targets = (
				A52FF4491EE5B03500CBFD17 /* 17_06_05_便利构造函数 */,
			);
		};
/* End PBXProject section */

/* Begin PBXResourcesBuildPhase section */
		A52FF4481EE5B03500CBFD17 /* Resources */ = {
			isa = PBXResourcesBuildPhase;
			buildActionMask = 2147483647;
			files = (
				A52FF4581EE5B03500CBFD17 /* LaunchScreen.storyboard in Resources */,
				A52FF4551EE5B03500CBFD17 /* Assets.xcassets in Resources */,
				A52FF4531EE5B03500CBFD17 /* Main.storyboard in Resources */,
			);
			runOnlyForDeploymentPostprocessing = 0;
		};
/* End PBXResourcesBuildPhase section */

/* Begin PBXSourcesBuildPhase section */
		A52FF4461EE5B03500CBFD17 /* Sources */ = {
			isa = PBXSourcesBuildPhase;
			buildActionMask = 2147483647;
			files = (
				A52FF4501EE5B03500CBFD17 /* ViewController.swift in Sources */,
				A52FF44E1EE5B03500CBFD17 /* AppDelegate.swift in Sources */,
				A52FF4621EE5B99000CBFD17 /* UIButton+extention.swift in Sources */,
				A52FF4601EE5B51900CBFD17 /* UITextField+extention.swift in Sources */,
			);
			runOnlyForDeploymentPostprocessing = 0;
		};
/* End PBXSourcesBuildPhase section */

/* Begin PBXVariantGroup section */
		A52FF4511EE5B03500CBFD17 /* Main.storyboard */ = {
			isa = PBXVariantGroup;
			children = (
				A52FF4521EE5B03500CBFD17 /* Base */,
			);
			name = Main.storyboard;
			sourceTree = "<group>";
		};
		A52FF4561EE5B03500CBFD17 /* LaunchScreen.storyboard */ = {
			isa = PBXVariantGroup;
			children = (
				A52FF4571EE5B03500CBFD17 /* Base */,
			);
			name = LaunchScreen.storyboard;
			sourceTree = "<group>";
		};
/* End PBXVariantGroup section */

/* Begin XCBuildConfiguration section */
		A52FF45A1EE5B03500CBFD17 /* Debug */ = {
			isa = XCBuildConfiguration;
			buildSettings = {
				ALWAYS_SEARCH_USER_PATHS = NO;
				CLANG_ANALYZER_NONNULL = YES;
				CLANG_CXX_LANGUAGE_STANDARD = "gnu++0x";
				CLANG_CXX_LIBRARY = "libc++";
				CLANG_ENABLE_MODULES = YES;
				CLANG_ENABLE_OBJC_ARC = YES;
				CLANG_WARN_BOOL_CONVERSION = YES;
				CLANG_WARN_CONSTANT_CONVERSION = YES;
				CLANG_WARN_DIRECT_OBJC_ISA_USAGE = YES_ERROR;
				CLANG_WARN_DOCUMENTATION_COMMENTS = YES;
				CLANG_WARN_EMPTY_BODY = YES;
				CLANG_WARN_ENUM_CONVERSION = YES;
				CLANG_WARN_INFINITE_RECURSION = YES;
				CLANG_WARN_INT_CONVERSION = YES;
				CLANG_WARN_OBJC_ROOT_CLASS = YES_ERROR;
				CLANG_WARN_SUSPICIOUS_MOVE = YES;
				CLANG_WARN_UNREACHABLE_CODE = YES;
				CLANG_WARN__DUPLICATE_METHOD_MATCH = YES;
				"CODE_SIGN_IDENTITY[sdk=iphoneos*]" = "iPhone Developer";
				COPY_PHASE_STRIP = NO;
				DEBUG_INFORMATION_FORMAT = dwarf;
				ENABLE_STRICT_OBJC_MSGSEND = YES;
				ENABLE_TESTABILITY = YES;
				GCC_C_LANGUAGE_STANDARD = gnu99;
				GCC_DYNAMIC_NO_PIC = NO;
				GCC_NO_COMMON_BLOCKS = YES;
				GCC_OPTIMIZATION_LEVEL = 0;
				GCC_PREPROCESSOR_DEFINITIONS = (
					"DEBUG=1",
					"$(inherited)",
				);
				GCC_WARN_64_TO_32_BIT_CONVERSION = YES;
				GCC_WARN_ABOUT_RETURN_TYPE = YES_ERROR;
				GCC_WARN_UNDECLARED_SELECTOR = YES;
				GCC_WARN_UNINITIALIZED_AUTOS = YES_AGGRESSIVE;
				GCC_WARN_UNUSED_FUNCTION = YES;
				GCC_WARN_UNUSED_VARIABLE = YES;
				IPHONEOS_DEPLOYMENT_TARGET = 10.2;
				MTL_ENABLE_DEBUG_INFO = YES;
				ONLY_ACTIVE_ARCH = YES;
				SDKROOT = iphoneos;
				SWIFT_ACTIVE_COMPILATION_CONDITIONS = DEBUG;
				SWIFT_OPTIMIZATION_LEVEL = "-Onone";
			};
			name = Debug;
		};
		A52FF45B1EE5B03500CBFD17 /* Release */ = {
			isa = XCBuildConfiguration;
			buildSettings = {
				ALWAYS_SEARCH_USER_PATHS = NO;
				CLANG_ANALYZER_NONNULL = YES;
				CLANG_CXX_LANGUAGE_STANDARD = "gnu++0x";
				CLANG_CXX_LIBRARY = "libc++";
				CLANG_ENABLE_MODULES = YES;
				CLANG_ENABLE_OBJC_ARC = YES;
				CLANG_WARN_BOOL_CONVERSION = YES;
				CLANG_WARN_CONSTANT_CONVERSION = YES;
				CLANG_WARN_DIRECT_OBJC_ISA_USAGE = YES_ERROR;
				CLANG_WARN_DOCUMENTATION_COMMENTS = YES;
				CLANG_WARN_EMPTY_BODY = YES;
				CLANG_WARN_ENUM_CONVERSION = YES;
				CLANG_WARN_INFINITE_RECURSION = YES;
				CLANG_WARN_INT_CONVERSION = YES;
				CLANG_WARN_OBJC_ROOT_CLASS = YES_ERROR;
				CLANG_WARN_SUSPICIOUS_MOVE = YES;
				CLANG_WARN_UNREACHABLE_CODE = YES;
				CLANG_WARN__DUPLICATE_METHOD_MATCH = YES;
				"CODE_SIGN_IDENTITY[sdk=iphoneos*]" = "iPhone Developer";
				COPY_PHASE_STRIP = NO;
				DEBUG_INFORMATION_FORMAT = "dwarf-with-dsym";
				ENABLE_NS_ASSERTIONS = NO;
				ENABLE_STRICT_OBJC_MSGSEND = YES;
				GCC_C_LANGUAGE_STANDARD = gnu99;
				GCC_NO_COMMON_BLOCKS = YES;
				GCC_WARN_64_TO_32_BIT_CONVERSION = YES;
				GCC_WARN_ABOUT_RETURN_TYPE = YES_ERROR;
				GCC_WARN_UNDECLARED_SELECTOR = YES;
				GCC_WARN_UNINITIALIZED_AUTOS = YES_AGGRESSIVE;
				GCC_WARN_UNUSED_FUNCTION = YES;
				GCC_WARN_UNUSED_VARIABLE = YES;
				IPHONEOS_DEPLOYMENT_TARGET = 10.2;
				MTL_ENABLE_DEBUG_INFO = NO;
				SDKROOT = iphoneos;
				SWIFT_OPTIMIZATION_LEVEL = "-Owholemodule";
				VALIDATE_PRODUCT = YES;
			};
			name = Release;
		};
		A52FF45D1EE5B03500CBFD17 /* Debug */ = {
			isa = XCBuildConfiguration;
			buildSettings = {
				ASSETCATALOG_COMPILER_APPICON_NAME = AppIcon;
				INFOPLIST_FILE = "17_06_05_便利构造函数/Info.plist";
				LD_RUNPATH_SEARCH_PATHS = "$(inherited) @executable_path/Frameworks";
				PRODUCT_BUNDLE_IDENTIFIER = "com.-7-06-05-------";
				PRODUCT_NAME = "$(TARGET_NAME)";
				SWIFT_VERSION = 3.0;
			};
			name = Debug;
		};
		A52FF45E1EE5B03500CBFD17 /* Release */ = {
			isa = XCBuildConfiguration;
			buildSettings = {
				ASSETCATALOG_COMPILER_APPICON_NAME = AppIcon;
				INFOPLIST_FILE = "17_06_05_便利构造函数/Info.plist";
				LD_RUNPATH_SEARCH_PATHS = "$(inherited) @executable_path/Frameworks";
				PRODUCT_BUNDLE_IDENTIFIER = "com.-7-06-05-------";
				PRODUCT_NAME = "$(TARGET_NAME)";
				SWIFT_VERSION = 3.0;
			};
			name = Release;
		};
/* End XCBuildConfiguration section */

/* Begin XCConfigurationList section */
		A52FF4451EE5B03500CBFD17 /* Build configuration list for PBXProject "17_06_05_便利构造函数" */ = {
			isa = XCConfigurationList;
			buildConfigurations = (
				A52FF45A1EE5B03500CBFD17 /* Debug */,
				A52FF45B1EE5B03500CBFD17 /* Release */,
			);
			defaultConfigurationIsVisible = 0;
			defaultConfigurationName = Release;
		};
		A52FF45C1EE5B03500CBFD17 /* Build configuration list for PBXNativeTarget "17_06_05_便利构造函数" */ = {
			isa = XCConfigurationList;
			buildConfigurations = (
				A52FF45D1EE5B03500CBFD17 /* Debug */,
				A52FF45E1EE5B03500CBFD17 /* Release */,
			);
			defaultConfigurationIsVisible = 0;
		};
/* End XCConfigurationList section */
	};
	rootObject = A52FF4421EE5B03500CBFD17 /* Project object */;
}
