// !$*UTF8*$!
{
	archiveVersion = 1;
	classes = {
	};
	objectVersion = 46;
	objects = {

/* Begin PBXBuildFile section */
		A54500641E0B4AAF006413F8 /* AppDelegate.swift in Sources */ = {isa = PBXBuildFile; fileRef = A54500631E0B4AAF006413F8 /* AppDelegate.swift */; };
		A54500661E0B4AAF006413F8 /* ViewController.swift in Sources */ = {isa = PBXBuildFile; fileRef = A54500651E0B4AAF006413F8 /* ViewController.swift */; };
		A54500691E0B4AAF006413F8 /* Main.storyboard in Resources */ = {isa = PBXBuildFile; fileRef = A54500671E0B4AAF006413F8 /* Main.storyboard */; };
		A545006B1E0B4AAF006413F8 /* Assets.xcassets in Resources */ = {isa = PBXBuildFile; fileRef = A545006A1E0B4AAF006413F8 /* Assets.xcassets */; };
		A545006E1E0B4AAF006413F8 /* LaunchScreen.storyboard in Resources */ = {isa = PBXBuildFile; fileRef = A545006C1E0B4AAF006413F8 /* LaunchScreen.storyboard */; };
		A54500761E0B52B3006413F8 /* drawView.swift in Sources */ = {isa = PBXBuildFile; fileRef = A54500751E0B52B3006413F8 /* drawView.swift */; };
		A54500781E0B5451006413F8 /* TableViewController.swift in Sources */ = {isa = PBXBuildFile; fileRef = A54500771E0B5451006413F8 /* TableViewController.swift */; };
/* End PBXBuildFile section */

/* Begin PBXFileReference section */
		A54500601E0B4AAF006413F8 /* 16_12_22_Swift.app */ = {isa = PBXFileReference; explicitFileType = wrapper.application; includeInIndex = 0; path = 16_12_22_Swift.app; sourceTree = BUILT_PRODUCTS_DIR; };
		A54500631E0B4AAF006413F8 /* AppDelegate.swift */ = {isa = PBXFileReference; lastKnownFileType = sourcecode.swift; path = AppDelegate.swift; sourceTree = "<group>"; };
		A54500651E0B4AAF006413F8 /* ViewController.swift */ = {isa = PBXFileReference; lastKnownFileType = sourcecode.swift; path = ViewController.swift; sourceTree = "<group>"; };
		A54500681E0B4AAF006413F8 /* Base */ = {isa = PBXFileReference; lastKnownFileType = file.storyboard; name = Base; path = Base.lproj/Main.storyboard; sourceTree = "<group>"; };
		A545006A1E0B4AAF006413F8 /* Assets.xcassets */ = {isa = PBXFileReference; lastKnownFileType = folder.assetcatalog; path = Assets.xcassets; sourceTree = "<group>"; };
		A545006D1E0B4AAF006413F8 /* Base */ = {isa = PBXFileReference; lastKnownFileType = file.storyboard; name = Base; path = Base.lproj/LaunchScreen.storyboard; sourceTree = "<group>"; };
		A545006F1E0B4AAF006413F8 /* Info.plist */ = {isa = PBXFileReference; lastKnownFileType = text.plist.xml; path = Info.plist; sourceTree = "<group>"; };
		A54500751E0B52B3006413F8 /* drawView.swift */ = {isa = PBXFileReference; fileEncoding = 4; lastKnownFileType = sourcecode.swift; path = drawView.swift; sourceTree = "<group>"; };
		A54500771E0B5451006413F8 /* TableViewController.swift */ = {isa = PBXFileReference; fileEncoding = 4; lastKnownFileType = sourcecode.swift; path = TableViewController.swift; sourceTree = "<group>"; };
/* End PBXFileReference section */

/* Begin PBXFrameworksBuildPhase section */
		A545005D1E0B4AAF006413F8 /* Frameworks */ = {
			isa = PBXFrameworksBuildPhase;
			buildActionMask = 2147483647;
			files = (
			);
			runOnlyForDeploymentPostprocessing = 0;
		};
/* End PBXFrameworksBuildPhase section */

/* Begin PBXGroup section */
		A54500571E0B4AAF006413F8 = {
			isa = PBXGroup;
			children = (
				A54500621E0B4AAF006413F8 /* 16_12_22_Swift */,
				A54500611E0B4AAF006413F8 /* Products */,
			);
			sourceTree = "<group>";
		};
		A54500611E0B4AAF006413F8 /* Products */ = {
			isa = PBXGroup;
			children = (
				A54500601E0B4AAF006413F8 /* 16_12_22_Swift.app */,
			);
			name = Products;
			sourceTree = "<group>";
		};
		A54500621E0B4AAF006413F8 /* 16_12_22_Swift */ = {
			isa = PBXGroup;
			children = (
				A54500631E0B4AAF006413F8 /* AppDelegate.swift */,
				A54500651E0B4AAF006413F8 /* ViewController.swift */,
				A54500671E0B4AAF006413F8 /* Main.storyboard */,
				A54500751E0B52B3006413F8 /* drawView.swift */,
				A54500771E0B5451006413F8 /* TableViewController.swift */,
				A545006A1E0B4AAF006413F8 /* Assets.xcassets */,
				A545006C1E0B4AAF006413F8 /* LaunchScreen.storyboard */,
				A545006F1E0B4AAF006413F8 /* Info.plist */,
			);
			path = 16_12_22_Swift;
			sourceTree = "<group>";
		};
/* End PBXGroup section */

/* Begin PBXNativeTarget section */
		A545005F1E0B4AAF006413F8 /* 16_12_22_Swift */ = {
			isa = PBXNativeTarget;
			buildConfigurationList = A54500721E0B4AAF006413F8 /* Build configuration list for PBXNativeTarget "16_12_22_Swift" */;
			buildPhases = (
				A545005C1E0B4AAF006413F8 /* Sources */,
				A545005D1E0B4AAF006413F8 /* Frameworks */,
				A545005E1E0B4AAF006413F8 /* Resources */,
			);
			buildRules = (
			);
			dependencies = (
			);
			name = 16_12_22_Swift;
			productName = 16_12_22_Swift;
			productReference = A54500601E0B4AAF006413F8 /* 16_12_22_Swift.app */;
			productType = "com.apple.product-type.application";
		};
/* End PBXNativeTarget section */

/* Begin PBXProject section */
		A54500581E0B4AAF006413F8 /* Project object */ = {
			isa = PBXProject;
			attributes = {
				LastSwiftUpdateCheck = 0820;
				LastUpgradeCheck = 0820;
				ORGANIZATIONNAME = "姚懿恒";
				TargetAttributes = {
					A545005F1E0B4AAF006413F8 = {
						CreatedOnToolsVersion = 8.2;
						ProvisioningStyle = Automatic;
					};
				};
			};
			buildConfigurationList = A545005B1E0B4AAF006413F8 /* Build configuration list for PBXProject "16_12_22_Swift" */;
			compatibilityVersion = "Xcode 3.2";
			developmentRegion = English;
			hasScannedForEncodings = 0;
			knownRegions = (
				en,
				Base,
			);
			mainGroup = A54500571E0B4AAF006413F8;
			productRefGroup = A54500611E0B4AAF006413F8 /* Products */;
			projectDirPath = "";
			projectRoot = "";
			targets = (
				A545005F1E0B4AAF006413F8 /* 16_12_22_Swift */,
			);
		};
/* End PBXProject section */

/* Begin PBXResourcesBuildPhase section */
		A545005E1E0B4AAF006413F8 /* Resources */ = {
			isa = PBXResourcesBuildPhase;
			buildActionMask = 2147483647;
			files = (
				A545006E1E0B4AAF006413F8 /* LaunchScreen.storyboard in Resources */,
				A545006B1E0B4AAF006413F8 /* Assets.xcassets in Resources */,
				A54500691E0B4AAF006413F8 /* Main.storyboard in Resources */,
			);
			runOnlyForDeploymentPostprocessing = 0;
		};
/* End PBXResourcesBuildPhase section */

/* Begin PBXSourcesBuildPhase section */
		A545005C1E0B4AAF006413F8 /* Sources */ = {
			isa = PBXSourcesBuildPhase;
			buildActionMask = 2147483647;
			files = (
				A54500761E0B52B3006413F8 /* drawView.swift in Sources */,
				A54500661E0B4AAF006413F8 /* ViewController.swift in Sources */,
				A54500641E0B4AAF006413F8 /* AppDelegate.swift in Sources */,
				A54500781E0B5451006413F8 /* TableViewController.swift in Sources */,
			);
			runOnlyForDeploymentPostprocessing = 0;
		};
/* End PBXSourcesBuildPhase section */

/* Begin PBXVariantGroup section */
		A54500671E0B4AAF006413F8 /* Main.storyboard */ = {
			isa = PBXVariantGroup;
			children = (
				A54500681E0B4AAF006413F8 /* Base */,
			);
			name = Main.storyboard;
			sourceTree = "<group>";
		};
		A545006C1E0B4AAF006413F8 /* LaunchScreen.storyboard */ = {
			isa = PBXVariantGroup;
			children = (
				A545006D1E0B4AAF006413F8 /* Base */,
			);
			name = LaunchScreen.storyboard;
			sourceTree = "<group>";
		};
/* End PBXVariantGroup section */

/* Begin XCBuildConfiguration section */
		A54500701E0B4AAF006413F8 /* Debug */ = {
			isa = XCBuildConfiguration;
			buildSettings = {
				ALWAYS_SEARCH_USER_PATHS = NO;
				CLANG_ANALYZER_NONNULL = YES;
				CLANG_CXX_LANGUAGE_STANDARD = "gnu++0x";
				CLANG_CXX_LIBRARY = "libc++";
				CLANG_ENABLE_MODULES = YES;
				CLANG_ENABLE_OBJC_ARC = YES;
				CLANG_WARN_BOOL_CONVERSION = YES;
				CLANG_WARN_CONSTANT_CONVERSION = YES;
				CLANG_WARN_DIRECT_OBJC_ISA_USAGE = YES_ERROR;
				CLANG_WARN_DOCUMENTATION_COMMENTS = YES;
				CLANG_WARN_EMPTY_BODY = YES;
				CLANG_WARN_ENUM_CONVERSION = YES;
				CLANG_WARN_INFINITE_RECURSION = YES;
				CLANG_WARN_INT_CONVERSION = YES;
				CLANG_WARN_OBJC_ROOT_CLASS = YES_ERROR;
				CLANG_WARN_SUSPICIOUS_MOVE = YES;
				CLANG_WARN_UNREACHABLE_CODE = YES;
				CLANG_WARN__DUPLICATE_METHOD_MATCH = YES;
				"CODE_SIGN_IDENTITY[sdk=iphoneos*]" = "iPhone Developer";
				COPY_PHASE_STRIP = NO;
				DEBUG_INFORMATION_FORMAT = dwarf;
				ENABLE_STRICT_OBJC_MSGSEND = YES;
				ENABLE_TESTABILITY = YES;
				GCC_C_LANGUAGE_STANDARD = gnu99;
				GCC_DYNAMIC_NO_PIC = NO;
				GCC_NO_COMMON_BLOCKS = YES;
				GCC_OPTIMIZATION_LEVEL = 0;
				GCC_PREPROCESSOR_DEFINITIONS = (
					"DEBUG=1",
					"$(inherited)",
				);
				GCC_WARN_64_TO_32_BIT_CONVERSION = YES;
				GCC_WARN_ABOUT_RETURN_TYPE = YES_ERROR;
				GCC_WARN_UNDECLARED_SELECTOR = YES;
				GCC_WARN_UNINITIALIZED_AUTOS = YES_AGGRESSIVE;
				GCC_WARN_UNUSED_FUNCTION = YES;
				GCC_WARN_UNUSED_VARIABLE = YES;
				IPHONEOS_DEPLOYMENT_TARGET = 10.2;
				MTL_ENABLE_DEBUG_INFO = YES;
				ONLY_ACTIVE_ARCH = YES;
				SDKROOT = iphoneos;
				SWIFT_ACTIVE_COMPILATION_CONDITIONS = DEBUG;
				SWIFT_OPTIMIZATION_LEVEL = "-Onone";
			};
			name = Debug;
		};
		A54500711E0B4AAF006413F8 /* Release */ = {
			isa = XCBuildConfiguration;
			buildSettings = {
				ALWAYS_SEARCH_USER_PATHS = NO;
				CLANG_ANALYZER_NONNULL = YES;
				CLANG_CXX_LANGUAGE_STANDARD = "gnu++0x";
				CLANG_CXX_LIBRARY = "libc++";
				CLANG_ENABLE_MODULES = YES;
				CLANG_ENABLE_OBJC_ARC = YES;
				CLANG_WARN_BOOL_CONVERSION = YES;
				CLANG_WARN_CONSTANT_CONVERSION = YES;
				CLANG_WARN_DIRECT_OBJC_ISA_USAGE = YES_ERROR;
				CLANG_WARN_DOCUMENTATION_COMMENTS = YES;
				CLANG_WARN_EMPTY_BODY = YES;
				CLANG_WARN_ENUM_CONVERSION = YES;
				CLANG_WARN_INFINITE_RECURSION = YES;
				CLANG_WARN_INT_CONVERSION = YES;
				CLANG_WARN_OBJC_ROOT_CLASS = YES_ERROR;
				CLANG_WARN_SUSPICIOUS_MOVE = YES;
				CLANG_WARN_UNREACHABLE_CODE = YES;
				CLANG_WARN__DUPLICATE_METHOD_MATCH = YES;
				"CODE_SIGN_IDENTITY[sdk=iphoneos*]" = "iPhone Developer";
				COPY_PHASE_STRIP = NO;
				DEBUG_INFORMATION_FORMAT = "dwarf-with-dsym";
				ENABLE_NS_ASSERTIONS = NO;
				ENABLE_STRICT_OBJC_MSGSEND = YES;
				GCC_C_LANGUAGE_STANDARD = gnu99;
				GCC_NO_COMMON_BLOCKS = YES;
				GCC_WARN_64_TO_32_BIT_CONVERSION = YES;
				GCC_WARN_ABOUT_RETURN_TYPE = YES_ERROR;
				GCC_WARN_UNDECLARED_SELECTOR = YES;
				GCC_WARN_UNINITIALIZED_AUTOS = YES_AGGRESSIVE;
				GCC_WARN_UNUSED_FUNCTION = YES;
				GCC_WARN_UNUSED_VARIABLE = YES;
				IPHONEOS_DEPLOYMENT_TARGET = 10.2;
				MTL_ENABLE_DEBUG_INFO = NO;
				SDKROOT = iphoneos;
				SWIFT_OPTIMIZATION_LEVEL = "-Owholemodule";
				VALIDATE_PRODUCT = YES;
			};
			name = Release;
		};
		A54500731E0B4AAF006413F8 /* Debug */ = {
			isa = XCBuildConfiguration;
			buildSettings = {
				ASSETCATALOG_COMPILER_APPICON_NAME = AppIcon;
				INFOPLIST_FILE = 16_12_22_Swift/Info.plist;
				LD_RUNPATH_SEARCH_PATHS = "$(inherited) @executable_path/Frameworks";
				PRODUCT_BUNDLE_IDENTIFIER = "com.yiheng.-6-12-22-Swift";
				PRODUCT_NAME = "$(TARGET_NAME)";
				SWIFT_VERSION = 3.0;
			};
			name = Debug;
		};
		A54500741E0B4AAF006413F8 /* Release */ = {
			isa = XCBuildConfiguration;
			buildSettings = {
				ASSETCATALOG_COMPILER_APPICON_NAME = AppIcon;
				INFOPLIST_FILE = 16_12_22_Swift/Info.plist;
				LD_RUNPATH_SEARCH_PATHS = "$(inherited) @executable_path/Frameworks";
				PRODUCT_BUNDLE_IDENTIFIER = "com.yiheng.-6-12-22-Swift";
				PRODUCT_NAME = "$(TARGET_NAME)";
				SWIFT_VERSION = 3.0;
			};
			name = Release;
		};
/* End XCBuildConfiguration section */

/* Begin XCConfigurationList section */
		A545005B1E0B4AAF006413F8 /* Build configuration list for PBXProject "16_12_22_Swift" */ = {
			isa = XCConfigurationList;
			buildConfigurations = (
				A54500701E0B4AAF006413F8 /* Debug */,
				A54500711E0B4AAF006413F8 /* Release */,
			);
			defaultConfigurationIsVisible = 0;
			defaultConfigurationName = Release;
		};
		A54500721E0B4AAF006413F8 /* Build configuration list for PBXNativeTarget "16_12_22_Swift" */ = {
			isa = XCConfigurationList;
			buildConfigurations = (
				A54500731E0B4AAF006413F8 /* Debug */,
				A54500741E0B4AAF006413F8 /* Release */,
			);
			defaultConfigurationIsVisible = 0;
			defaultConfigurationName = Release;
		};
/* End XCConfigurationList section */
	};
	rootObject = A54500581E0B4AAF006413F8 /* Project object */;
}
