// !$*UTF8*$!
{
	archiveVersion = 1;
	classes = {
	};
	objectVersion = 46;
	objects = {

/* Begin PBXBuildFile section */
		A5173C571EFD1EEE00DC6700 /* AppDelegate.swift in Sources */ = {isa = PBXBuildFile; fileRef = A5173C561EFD1EEE00DC6700 /* AppDelegate.swift */; };
		A5173C591EFD1EEE00DC6700 /* ViewController.swift in Sources */ = {isa = PBXBuildFile; fileRef = A5173C581EFD1EEE00DC6700 /* ViewController.swift */; };
		A5173C5C1EFD1EEE00DC6700 /* Main.storyboard in Resources */ = {isa = PBXBuildFile; fileRef = A5173C5A1EFD1EEE00DC6700 /* Main.storyboard */; };
		A5173C5E1EFD1EEE00DC6700 /* Assets.xcassets in Resources */ = {isa = PBXBuildFile; fileRef = A5173C5D1EFD1EEE00DC6700 /* Assets.xcassets */; };
		A5173C611EFD1EEE00DC6700 /* LaunchScreen.storyboard in Resources */ = {isa = PBXBuildFile; fileRef = A5173C5F1EFD1EEE00DC6700 /* LaunchScreen.storyboard */; };
		A5173C691EFD230700DC6700 /* Bundle+Extensions.swift in Sources */ = {isa = PBXBuildFile; fileRef = A5173C681EFD230700DC6700 /* Bundle+Extensions.swift */; };
/* End PBXBuildFile section */

/* Begin PBXFileReference section */
		A5173C531EFD1EEE00DC6700 /* 反射机制抽取namespace.app */ = {isa = PBXFileReference; explicitFileType = wrapper.application; includeInIndex = 0; path = "反射机制抽取namespace.app"; sourceTree = BUILT_PRODUCTS_DIR; };
		A5173C561EFD1EEE00DC6700 /* AppDelegate.swift */ = {isa = PBXFileReference; lastKnownFileType = sourcecode.swift; path = AppDelegate.swift; sourceTree = "<group>"; };
		A5173C581EFD1EEE00DC6700 /* ViewController.swift */ = {isa = PBXFileReference; lastKnownFileType = sourcecode.swift; path = ViewController.swift; sourceTree = "<group>"; };
		A5173C5B1EFD1EEE00DC6700 /* Base */ = {isa = PBXFileReference; lastKnownFileType = file.storyboard; name = Base; path = Base.lproj/Main.storyboard; sourceTree = "<group>"; };
		A5173C5D1EFD1EEE00DC6700 /* Assets.xcassets */ = {isa = PBXFileReference; lastKnownFileType = folder.assetcatalog; path = Assets.xcassets; sourceTree = "<group>"; };
		A5173C601EFD1EEE00DC6700 /* Base */ = {isa = PBXFileReference; lastKnownFileType = file.storyboard; name = Base; path = Base.lproj/LaunchScreen.storyboard; sourceTree = "<group>"; };
		A5173C621EFD1EEE00DC6700 /* Info.plist */ = {isa = PBXFileReference; lastKnownFileType = text.plist.xml; path = Info.plist; sourceTree = "<group>"; };
		A5173C681EFD230700DC6700 /* Bundle+Extensions.swift */ = {isa = PBXFileReference; fileEncoding = 4; lastKnownFileType = sourcecode.swift; path = "Bundle+Extensions.swift"; sourceTree = "<group>"; };
/* End PBXFileReference section */

/* Begin PBXFrameworksBuildPhase section */
		A5173C501EFD1EEE00DC6700 /* Frameworks */ = {
			isa = PBXFrameworksBuildPhase;
			buildActionMask = 2147483647;
			files = (
			);
			runOnlyForDeploymentPostprocessing = 0;
		};
/* End PBXFrameworksBuildPhase section */

/* Begin PBXGroup section */
		A5173C4A1EFD1EEE00DC6700 = {
			isa = PBXGroup;
			children = (
				A5173C551EFD1EEE00DC6700 /* 反射机制抽取namespace */,
				A5173C541EFD1EEE00DC6700 /* Products */,
			);
			sourceTree = "<group>";
		};
		A5173C541EFD1EEE00DC6700 /* Products */ = {
			isa = PBXGroup;
			children = (
				A5173C531EFD1EEE00DC6700 /* 反射机制抽取namespace.app */,
			);
			name = Products;
			sourceTree = "<group>";
		};
		A5173C551EFD1EEE00DC6700 /* 反射机制抽取namespace */ = {
			isa = PBXGroup;
			children = (
				A5173C561EFD1EEE00DC6700 /* AppDelegate.swift */,
				A5173C681EFD230700DC6700 /* Bundle+Extensions.swift */,
				A5173C581EFD1EEE00DC6700 /* ViewController.swift */,
				A5173C5A1EFD1EEE00DC6700 /* Main.storyboard */,
				A5173C5D1EFD1EEE00DC6700 /* Assets.xcassets */,
				A5173C5F1EFD1EEE00DC6700 /* LaunchScreen.storyboard */,
				A5173C621EFD1EEE00DC6700 /* Info.plist */,
			);
			path = "反射机制抽取namespace";
			sourceTree = "<group>";
		};
/* End PBXGroup section */

/* Begin PBXNativeTarget section */
		A5173C521EFD1EEE00DC6700 /* 反射机制抽取namespace */ = {
			isa = PBXNativeTarget;
			buildConfigurationList = A5173C651EFD1EEE00DC6700 /* Build configuration list for PBXNativeTarget "反射机制抽取namespace" */;
			buildPhases = (
				A5173C4F1EFD1EEE00DC6700 /* Sources */,
				A5173C501EFD1EEE00DC6700 /* Frameworks */,
				A5173C511EFD1EEE00DC6700 /* Resources */,
			);
			buildRules = (
			);
			dependencies = (
			);
			name = "反射机制抽取namespace";
			productName = "反射机制抽取namespace";
			productReference = A5173C531EFD1EEE00DC6700 /* 反射机制抽取namespace.app */;
			productType = "com.apple.product-type.application";
		};
/* End PBXNativeTarget section */

/* Begin PBXProject section */
		A5173C4B1EFD1EEE00DC6700 /* Project object */ = {
			isa = PBXProject;
			attributes = {
				LastSwiftUpdateCheck = 0820;
				LastUpgradeCheck = 0820;
				ORGANIZATIONNAME = "姚懿恒";
				TargetAttributes = {
					A5173C521EFD1EEE00DC6700 = {
						CreatedOnToolsVersion = 8.2.1;
						ProvisioningStyle = Automatic;
					};
				};
			};
			buildConfigurationList = A5173C4E1EFD1EEE00DC6700 /* Build configuration list for PBXProject "反射机制抽取namespace" */;
			compatibilityVersion = "Xcode 3.2";
			developmentRegion = English;
			hasScannedForEncodings = 0;
			knownRegions = (
				en,
				Base,
			);
			mainGroup = A5173C4A1EFD1EEE00DC6700;
			productRefGroup = A5173C541EFD1EEE00DC6700 /* Products */;
			projectDirPath = "";
			projectRoot = "";
			targets = (
				A5173C521EFD1EEE00DC6700 /* 反射机制抽取namespace */,
			);
		};
/* End PBXProject section */

/* Begin PBXResourcesBuildPhase section */
		A5173C511EFD1EEE00DC6700 /* Resources */ = {
			isa = PBXResourcesBuildPhase;
			buildActionMask = 2147483647;
			files = (
				A5173C611EFD1EEE00DC6700 /* LaunchScreen.storyboard in Resources */,
				A5173C5E1EFD1EEE00DC6700 /* Assets.xcassets in Resources */,
				A5173C5C1EFD1EEE00DC6700 /* Main.storyboard in Resources */,
			);
			runOnlyForDeploymentPostprocessing = 0;
		};
/* End PBXResourcesBuildPhase section */

/* Begin PBXSourcesBuildPhase section */
		A5173C4F1EFD1EEE00DC6700 /* Sources */ = {
			isa = PBXSourcesBuildPhase;
			buildActionMask = 2147483647;
			files = (
				A5173C691EFD230700DC6700 /* Bundle+Extensions.swift in Sources */,
				A5173C591EFD1EEE00DC6700 /* ViewController.swift in Sources */,
				A5173C571EFD1EEE00DC6700 /* AppDelegate.swift in Sources */,
			);
			runOnlyForDeploymentPostprocessing = 0;
		};
/* End PBXSourcesBuildPhase section */

/* Begin PBXVariantGroup section */
		A5173C5A1EFD1EEE00DC6700 /* Main.storyboard */ = {
			isa = PBXVariantGroup;
			children = (
				A5173C5B1EFD1EEE00DC6700 /* Base */,
			);
			name = Main.storyboard;
			sourceTree = "<group>";
		};
		A5173C5F1EFD1EEE00DC6700 /* LaunchScreen.storyboard */ = {
			isa = PBXVariantGroup;
			children = (
				A5173C601EFD1EEE00DC6700 /* Base */,
			);
			name = LaunchScreen.storyboard;
			sourceTree = "<group>";
		};
/* End PBXVariantGroup section */

/* Begin XCBuildConfiguration section */
		A5173C631EFD1EEE00DC6700 /* Debug */ = {
			isa = XCBuildConfiguration;
			buildSettings = {
				ALWAYS_SEARCH_USER_PATHS = NO;
				CLANG_ANALYZER_NONNULL = YES;
				CLANG_CXX_LANGUAGE_STANDARD = "gnu++0x";
				CLANG_CXX_LIBRARY = "libc++";
				CLANG_ENABLE_MODULES = YES;
				CLANG_ENABLE_OBJC_ARC = YES;
				CLANG_WARN_BOOL_CONVERSION = YES;
				CLANG_WARN_CONSTANT_CONVERSION = YES;
				CLANG_WARN_DIRECT_OBJC_ISA_USAGE = YES_ERROR;
				CLANG_WARN_DOCUMENTATION_COMMENTS = YES;
				CLANG_WARN_EMPTY_BODY = YES;
				CLANG_WARN_ENUM_CONVERSION = YES;
				CLANG_WARN_INFINITE_RECURSION = YES;
				CLANG_WARN_INT_CONVERSION = YES;
				CLANG_WARN_OBJC_ROOT_CLASS = YES_ERROR;
				CLANG_WARN_SUSPICIOUS_MOVE = YES;
				CLANG_WARN_UNREACHABLE_CODE = YES;
				CLANG_WARN__DUPLICATE_METHOD_MATCH = YES;
				"CODE_SIGN_IDENTITY[sdk=iphoneos*]" = "iPhone Developer";
				COPY_PHASE_STRIP = NO;
				DEBUG_INFORMATION_FORMAT = dwarf;
				ENABLE_STRICT_OBJC_MSGSEND = YES;
				ENABLE_TESTABILITY = YES;
				GCC_C_LANGUAGE_STANDARD = gnu99;
				GCC_DYNAMIC_NO_PIC = NO;
				GCC_NO_COMMON_BLOCKS = YES;
				GCC_OPTIMIZATION_LEVEL = 0;
				GCC_PREPROCESSOR_DEFINITIONS = (
					"DEBUG=1",
					"$(inherited)",
				);
				GCC_WARN_64_TO_32_BIT_CONVERSION = YES;
				GCC_WARN_ABOUT_RETURN_TYPE = YES_ERROR;
				GCC_WARN_UNDECLARED_SELECTOR = YES;
				GCC_WARN_UNINITIALIZED_AUTOS = YES_AGGRESSIVE;
				GCC_WARN_UNUSED_FUNCTION = YES;
				GCC_WARN_UNUSED_VARIABLE = YES;
				IPHONEOS_DEPLOYMENT_TARGET = 10.2;
				MTL_ENABLE_DEBUG_INFO = YES;
				ONLY_ACTIVE_ARCH = YES;
				SDKROOT = iphoneos;
				SWIFT_ACTIVE_COMPILATION_CONDITIONS = DEBUG;
				SWIFT_OPTIMIZATION_LEVEL = "-Onone";
			};
			name = Debug;
		};
		A5173C641EFD1EEE00DC6700 /* Release */ = {
			isa = XCBuildConfiguration;
			buildSettings = {
				ALWAYS_SEARCH_USER_PATHS = NO;
				CLANG_ANALYZER_NONNULL = YES;
				CLANG_CXX_LANGUAGE_STANDARD = "gnu++0x";
				CLANG_CXX_LIBRARY = "libc++";
				CLANG_ENABLE_MODULES = YES;
				CLANG_ENABLE_OBJC_ARC = YES;
				CLANG_WARN_BOOL_CONVERSION = YES;
				CLANG_WARN_CONSTANT_CONVERSION = YES;
				CLANG_WARN_DIRECT_OBJC_ISA_USAGE = YES_ERROR;
				CLANG_WARN_DOCUMENTATION_COMMENTS = YES;
				CLANG_WARN_EMPTY_BODY = YES;
				CLANG_WARN_ENUM_CONVERSION = YES;
				CLANG_WARN_INFINITE_RECURSION = YES;
				CLANG_WARN_INT_CONVERSION = YES;
				CLANG_WARN_OBJC_ROOT_CLASS = YES_ERROR;
				CLANG_WARN_SUSPICIOUS_MOVE = YES;
				CLANG_WARN_UNREACHABLE_CODE = YES;
				CLANG_WARN__DUPLICATE_METHOD_MATCH = YES;
				"CODE_SIGN_IDENTITY[sdk=iphoneos*]" = "iPhone Developer";
				COPY_PHASE_STRIP = NO;
				DEBUG_INFORMATION_FORMAT = "dwarf-with-dsym";
				ENABLE_NS_ASSERTIONS = NO;
				ENABLE_STRICT_OBJC_MSGSEND = YES;
				GCC_C_LANGUAGE_STANDARD = gnu99;
				GCC_NO_COMMON_BLOCKS = YES;
				GCC_WARN_64_TO_32_BIT_CONVERSION = YES;
				GCC_WARN_ABOUT_RETURN_TYPE = YES_ERROR;
				GCC_WARN_UNDECLARED_SELECTOR = YES;
				GCC_WARN_UNINITIALIZED_AUTOS = YES_AGGRESSIVE;
				GCC_WARN_UNUSED_FUNCTION = YES;
				GCC_WARN_UNUSED_VARIABLE = YES;
				IPHONEOS_DEPLOYMENT_TARGET = 10.2;
				MTL_ENABLE_DEBUG_INFO = NO;
				SDKROOT = iphoneos;
				SWIFT_OPTIMIZATION_LEVEL = "-Owholemodule";
				VALIDATE_PRODUCT = YES;
			};
			name = Release;
		};
		A5173C661EFD1EEE00DC6700 /* Debug */ = {
			isa = XCBuildConfiguration;
			buildSettings = {
				ASSETCATALOG_COMPILER_APPICON_NAME = AppIcon;
				INFOPLIST_FILE = "反射机制抽取namespace/Info.plist";
				LD_RUNPATH_SEARCH_PATHS = "$(inherited) @executable_path/Frameworks";
				PRODUCT_BUNDLE_IDENTIFIER = "com.------namespace";
				PRODUCT_NAME = "$(TARGET_NAME)";
				SWIFT_VERSION = 3.0;
			};
			name = Debug;
		};
		A5173C671EFD1EEE00DC6700 /* Release */ = {
			isa = XCBuildConfiguration;
			buildSettings = {
				ASSETCATALOG_COMPILER_APPICON_NAME = AppIcon;
				INFOPLIST_FILE = "反射机制抽取namespace/Info.plist";
				LD_RUNPATH_SEARCH_PATHS = "$(inherited) @executable_path/Frameworks";
				PRODUCT_BUNDLE_IDENTIFIER = "com.------namespace";
				PRODUCT_NAME = "$(TARGET_NAME)";
				SWIFT_VERSION = 3.0;
			};
			name = Release;
		};
/* End XCBuildConfiguration section */

/* Begin XCConfigurationList section */
		A5173C4E1EFD1EEE00DC6700 /* Build configuration list for PBXProject "反射机制抽取namespace" */ = {
			isa = XCConfigurationList;
			buildConfigurations = (
				A5173C631EFD1EEE00DC6700 /* Debug */,
				A5173C641EFD1EEE00DC6700 /* Release */,
			);
			defaultConfigurationIsVisible = 0;
			defaultConfigurationName = Release;
		};
		A5173C651EFD1EEE00DC6700 /* Build configuration list for PBXNativeTarget "反射机制抽取namespace" */ = {
			isa = XCConfigurationList;
			buildConfigurations = (
				A5173C661EFD1EEE00DC6700 /* Debug */,
				A5173C671EFD1EEE00DC6700 /* Release */,
			);
			defaultConfigurationIsVisible = 0;
		};
/* End XCConfigurationList section */
	};
	rootObject = A5173C4B1EFD1EEE00DC6700 /* Project object */;
}
