// !$*UTF8*$!
{
	archiveVersion = 1;
	classes = {
	};
	objectVersion = 46;
	objects = {

/* Begin PBXBuildFile section */
		A58190F21EB69058001640BC /* AppDelegate.swift in Sources */ = {isa = PBXBuildFile; fileRef = A58190F11EB69058001640BC /* AppDelegate.swift */; };
		A58190F41EB69058001640BC /* ViewController.swift in Sources */ = {isa = PBXBuildFile; fileRef = A58190F31EB69058001640BC /* ViewController.swift */; };
		A58190F71EB69058001640BC /* Main.storyboard in Resources */ = {isa = PBXBuildFile; fileRef = A58190F51EB69058001640BC /* Main.storyboard */; };
		A58190F91EB69058001640BC /* Assets.xcassets in Resources */ = {isa = PBXBuildFile; fileRef = A58190F81EB69058001640BC /* Assets.xcassets */; };
		A58190FC1EB69058001640BC /* LaunchScreen.storyboard in Resources */ = {isa = PBXBuildFile; fileRef = A58190FA1EB69058001640BC /* LaunchScreen.storyboard */; };
/* End PBXBuildFile section */

/* Begin PBXFileReference section */
		A58190EE1EB69058001640BC /* 17_05_01_tableView与collectionView.app */ = {isa = PBXFileReference; explicitFileType = wrapper.application; includeInIndex = 0; path = "17_05_01_tableView与collectionView.app"; sourceTree = BUILT_PRODUCTS_DIR; };
		A58190F11EB69058001640BC /* AppDelegate.swift */ = {isa = PBXFileReference; lastKnownFileType = sourcecode.swift; path = AppDelegate.swift; sourceTree = "<group>"; };
		A58190F31EB69058001640BC /* ViewController.swift */ = {isa = PBXFileReference; lastKnownFileType = sourcecode.swift; path = ViewController.swift; sourceTree = "<group>"; };
		A58190F61EB69058001640BC /* Base */ = {isa = PBXFileReference; lastKnownFileType = file.storyboard; name = Base; path = Base.lproj/Main.storyboard; sourceTree = "<group>"; };
		A58190F81EB69058001640BC /* Assets.xcassets */ = {isa = PBXFileReference; lastKnownFileType = folder.assetcatalog; path = Assets.xcassets; sourceTree = "<group>"; };
		A58190FB1EB69058001640BC /* Base */ = {isa = PBXFileReference; lastKnownFileType = file.storyboard; name = Base; path = Base.lproj/LaunchScreen.storyboard; sourceTree = "<group>"; };
		A58190FD1EB69058001640BC /* Info.plist */ = {isa = PBXFileReference; lastKnownFileType = text.plist.xml; path = Info.plist; sourceTree = "<group>"; };
/* End PBXFileReference section */

/* Begin PBXFrameworksBuildPhase section */
		A58190EB1EB69058001640BC /* Frameworks */ = {
			isa = PBXFrameworksBuildPhase;
			buildActionMask = 2147483647;
			files = (
			);
			runOnlyForDeploymentPostprocessing = 0;
		};
/* End PBXFrameworksBuildPhase section */

/* Begin PBXGroup section */
		A58190E51EB69058001640BC = {
			isa = PBXGroup;
			children = (
				A58190F01EB69058001640BC /* 17_05_01_tableView与collectionView */,
				A58190EF1EB69058001640BC /* Products */,
			);
			sourceTree = "<group>";
		};
		A58190EF1EB69058001640BC /* Products */ = {
			isa = PBXGroup;
			children = (
				A58190EE1EB69058001640BC /* 17_05_01_tableView与collectionView.app */,
			);
			name = Products;
			sourceTree = "<group>";
		};
		A58190F01EB69058001640BC /* 17_05_01_tableView与collectionView */ = {
			isa = PBXGroup;
			children = (
				A58190F11EB69058001640BC /* AppDelegate.swift */,
				A58190F31EB69058001640BC /* ViewController.swift */,
				A58190F51EB69058001640BC /* Main.storyboard */,
				A58190F81EB69058001640BC /* Assets.xcassets */,
				A58190FA1EB69058001640BC /* LaunchScreen.storyboard */,
				A58190FD1EB69058001640BC /* Info.plist */,
			);
			path = "17_05_01_tableView与collectionView";
			sourceTree = "<group>";
		};
/* End PBXGroup section */

/* Begin PBXNativeTarget section */
		A58190ED1EB69058001640BC /* 17_05_01_tableView与collectionView */ = {
			isa = PBXNativeTarget;
			buildConfigurationList = A58191001EB69058001640BC /* Build configuration list for PBXNativeTarget "17_05_01_tableView与collectionView" */;
			buildPhases = (
				A58190EA1EB69058001640BC /* Sources */,
				A58190EB1EB69058001640BC /* Frameworks */,
				A58190EC1EB69058001640BC /* Resources */,
			);
			buildRules = (
			);
			dependencies = (
			);
			name = "17_05_01_tableView与collectionView";
			productName = "17_05_01_tableView与collectionView";
			productReference = A58190EE1EB69058001640BC /* 17_05_01_tableView与collectionView.app */;
			productType = "com.apple.product-type.application";
		};
/* End PBXNativeTarget section */

/* Begin PBXProject section */
		A58190E61EB69058001640BC /* Project object */ = {
			isa = PBXProject;
			attributes = {
				LastSwiftUpdateCheck = 0820;
				LastUpgradeCheck = 0820;
				ORGANIZATIONNAME = "姚懿恒";
				TargetAttributes = {
					A58190ED1EB69058001640BC = {
						CreatedOnToolsVersion = 8.2.1;
						ProvisioningStyle = Automatic;
					};
				};
			};
			buildConfigurationList = A58190E91EB69058001640BC /* Build configuration list for PBXProject "17_05_01_tableView与collectionView" */;
			compatibilityVersion = "Xcode 3.2";
			developmentRegion = English;
			hasScannedForEncodings = 0;
			knownRegions = (
				en,
				Base,
			);
			mainGroup = A58190E51EB69058001640BC;
			productRefGroup = A58190EF1EB69058001640BC /* Products */;
			projectDirPath = "";
			projectRoot = "";
			targets = (
				A58190ED1EB69058001640BC /* 17_05_01_tableView与collectionView */,
			);
		};
/* End PBXProject section */

/* Begin PBXResourcesBuildPhase section */
		A58190EC1EB69058001640BC /* Resources */ = {
			isa = PBXResourcesBuildPhase;
			buildActionMask = 2147483647;
			files = (
				A58190FC1EB69058001640BC /* LaunchScreen.storyboard in Resources */,
				A58190F91EB69058001640BC /* Assets.xcassets in Resources */,
				A58190F71EB69058001640BC /* Main.storyboard in Resources */,
			);
			runOnlyForDeploymentPostprocessing = 0;
		};
/* End PBXResourcesBuildPhase section */

/* Begin PBXSourcesBuildPhase section */
		A58190EA1EB69058001640BC /* Sources */ = {
			isa = PBXSourcesBuildPhase;
			buildActionMask = 2147483647;
			files = (
				A58190F41EB69058001640BC /* ViewController.swift in Sources */,
				A58190F21EB69058001640BC /* AppDelegate.swift in Sources */,
			);
			runOnlyForDeploymentPostprocessing = 0;
		};
/* End PBXSourcesBuildPhase section */

/* Begin PBXVariantGroup section */
		A58190F51EB69058001640BC /* Main.storyboard */ = {
			isa = PBXVariantGroup;
			children = (
				A58190F61EB69058001640BC /* Base */,
			);
			name = Main.storyboard;
			sourceTree = "<group>";
		};
		A58190FA1EB69058001640BC /* LaunchScreen.storyboard */ = {
			isa = PBXVariantGroup;
			children = (
				A58190FB1EB69058001640BC /* Base */,
			);
			name = LaunchScreen.storyboard;
			sourceTree = "<group>";
		};
/* End PBXVariantGroup section */

/* Begin XCBuildConfiguration section */
		A58190FE1EB69058001640BC /* Debug */ = {
			isa = XCBuildConfiguration;
			buildSettings = {
				ALWAYS_SEARCH_USER_PATHS = NO;
				CLANG_ANALYZER_NONNULL = YES;
				CLANG_CXX_LANGUAGE_STANDARD = "gnu++0x";
				CLANG_CXX_LIBRARY = "libc++";
				CLANG_ENABLE_MODULES = YES;
				CLANG_ENABLE_OBJC_ARC = YES;
				CLANG_WARN_BOOL_CONVERSION = YES;
				CLANG_WARN_CONSTANT_CONVERSION = YES;
				CLANG_WARN_DIRECT_OBJC_ISA_USAGE = YES_ERROR;
				CLANG_WARN_DOCUMENTATION_COMMENTS = YES;
				CLANG_WARN_EMPTY_BODY = YES;
				CLANG_WARN_ENUM_CONVERSION = YES;
				CLANG_WARN_INFINITE_RECURSION = YES;
				CLANG_WARN_INT_CONVERSION = YES;
				CLANG_WARN_OBJC_ROOT_CLASS = YES_ERROR;
				CLANG_WARN_SUSPICIOUS_MOVE = YES;
				CLANG_WARN_UNREACHABLE_CODE = YES;
				CLANG_WARN__DUPLICATE_METHOD_MATCH = YES;
				"CODE_SIGN_IDENTITY[sdk=iphoneos*]" = "iPhone Developer";
				COPY_PHASE_STRIP = NO;
				DEBUG_INFORMATION_FORMAT = dwarf;
				ENABLE_STRICT_OBJC_MSGSEND = YES;
				ENABLE_TESTABILITY = YES;
				GCC_C_LANGUAGE_STANDARD = gnu99;
				GCC_DYNAMIC_NO_PIC = NO;
				GCC_NO_COMMON_BLOCKS = YES;
				GCC_OPTIMIZATION_LEVEL = 0;
				GCC_PREPROCESSOR_DEFINITIONS = (
					"DEBUG=1",
					"$(inherited)",
				);
				GCC_WARN_64_TO_32_BIT_CONVERSION = YES;
				GCC_WARN_ABOUT_RETURN_TYPE = YES_ERROR;
				GCC_WARN_UNDECLARED_SELECTOR = YES;
				GCC_WARN_UNINITIALIZED_AUTOS = YES_AGGRESSIVE;
				GCC_WARN_UNUSED_FUNCTION = YES;
				GCC_WARN_UNUSED_VARIABLE = YES;
				IPHONEOS_DEPLOYMENT_TARGET = 10.2;
				MTL_ENABLE_DEBUG_INFO = YES;
				ONLY_ACTIVE_ARCH = YES;
				SDKROOT = iphoneos;
				SWIFT_ACTIVE_COMPILATION_CONDITIONS = DEBUG;
				SWIFT_OPTIMIZATION_LEVEL = "-Onone";
			};
			name = Debug;
		};
		A58190FF1EB69058001640BC /* Release */ = {
			isa = XCBuildConfiguration;
			buildSettings = {
				ALWAYS_SEARCH_USER_PATHS = NO;
				CLANG_ANALYZER_NONNULL = YES;
				CLANG_CXX_LANGUAGE_STANDARD = "gnu++0x";
				CLANG_CXX_LIBRARY = "libc++";
				CLANG_ENABLE_MODULES = YES;
				CLANG_ENABLE_OBJC_ARC = YES;
				CLANG_WARN_BOOL_CONVERSION = YES;
				CLANG_WARN_CONSTANT_CONVERSION = YES;
				CLANG_WARN_DIRECT_OBJC_ISA_USAGE = YES_ERROR;
				CLANG_WARN_DOCUMENTATION_COMMENTS = YES;
				CLANG_WARN_EMPTY_BODY = YES;
				CLANG_WARN_ENUM_CONVERSION = YES;
				CLANG_WARN_INFINITE_RECURSION = YES;
				CLANG_WARN_INT_CONVERSION = YES;
				CLANG_WARN_OBJC_ROOT_CLASS = YES_ERROR;
				CLANG_WARN_SUSPICIOUS_MOVE = YES;
				CLANG_WARN_UNREACHABLE_CODE = YES;
				CLANG_WARN__DUPLICATE_METHOD_MATCH = YES;
				"CODE_SIGN_IDENTITY[sdk=iphoneos*]" = "iPhone Developer";
				COPY_PHASE_STRIP = NO;
				DEBUG_INFORMATION_FORMAT = "dwarf-with-dsym";
				ENABLE_NS_ASSERTIONS = NO;
				ENABLE_STRICT_OBJC_MSGSEND = YES;
				GCC_C_LANGUAGE_STANDARD = gnu99;
				GCC_NO_COMMON_BLOCKS = YES;
				GCC_WARN_64_TO_32_BIT_CONVERSION = YES;
				GCC_WARN_ABOUT_RETURN_TYPE = YES_ERROR;
				GCC_WARN_UNDECLARED_SELECTOR = YES;
				GCC_WARN_UNINITIALIZED_AUTOS = YES_AGGRESSIVE;
				GCC_WARN_UNUSED_FUNCTION = YES;
				GCC_WARN_UNUSED_VARIABLE = YES;
				IPHONEOS_DEPLOYMENT_TARGET = 10.2;
				MTL_ENABLE_DEBUG_INFO = NO;
				SDKROOT = iphoneos;
				SWIFT_OPTIMIZATION_LEVEL = "-Owholemodule";
				VALIDATE_PRODUCT = YES;
			};
			name = Release;
		};
		A58191011EB69058001640BC /* Debug */ = {
			isa = XCBuildConfiguration;
			buildSettings = {
				ASSETCATALOG_COMPILER_APPICON_NAME = AppIcon;
				INFOPLIST_FILE = "17_05_01_tableView与collectionView/Info.plist";
				LD_RUNPATH_SEARCH_PATHS = "$(inherited) @executable_path/Frameworks";
				PRODUCT_BUNDLE_IDENTIFIER = "com.-7-05-01-tableView-collectionView";
				PRODUCT_NAME = "$(TARGET_NAME)";
				SWIFT_VERSION = 3.0;
			};
			name = Debug;
		};
		A58191021EB69058001640BC /* Release */ = {
			isa = XCBuildConfiguration;
			buildSettings = {
				ASSETCATALOG_COMPILER_APPICON_NAME = AppIcon;
				INFOPLIST_FILE = "17_05_01_tableView与collectionView/Info.plist";
				LD_RUNPATH_SEARCH_PATHS = "$(inherited) @executable_path/Frameworks";
				PRODUCT_BUNDLE_IDENTIFIER = "com.-7-05-01-tableView-collectionView";
				PRODUCT_NAME = "$(TARGET_NAME)";
				SWIFT_VERSION = 3.0;
			};
			name = Release;
		};
/* End XCBuildConfiguration section */

/* Begin XCConfigurationList section */
		A58190E91EB69058001640BC /* Build configuration list for PBXProject "17_05_01_tableView与collectionView" */ = {
			isa = XCConfigurationList;
			buildConfigurations = (
				A58190FE1EB69058001640BC /* Debug */,
				A58190FF1EB69058001640BC /* Release */,
			);
			defaultConfigurationIsVisible = 0;
			defaultConfigurationName = Release;
		};
		A58191001EB69058001640BC /* Build configuration list for PBXNativeTarget "17_05_01_tableView与collectionView" */ = {
			isa = XCConfigurationList;
			buildConfigurations = (
				A58191011EB69058001640BC /* Debug */,
				A58191021EB69058001640BC /* Release */,
			);
			defaultConfigurationIsVisible = 0;
		};
/* End XCConfigurationList section */
	};
	rootObject = A58190E61EB69058001640BC /* Project object */;
}
