// !$*UTF8*$!
{
	archiveVersion = 1;
	classes = {
	};
	objectVersion = 48;
	objects = {

/* Begin PBXBuildFile section */
		A5D179671F64059F00E7D61F /* AppDelegate.swift in Sources */ = {isa = PBXBuildFile; fileRef = A5D179661F64059F00E7D61F /* AppDelegate.swift */; };
		A5D179691F64059F00E7D61F /* ViewController.swift in Sources */ = {isa = PBXBuildFile; fileRef = A5D179681F64059F00E7D61F /* ViewController.swift */; };
		A5D1796C1F64059F00E7D61F /* Main.storyboard in Resources */ = {isa = PBXBuildFile; fileRef = A5D1796A1F64059F00E7D61F /* Main.storyboard */; };
		A5D1796E1F64059F00E7D61F /* Assets.xcassets in Resources */ = {isa = PBXBuildFile; fileRef = A5D1796D1F64059F00E7D61F /* Assets.xcassets */; };
		A5D179711F64059F00E7D61F /* LaunchScreen.storyboard in Resources */ = {isa = PBXBuildFile; fileRef = A5D1796F1F64059F00E7D61F /* LaunchScreen.storyboard */; };
		A5D1797A1F655BBF00E7D61F /* iAd.framework in Frameworks */ = {isa = PBXBuildFile; fileRef = A5D179791F655BBF00E7D61F /* iAd.framework */; };
/* End PBXBuildFile section */

/* Begin PBXFileReference section */
		A5D179631F64059F00E7D61F /* 17_09_09_请求苹果获得deviceToken.app */ = {isa = PBXFileReference; explicitFileType = wrapper.application; includeInIndex = 0; path = "17_09_09_请求苹果获得deviceToken.app"; sourceTree = BUILT_PRODUCTS_DIR; };
		A5D179661F64059F00E7D61F /* AppDelegate.swift */ = {isa = PBXFileReference; lastKnownFileType = sourcecode.swift; path = AppDelegate.swift; sourceTree = "<group>"; };
		A5D179681F64059F00E7D61F /* ViewController.swift */ = {isa = PBXFileReference; lastKnownFileType = sourcecode.swift; path = ViewController.swift; sourceTree = "<group>"; };
		A5D1796B1F64059F00E7D61F /* Base */ = {isa = PBXFileReference; lastKnownFileType = file.storyboard; name = Base; path = Base.lproj/Main.storyboard; sourceTree = "<group>"; };
		A5D1796D1F64059F00E7D61F /* Assets.xcassets */ = {isa = PBXFileReference; lastKnownFileType = folder.assetcatalog; path = Assets.xcassets; sourceTree = "<group>"; };
		A5D179701F64059F00E7D61F /* Base */ = {isa = PBXFileReference; lastKnownFileType = file.storyboard; name = Base; path = Base.lproj/LaunchScreen.storyboard; sourceTree = "<group>"; };
		A5D179721F64059F00E7D61F /* Info.plist */ = {isa = PBXFileReference; lastKnownFileType = text.plist.xml; path = Info.plist; sourceTree = "<group>"; };
		A5D179791F655BBF00E7D61F /* iAd.framework */ = {isa = PBXFileReference; lastKnownFileType = wrapper.framework; name = iAd.framework; path = System/Library/Frameworks/iAd.framework; sourceTree = SDKROOT; };
/* End PBXFileReference section */

/* Begin PBXFrameworksBuildPhase section */
		A5D179601F64059F00E7D61F /* Frameworks */ = {
			isa = PBXFrameworksBuildPhase;
			buildActionMask = 2147483647;
			files = (
				A5D1797A1F655BBF00E7D61F /* iAd.framework in Frameworks */,
			);
			runOnlyForDeploymentPostprocessing = 0;
		};
/* End PBXFrameworksBuildPhase section */

/* Begin PBXGroup section */
		A5D1795A1F64059F00E7D61F = {
			isa = PBXGroup;
			children = (
				A5D179651F64059F00E7D61F /* 17_09_09_请求苹果获得deviceToken */,
				A5D179641F64059F00E7D61F /* Products */,
				A5D179781F655BBE00E7D61F /* Frameworks */,
			);
			sourceTree = "<group>";
		};
		A5D179641F64059F00E7D61F /* Products */ = {
			isa = PBXGroup;
			children = (
				A5D179631F64059F00E7D61F /* 17_09_09_请求苹果获得deviceToken.app */,
			);
			name = Products;
			sourceTree = "<group>";
		};
		A5D179651F64059F00E7D61F /* 17_09_09_请求苹果获得deviceToken */ = {
			isa = PBXGroup;
			children = (
				A5D179661F64059F00E7D61F /* AppDelegate.swift */,
				A5D179681F64059F00E7D61F /* ViewController.swift */,
				A5D1796A1F64059F00E7D61F /* Main.storyboard */,
				A5D1796D1F64059F00E7D61F /* Assets.xcassets */,
				A5D1796F1F64059F00E7D61F /* LaunchScreen.storyboard */,
				A5D179721F64059F00E7D61F /* Info.plist */,
			);
			path = "17_09_09_请求苹果获得deviceToken";
			sourceTree = "<group>";
		};
		A5D179781F655BBE00E7D61F /* Frameworks */ = {
			isa = PBXGroup;
			children = (
				A5D179791F655BBF00E7D61F /* iAd.framework */,
			);
			name = Frameworks;
			sourceTree = "<group>";
		};
/* End PBXGroup section */

/* Begin PBXNativeTarget section */
		A5D179621F64059F00E7D61F /* 17_09_09_请求苹果获得deviceToken */ = {
			isa = PBXNativeTarget;
			buildConfigurationList = A5D179751F64059F00E7D61F /* Build configuration list for PBXNativeTarget "17_09_09_请求苹果获得deviceToken" */;
			buildPhases = (
				A5D1795F1F64059F00E7D61F /* Sources */,
				A5D179601F64059F00E7D61F /* Frameworks */,
				A5D179611F64059F00E7D61F /* Resources */,
			);
			buildRules = (
			);
			dependencies = (
			);
			name = "17_09_09_请求苹果获得deviceToken";
			productName = "17_09_09_请求苹果获得deviceToken";
			productReference = A5D179631F64059F00E7D61F /* 17_09_09_请求苹果获得deviceToken.app */;
			productType = "com.apple.product-type.application";
		};
/* End PBXNativeTarget section */

/* Begin PBXProject section */
		A5D1795B1F64059F00E7D61F /* Project object */ = {
			isa = PBXProject;
			attributes = {
				LastSwiftUpdateCheck = 0900;
				LastUpgradeCheck = 0900;
				ORGANIZATIONNAME = "姚懿恒";
				TargetAttributes = {
					A5D179621F64059F00E7D61F = {
						CreatedOnToolsVersion = 9.0;
					};
				};
			};
			buildConfigurationList = A5D1795E1F64059F00E7D61F /* Build configuration list for PBXProject "17_09_09_请求苹果获得deviceToken" */;
			compatibilityVersion = "Xcode 8.0";
			developmentRegion = en;
			hasScannedForEncodings = 0;
			knownRegions = (
				en,
				Base,
			);
			mainGroup = A5D1795A1F64059F00E7D61F;
			productRefGroup = A5D179641F64059F00E7D61F /* Products */;
			projectDirPath = "";
			projectRoot = "";
			targets = (
				A5D179621F64059F00E7D61F /* 17_09_09_请求苹果获得deviceToken */,
			);
		};
/* End PBXProject section */

/* Begin PBXResourcesBuildPhase section */
		A5D179611F64059F00E7D61F /* Resources */ = {
			isa = PBXResourcesBuildPhase;
			buildActionMask = 2147483647;
			files = (
				A5D179711F64059F00E7D61F /* LaunchScreen.storyboard in Resources */,
				A5D1796E1F64059F00E7D61F /* Assets.xcassets in Resources */,
				A5D1796C1F64059F00E7D61F /* Main.storyboard in Resources */,
			);
			runOnlyForDeploymentPostprocessing = 0;
		};
/* End PBXResourcesBuildPhase section */

/* Begin PBXSourcesBuildPhase section */
		A5D1795F1F64059F00E7D61F /* Sources */ = {
			isa = PBXSourcesBuildPhase;
			buildActionMask = 2147483647;
			files = (
				A5D179691F64059F00E7D61F /* ViewController.swift in Sources */,
				A5D179671F64059F00E7D61F /* AppDelegate.swift in Sources */,
			);
			runOnlyForDeploymentPostprocessing = 0;
		};
/* End PBXSourcesBuildPhase section */

/* Begin PBXVariantGroup section */
		A5D1796A1F64059F00E7D61F /* Main.storyboard */ = {
			isa = PBXVariantGroup;
			children = (
				A5D1796B1F64059F00E7D61F /* Base */,
			);
			name = Main.storyboard;
			sourceTree = "<group>";
		};
		A5D1796F1F64059F00E7D61F /* LaunchScreen.storyboard */ = {
			isa = PBXVariantGroup;
			children = (
				A5D179701F64059F00E7D61F /* Base */,
			);
			name = LaunchScreen.storyboard;
			sourceTree = "<group>";
		};
/* End PBXVariantGroup section */

/* Begin XCBuildConfiguration section */
		A5D179731F64059F00E7D61F /* Debug */ = {
			isa = XCBuildConfiguration;
			buildSettings = {
				ALWAYS_SEARCH_USER_PATHS = NO;
				CLANG_ANALYZER_NONNULL = YES;
				CLANG_ANALYZER_NUMBER_OBJECT_CONVERSION = YES_AGGRESSIVE;
				CLANG_CXX_LANGUAGE_STANDARD = "gnu++14";
				CLANG_CXX_LIBRARY = "libc++";
				CLANG_ENABLE_MODULES = YES;
				CLANG_ENABLE_OBJC_ARC = YES;
				CLANG_WARN_BLOCK_CAPTURE_AUTORELEASING = YES;
				CLANG_WARN_BOOL_CONVERSION = YES;
				CLANG_WARN_COMMA = YES;
				CLANG_WARN_CONSTANT_CONVERSION = YES;
				CLANG_WARN_DIRECT_OBJC_ISA_USAGE = YES_ERROR;
				CLANG_WARN_DOCUMENTATION_COMMENTS = YES;
				CLANG_WARN_EMPTY_BODY = YES;
				CLANG_WARN_ENUM_CONVERSION = YES;
				CLANG_WARN_INFINITE_RECURSION = YES;
				CLANG_WARN_INT_CONVERSION = YES;
				CLANG_WARN_NON_LITERAL_NULL_CONVERSION = YES;
				CLANG_WARN_OBJC_LITERAL_CONVERSION = YES;
				CLANG_WARN_OBJC_ROOT_CLASS = YES_ERROR;
				CLANG_WARN_RANGE_LOOP_ANALYSIS = YES;
				CLANG_WARN_STRICT_PROTOTYPES = YES;
				CLANG_WARN_SUSPICIOUS_MOVE = YES;
				CLANG_WARN_UNGUARDED_AVAILABILITY = YES_AGGRESSIVE;
				CLANG_WARN_UNREACHABLE_CODE = YES;
				CLANG_WARN__DUPLICATE_METHOD_MATCH = YES;
				CODE_SIGN_IDENTITY = "iPhone Developer";
				COPY_PHASE_STRIP = NO;
				DEBUG_INFORMATION_FORMAT = dwarf;
				ENABLE_STRICT_OBJC_MSGSEND = YES;
				ENABLE_TESTABILITY = YES;
				GCC_C_LANGUAGE_STANDARD = gnu11;
				GCC_DYNAMIC_NO_PIC = NO;
				GCC_NO_COMMON_BLOCKS = YES;
				GCC_OPTIMIZATION_LEVEL = 0;
				GCC_PREPROCESSOR_DEFINITIONS = (
					"DEBUG=1",
					"$(inherited)",
				);
				GCC_WARN_64_TO_32_BIT_CONVERSION = YES;
				GCC_WARN_ABOUT_RETURN_TYPE = YES_ERROR;
				GCC_WARN_UNDECLARED_SELECTOR = YES;
				GCC_WARN_UNINITIALIZED_AUTOS = YES_AGGRESSIVE;
				GCC_WARN_UNUSED_FUNCTION = YES;
				GCC_WARN_UNUSED_VARIABLE = YES;
				IPHONEOS_DEPLOYMENT_TARGET = 11.0;
				MTL_ENABLE_DEBUG_INFO = YES;
				ONLY_ACTIVE_ARCH = YES;
				SDKROOT = iphoneos;
				SWIFT_ACTIVE_COMPILATION_CONDITIONS = DEBUG;
				SWIFT_OPTIMIZATION_LEVEL = "-Onone";
			};
			name = Debug;
		};
		A5D179741F64059F00E7D61F /* Release */ = {
			isa = XCBuildConfiguration;
			buildSettings = {
				ALWAYS_SEARCH_USER_PATHS = NO;
				CLANG_ANALYZER_NONNULL = YES;
				CLANG_ANALYZER_NUMBER_OBJECT_CONVERSION = YES_AGGRESSIVE;
				CLANG_CXX_LANGUAGE_STANDARD = "gnu++14";
				CLANG_CXX_LIBRARY = "libc++";
				CLANG_ENABLE_MODULES = YES;
				CLANG_ENABLE_OBJC_ARC = YES;
				CLANG_WARN_BLOCK_CAPTURE_AUTORELEASING = YES;
				CLANG_WARN_BOOL_CONVERSION = YES;
				CLANG_WARN_COMMA = YES;
				CLANG_WARN_CONSTANT_CONVERSION = YES;
				CLANG_WARN_DIRECT_OBJC_ISA_USAGE = YES_ERROR;
				CLANG_WARN_DOCUMENTATION_COMMENTS = YES;
				CLANG_WARN_EMPTY_BODY = YES;
				CLANG_WARN_ENUM_CONVERSION = YES;
				CLANG_WARN_INFINITE_RECURSION = YES;
				CLANG_WARN_INT_CONVERSION = YES;
				CLANG_WARN_NON_LITERAL_NULL_CONVERSION = YES;
				CLANG_WARN_OBJC_LITERAL_CONVERSION = YES;
				CLANG_WARN_OBJC_ROOT_CLASS = YES_ERROR;
				CLANG_WARN_RANGE_LOOP_ANALYSIS = YES;
				CLANG_WARN_STRICT_PROTOTYPES = YES;
				CLANG_WARN_SUSPICIOUS_MOVE = YES;
				CLANG_WARN_UNGUARDED_AVAILABILITY = YES_AGGRESSIVE;
				CLANG_WARN_UNREACHABLE_CODE = YES;
				CLANG_WARN__DUPLICATE_METHOD_MATCH = YES;
				CODE_SIGN_IDENTITY = "iPhone Developer";
				COPY_PHASE_STRIP = NO;
				DEBUG_INFORMATION_FORMAT = "dwarf-with-dsym";
				ENABLE_NS_ASSERTIONS = NO;
				ENABLE_STRICT_OBJC_MSGSEND = YES;
				GCC_C_LANGUAGE_STANDARD = gnu11;
				GCC_NO_COMMON_BLOCKS = YES;
				GCC_WARN_64_TO_32_BIT_CONVERSION = YES;
				GCC_WARN_ABOUT_RETURN_TYPE = YES_ERROR;
				GCC_WARN_UNDECLARED_SELECTOR = YES;
				GCC_WARN_UNINITIALIZED_AUTOS = YES_AGGRESSIVE;
				GCC_WARN_UNUSED_FUNCTION = YES;
				GCC_WARN_UNUSED_VARIABLE = YES;
				IPHONEOS_DEPLOYMENT_TARGET = 11.0;
				MTL_ENABLE_DEBUG_INFO = NO;
				SDKROOT = iphoneos;
				SWIFT_OPTIMIZATION_LEVEL = "-Owholemodule";
				VALIDATE_PRODUCT = YES;
			};
			name = Release;
		};
		A5D179761F64059F00E7D61F /* Debug */ = {
			isa = XCBuildConfiguration;
			buildSettings = {
				ASSETCATALOG_COMPILER_APPICON_NAME = AppIcon;
				INFOPLIST_FILE = "17_09_09_请求苹果获得deviceToken/Info.plist";
				LD_RUNPATH_SEARCH_PATHS = "$(inherited) @executable_path/Frameworks";
				PRODUCT_BUNDLE_IDENTIFIER = "com.-7-09-09-------deviceToken";
				PRODUCT_NAME = "$(TARGET_NAME)";
				SWIFT_VERSION = 4.0;
				TARGETED_DEVICE_FAMILY = "1,2";
			};
			name = Debug;
		};
		A5D179771F64059F00E7D61F /* Release */ = {
			isa = XCBuildConfiguration;
			buildSettings = {
				ASSETCATALOG_COMPILER_APPICON_NAME = AppIcon;
				INFOPLIST_FILE = "17_09_09_请求苹果获得deviceToken/Info.plist";
				LD_RUNPATH_SEARCH_PATHS = "$(inherited) @executable_path/Frameworks";
				PRODUCT_BUNDLE_IDENTIFIER = "com.-7-09-09-------deviceToken";
				PRODUCT_NAME = "$(TARGET_NAME)";
				SWIFT_VERSION = 4.0;
				TARGETED_DEVICE_FAMILY = "1,2";
			};
			name = Release;
		};
/* End XCBuildConfiguration section */

/* Begin XCConfigurationList section */
		A5D1795E1F64059F00E7D61F /* Build configuration list for PBXProject "17_09_09_请求苹果获得deviceToken" */ = {
			isa = XCConfigurationList;
			buildConfigurations = (
				A5D179731F64059F00E7D61F /* Debug */,
				A5D179741F64059F00E7D61F /* Release */,
			);
			defaultConfigurationIsVisible = 0;
			defaultConfigurationName = Release;
		};
		A5D179751F64059F00E7D61F /* Build configuration list for PBXNativeTarget "17_09_09_请求苹果获得deviceToken" */ = {
			isa = XCConfigurationList;
			buildConfigurations = (
				A5D179761F64059F00E7D61F /* Debug */,
				A5D179771F64059F00E7D61F /* Release */,
			);
			defaultConfigurationIsVisible = 0;
			defaultConfigurationName = Release;
		};
/* End XCConfigurationList section */
	};
	rootObject = A5D1795B1F64059F00E7D61F /* Project object */;
}
