// !$*UTF8*$!
{
	archiveVersion = 1;
	classes = {
	};
	objectVersion = 46;
	objects = {

/* Begin PBXBuildFile section */
		A56F2F2D1EC8455600DCF2D2 /* AppDelegate.swift in Sources */ = {isa = PBXBuildFile; fileRef = A56F2F2C1EC8455600DCF2D2 /* AppDelegate.swift */; };
		A56F2F2F1EC8455600DCF2D2 /* ViewController.swift in Sources */ = {isa = PBXBuildFile; fileRef = A56F2F2E1EC8455600DCF2D2 /* ViewController.swift */; };
		A56F2F321EC8455600DCF2D2 /* Main.storyboard in Resources */ = {isa = PBXBuildFile; fileRef = A56F2F301EC8455600DCF2D2 /* Main.storyboard */; };
		A56F2F341EC8455600DCF2D2 /* Assets.xcassets in Resources */ = {isa = PBXBuildFile; fileRef = A56F2F331EC8455600DCF2D2 /* Assets.xcassets */; };
		A56F2F371EC8455600DCF2D2 /* LaunchScreen.storyboard in Resources */ = {isa = PBXBuildFile; fileRef = A56F2F351EC8455600DCF2D2 /* LaunchScreen.storyboard */; };
/* End PBXBuildFile section */

/* Begin PBXFileReference section */
		A56F2F291EC8455600DCF2D2 /* 17_05_14_定位.app */ = {isa = PBXFileReference; explicitFileType = wrapper.application; includeInIndex = 0; path = "17_05_14_定位.app"; sourceTree = BUILT_PRODUCTS_DIR; };
		A56F2F2C1EC8455600DCF2D2 /* AppDelegate.swift */ = {isa = PBXFileReference; lastKnownFileType = sourcecode.swift; path = AppDelegate.swift; sourceTree = "<group>"; };
		A56F2F2E1EC8455600DCF2D2 /* ViewController.swift */ = {isa = PBXFileReference; lastKnownFileType = sourcecode.swift; path = ViewController.swift; sourceTree = "<group>"; };
		A56F2F311EC8455600DCF2D2 /* Base */ = {isa = PBXFileReference; lastKnownFileType = file.storyboard; name = Base; path = Base.lproj/Main.storyboard; sourceTree = "<group>"; };
		A56F2F331EC8455600DCF2D2 /* Assets.xcassets */ = {isa = PBXFileReference; lastKnownFileType = folder.assetcatalog; path = Assets.xcassets; sourceTree = "<group>"; };
		A56F2F361EC8455600DCF2D2 /* Base */ = {isa = PBXFileReference; lastKnownFileType = file.storyboard; name = Base; path = Base.lproj/LaunchScreen.storyboard; sourceTree = "<group>"; };
		A56F2F381EC8455600DCF2D2 /* Info.plist */ = {isa = PBXFileReference; lastKnownFileType = text.plist.xml; path = Info.plist; sourceTree = "<group>"; };
/* End PBXFileReference section */

/* Begin PBXFrameworksBuildPhase section */
		A56F2F261EC8455600DCF2D2 /* Frameworks */ = {
			isa = PBXFrameworksBuildPhase;
			buildActionMask = 2147483647;
			files = (
			);
			runOnlyForDeploymentPostprocessing = 0;
		};
/* End PBXFrameworksBuildPhase section */

/* Begin PBXGroup section */
		A56F2F201EC8455600DCF2D2 = {
			isa = PBXGroup;
			children = (
				A56F2F2B1EC8455600DCF2D2 /* 17_05_14_定位 */,
				A56F2F2A1EC8455600DCF2D2 /* Products */,
			);
			sourceTree = "<group>";
		};
		A56F2F2A1EC8455600DCF2D2 /* Products */ = {
			isa = PBXGroup;
			children = (
				A56F2F291EC8455600DCF2D2 /* 17_05_14_定位.app */,
			);
			name = Products;
			sourceTree = "<group>";
		};
		A56F2F2B1EC8455600DCF2D2 /* 17_05_14_定位 */ = {
			isa = PBXGroup;
			children = (
				A56F2F2C1EC8455600DCF2D2 /* AppDelegate.swift */,
				A56F2F2E1EC8455600DCF2D2 /* ViewController.swift */,
				A56F2F301EC8455600DCF2D2 /* Main.storyboard */,
				A56F2F331EC8455600DCF2D2 /* Assets.xcassets */,
				A56F2F351EC8455600DCF2D2 /* LaunchScreen.storyboard */,
				A56F2F381EC8455600DCF2D2 /* Info.plist */,
			);
			path = "17_05_14_定位";
			sourceTree = "<group>";
		};
/* End PBXGroup section */

/* Begin PBXNativeTarget section */
		A56F2F281EC8455600DCF2D2 /* 17_05_14_定位 */ = {
			isa = PBXNativeTarget;
			buildConfigurationList = A56F2F3B1EC8455600DCF2D2 /* Build configuration list for PBXNativeTarget "17_05_14_定位" */;
			buildPhases = (
				A56F2F251EC8455600DCF2D2 /* Sources */,
				A56F2F261EC8455600DCF2D2 /* Frameworks */,
				A56F2F271EC8455600DCF2D2 /* Resources */,
			);
			buildRules = (
			);
			dependencies = (
			);
			name = "17_05_14_定位";
			productName = "17_05_14_定位";
			productReference = A56F2F291EC8455600DCF2D2 /* 17_05_14_定位.app */;
			productType = "com.apple.product-type.application";
		};
/* End PBXNativeTarget section */

/* Begin PBXProject section */
		A56F2F211EC8455600DCF2D2 /* Project object */ = {
			isa = PBXProject;
			attributes = {
				LastSwiftUpdateCheck = 0820;
				LastUpgradeCheck = 0820;
				ORGANIZATIONNAME = "姚懿恒";
				TargetAttributes = {
					A56F2F281EC8455600DCF2D2 = {
						CreatedOnToolsVersion = 8.2.1;
						ProvisioningStyle = Automatic;
						SystemCapabilities = {
							com.apple.BackgroundModes = {
								enabled = 1;
							};
						};
					};
				};
			};
			buildConfigurationList = A56F2F241EC8455600DCF2D2 /* Build configuration list for PBXProject "17_05_14_定位" */;
			compatibilityVersion = "Xcode 3.2";
			developmentRegion = English;
			hasScannedForEncodings = 0;
			knownRegions = (
				en,
				Base,
			);
			mainGroup = A56F2F201EC8455600DCF2D2;
			productRefGroup = A56F2F2A1EC8455600DCF2D2 /* Products */;
			projectDirPath = "";
			projectRoot = "";
			targets = (
				A56F2F281EC8455600DCF2D2 /* 17_05_14_定位 */,
			);
		};
/* End PBXProject section */

/* Begin PBXResourcesBuildPhase section */
		A56F2F271EC8455600DCF2D2 /* Resources */ = {
			isa = PBXResourcesBuildPhase;
			buildActionMask = 2147483647;
			files = (
				A56F2F371EC8455600DCF2D2 /* LaunchScreen.storyboard in Resources */,
				A56F2F341EC8455600DCF2D2 /* Assets.xcassets in Resources */,
				A56F2F321EC8455600DCF2D2 /* Main.storyboard in Resources */,
			);
			runOnlyForDeploymentPostprocessing = 0;
		};
/* End PBXResourcesBuildPhase section */

/* Begin PBXSourcesBuildPhase section */
		A56F2F251EC8455600DCF2D2 /* Sources */ = {
			isa = PBXSourcesBuildPhase;
			buildActionMask = 2147483647;
			files = (
				A56F2F2F1EC8455600DCF2D2 /* ViewController.swift in Sources */,
				A56F2F2D1EC8455600DCF2D2 /* AppDelegate.swift in Sources */,
			);
			runOnlyForDeploymentPostprocessing = 0;
		};
/* End PBXSourcesBuildPhase section */

/* Begin PBXVariantGroup section */
		A56F2F301EC8455600DCF2D2 /* Main.storyboard */ = {
			isa = PBXVariantGroup;
			children = (
				A56F2F311EC8455600DCF2D2 /* Base */,
			);
			name = Main.storyboard;
			sourceTree = "<group>";
		};
		A56F2F351EC8455600DCF2D2 /* LaunchScreen.storyboard */ = {
			isa = PBXVariantGroup;
			children = (
				A56F2F361EC8455600DCF2D2 /* Base */,
			);
			name = LaunchScreen.storyboard;
			sourceTree = "<group>";
		};
/* End PBXVariantGroup section */

/* Begin XCBuildConfiguration section */
		A56F2F391EC8455600DCF2D2 /* Debug */ = {
			isa = XCBuildConfiguration;
			buildSettings = {
				ALWAYS_SEARCH_USER_PATHS = NO;
				CLANG_ANALYZER_NONNULL = YES;
				CLANG_CXX_LANGUAGE_STANDARD = "gnu++0x";
				CLANG_CXX_LIBRARY = "libc++";
				CLANG_ENABLE_MODULES = YES;
				CLANG_ENABLE_OBJC_ARC = YES;
				CLANG_WARN_BOOL_CONVERSION = YES;
				CLANG_WARN_CONSTANT_CONVERSION = YES;
				CLANG_WARN_DIRECT_OBJC_ISA_USAGE = YES_ERROR;
				CLANG_WARN_DOCUMENTATION_COMMENTS = YES;
				CLANG_WARN_EMPTY_BODY = YES;
				CLANG_WARN_ENUM_CONVERSION = YES;
				CLANG_WARN_INFINITE_RECURSION = YES;
				CLANG_WARN_INT_CONVERSION = YES;
				CLANG_WARN_OBJC_ROOT_CLASS = YES_ERROR;
				CLANG_WARN_SUSPICIOUS_MOVE = YES;
				CLANG_WARN_UNREACHABLE_CODE = YES;
				CLANG_WARN__DUPLICATE_METHOD_MATCH = YES;
				"CODE_SIGN_IDENTITY[sdk=iphoneos*]" = "iPhone Developer";
				COPY_PHASE_STRIP = NO;
				DEBUG_INFORMATION_FORMAT = dwarf;
				ENABLE_STRICT_OBJC_MSGSEND = YES;
				ENABLE_TESTABILITY = YES;
				GCC_C_LANGUAGE_STANDARD = gnu99;
				GCC_DYNAMIC_NO_PIC = NO;
				GCC_NO_COMMON_BLOCKS = YES;
				GCC_OPTIMIZATION_LEVEL = 0;
				GCC_PREPROCESSOR_DEFINITIONS = (
					"DEBUG=1",
					"$(inherited)",
				);
				GCC_WARN_64_TO_32_BIT_CONVERSION = YES;
				GCC_WARN_ABOUT_RETURN_TYPE = YES_ERROR;
				GCC_WARN_UNDECLARED_SELECTOR = YES;
				GCC_WARN_UNINITIALIZED_AUTOS = YES_AGGRESSIVE;
				GCC_WARN_UNUSED_FUNCTION = YES;
				GCC_WARN_UNUSED_VARIABLE = YES;
				IPHONEOS_DEPLOYMENT_TARGET = 10.2;
				MTL_ENABLE_DEBUG_INFO = YES;
				ONLY_ACTIVE_ARCH = YES;
				SDKROOT = iphoneos;
				SWIFT_ACTIVE_COMPILATION_CONDITIONS = DEBUG;
				SWIFT_OPTIMIZATION_LEVEL = "-Onone";
			};
			name = Debug;
		};
		A56F2F3A1EC8455600DCF2D2 /* Release */ = {
			isa = XCBuildConfiguration;
			buildSettings = {
				ALWAYS_SEARCH_USER_PATHS = NO;
				CLANG_ANALYZER_NONNULL = YES;
				CLANG_CXX_LANGUAGE_STANDARD = "gnu++0x";
				CLANG_CXX_LIBRARY = "libc++";
				CLANG_ENABLE_MODULES = YES;
				CLANG_ENABLE_OBJC_ARC = YES;
				CLANG_WARN_BOOL_CONVERSION = YES;
				CLANG_WARN_CONSTANT_CONVERSION = YES;
				CLANG_WARN_DIRECT_OBJC_ISA_USAGE = YES_ERROR;
				CLANG_WARN_DOCUMENTATION_COMMENTS = YES;
				CLANG_WARN_EMPTY_BODY = YES;
				CLANG_WARN_ENUM_CONVERSION = YES;
				CLANG_WARN_INFINITE_RECURSION = YES;
				CLANG_WARN_INT_CONVERSION = YES;
				CLANG_WARN_OBJC_ROOT_CLASS = YES_ERROR;
				CLANG_WARN_SUSPICIOUS_MOVE = YES;
				CLANG_WARN_UNREACHABLE_CODE = YES;
				CLANG_WARN__DUPLICATE_METHOD_MATCH = YES;
				"CODE_SIGN_IDENTITY[sdk=iphoneos*]" = "iPhone Developer";
				COPY_PHASE_STRIP = NO;
				DEBUG_INFORMATION_FORMAT = "dwarf-with-dsym";
				ENABLE_NS_ASSERTIONS = NO;
				ENABLE_STRICT_OBJC_MSGSEND = YES;
				GCC_C_LANGUAGE_STANDARD = gnu99;
				GCC_NO_COMMON_BLOCKS = YES;
				GCC_WARN_64_TO_32_BIT_CONVERSION = YES;
				GCC_WARN_ABOUT_RETURN_TYPE = YES_ERROR;
				GCC_WARN_UNDECLARED_SELECTOR = YES;
				GCC_WARN_UNINITIALIZED_AUTOS = YES_AGGRESSIVE;
				GCC_WARN_UNUSED_FUNCTION = YES;
				GCC_WARN_UNUSED_VARIABLE = YES;
				IPHONEOS_DEPLOYMENT_TARGET = 10.2;
				MTL_ENABLE_DEBUG_INFO = NO;
				SDKROOT = iphoneos;
				SWIFT_OPTIMIZATION_LEVEL = "-Owholemodule";
				VALIDATE_PRODUCT = YES;
			};
			name = Release;
		};
		A56F2F3C1EC8455600DCF2D2 /* Debug */ = {
			isa = XCBuildConfiguration;
			buildSettings = {
				ASSETCATALOG_COMPILER_APPICON_NAME = AppIcon;
				INFOPLIST_FILE = "17_05_14_定位/Info.plist";
				IPHONEOS_DEPLOYMENT_TARGET = 9.0;
				LD_RUNPATH_SEARCH_PATHS = "$(inherited) @executable_path/Frameworks";
				PRODUCT_BUNDLE_IDENTIFIER = "com.-7-05-14---";
				PRODUCT_NAME = "$(TARGET_NAME)";
				SWIFT_VERSION = 3.0;
			};
			name = Debug;
		};
		A56F2F3D1EC8455600DCF2D2 /* Release */ = {
			isa = XCBuildConfiguration;
			buildSettings = {
				ASSETCATALOG_COMPILER_APPICON_NAME = AppIcon;
				INFOPLIST_FILE = "17_05_14_定位/Info.plist";
				IPHONEOS_DEPLOYMENT_TARGET = 9.0;
				LD_RUNPATH_SEARCH_PATHS = "$(inherited) @executable_path/Frameworks";
				PRODUCT_BUNDLE_IDENTIFIER = "com.-7-05-14---";
				PRODUCT_NAME = "$(TARGET_NAME)";
				SWIFT_VERSION = 3.0;
			};
			name = Release;
		};
/* End XCBuildConfiguration section */

/* Begin XCConfigurationList section */
		A56F2F241EC8455600DCF2D2 /* Build configuration list for PBXProject "17_05_14_定位" */ = {
			isa = XCConfigurationList;
			buildConfigurations = (
				A56F2F391EC8455600DCF2D2 /* Debug */,
				A56F2F3A1EC8455600DCF2D2 /* Release */,
			);
			defaultConfigurationIsVisible = 0;
			defaultConfigurationName = Release;
		};
		A56F2F3B1EC8455600DCF2D2 /* Build configuration list for PBXNativeTarget "17_05_14_定位" */ = {
			isa = XCConfigurationList;
			buildConfigurations = (
				A56F2F3C1EC8455600DCF2D2 /* Debug */,
				A56F2F3D1EC8455600DCF2D2 /* Release */,
			);
			defaultConfigurationIsVisible = 0;
		};
/* End XCConfigurationList section */
	};
	rootObject = A56F2F211EC8455600DCF2D2 /* Project object */;
}
